Microsoft Visual Studio Solution File, Format Version 11.00
# Visual Studio 2010
Project("{FAE04EC0-301F-11D3-BF4B-00C04F79EFBC}") = "NServiceBus.Logging", "NServiceBus.Logging\NServiceBus.Logging.csproj", "{12EDCB05-7B96-4CF8-A968-492388B97BB5}"
EndProject
Project("{FAE04EC0-301F-11D3-BF4B-00C04F79EFBC}") = "NServiceBus.Logging.Tests", "NServiceBus.Logging.Tests\NServiceBus.Logging.Tests.csproj", "{CED929E4-5D17-4A5F-B74C-648331FF7E7A}"
EndProject
Global
	GlobalSection(SolutionConfigurationPlatforms) = preSolution
		Debug|Any CPU = Debug|Any CPU
		Release|Any CPU = Release|Any CPU
	EndGlobalSection
	GlobalSection(ProjectConfigurationPlatforms) = postSolution
		{12EDCB05-7B96-4CF8-A968-492388B97BB5}.Debug|Any CPU.ActiveCfg = Debug|Any CPU
		{12EDCB05-7B96-4CF8-A968-492388B97BB5}.Debug|Any CPU.Build.0 = Debug|Any CPU
		{12EDCB05-7B96-4CF8-A968-492388B97BB5}.Release|Any CPU.ActiveCfg = Release|Any CPU
		{12EDCB05-7B96-4CF8-A968-492388B97BB5}.Release|Any CPU.Build.0 = Release|Any CPU
		{CED929E4-5D17-4A5F-B74C-648331FF7E7A}.Debug|Any CPU.ActiveCfg = Debug|Any CPU
		{CED929E4-5D17-4A5F-B74C-648331FF7E7A}.Debug|Any CPU.Build.0 = Debug|Any CPU
		{CED929E4-5D17-4A5F-B74C-648331FF7E7A}.Release|Any CPU.ActiveCfg = Release|Any CPU
		{CED929E4-5D17-4A5F-B74C-648331FF7E7A}.Release|Any CPU.Build.0 = Release|Any CPU
	EndGlobalSection
	GlobalSection(SolutionProperties) = preSolution
		HideSolutionNode = FALSE
	EndGlobalSection
EndGlobal
