
Microsoft Visual Studio Solution File, Format Version 11.00
# Visual Studio 2010
Project("{FAE04EC0-301F-11D3-BF4B-00C04F79EFBC}") = "LicenseInstaller", "LicenseInstaller.csproj", "{857C5E77-1946-4C83-BC8D-EFF8E1611A0D}"
EndProject
Global
	GlobalSection(SolutionConfigurationPlatforms) = preSolution
		Debug|x86 = Debug|x86
		Release|x86 = Release|x86
	EndGlobalSection
	GlobalSection(ProjectConfigurationPlatforms) = postSolution
		{857C5E77-1946-4C83-BC8D-EFF8E1611A0D}.Debug|x86.ActiveCfg = Debug|x86
		{857C5E77-1946-4C83-BC8D-EFF8E1611A0D}.Debug|x86.Build.0 = Debug|x86
		{857C5E77-1946-4C83-BC8D-EFF8E1611A0D}.Release|x86.ActiveCfg = Release|x86
		{857C5E77-1946-4C83-BC8D-EFF8E1611A0D}.Release|x86.Build.0 = Release|x86
	EndGlobalSection
	GlobalSection(SolutionProperties) = preSolution
		HideSolutionNode = FALSE
	EndGlobalSection
EndGlobal
