
Microsoft Visual Studio Solution File, Format Version 10.00
# Visual Studio 2008
Project("{2150E333-8FDC-42A3-9474-1A3956D46DE8}") = "core", "core", "{4A182899-5624-4FF0-8753-D2E8E31AF140}"
EndProject
Project("{2150E333-8FDC-42A3-9474-1A3956D46DE8}") = "src", "src", "{6CEB2C22-90CC-4161-952D-7ED706BB8387}"
EndProject
Project("{2150E333-8FDC-42A3-9474-1A3956D46DE8}") = "distributor", "distributor", "{8C38D3A9-16E6-40A0-A813-818A45BF0374}"
EndProject
Project("{2150E333-8FDC-42A3-9474-1A3956D46DE8}") = "impl", "impl", "{7B56E082-A287-4400-B069-D1625C229E55}"
EndProject
Project("{2150E333-8FDC-42A3-9474-1A3956D46DE8}") = "multicast", "multicast", "{EEF3494C-E063-4789-B92E-7A3B2F2615C5}"
EndProject
Project("{2150E333-8FDC-42A3-9474-1A3956D46DE8}") = "unicast", "unicast", "{D8B58938-14AF-4FA2-BAC3-7FE59721B7E0}"
EndProject
Project("{2150E333-8FDC-42A3-9474-1A3956D46DE8}") = "multicast", "multicast", "{651BC6B0-4412-4A5C-9331-4A78C9913D94}"
EndProject
Project("{2150E333-8FDC-42A3-9474-1A3956D46DE8}") = "NServiceBus.Multicast", "NServiceBus.Multicast", "{7A3C001F-28A5-4FCE-9FA1-FCC79DB879BE}"
EndProject
Project("{2150E333-8FDC-42A3-9474-1A3956D46DE8}") = "unicast", "unicast", "{2BC45674-F407-45D5-B299-BF314DAF88BE}"
EndProject
Project("{2150E333-8FDC-42A3-9474-1A3956D46DE8}") = "utils", "utils", "{AE680ED6-74D9-4D85-834F-E9F20DE9C2B4}"
EndProject
Project("{2150E333-8FDC-42A3-9474-1A3956D46DE8}") = "Samples", "Samples", "{4ECE40D6-7EA4-4D65-89FE-2D0915D29B5E}"
EndProject
Project("{2150E333-8FDC-42A3-9474-1A3956D46DE8}") = "WebServiceBridge", "WebServiceBridge", "{EE641ACE-ABE5-4ACE-9AAE-DC52C55B51F9}"
EndProject
Project("{2150E333-8FDC-42A3-9474-1A3956D46DE8}") = "AsyncPages", "AsyncPages", "{B351256F-5A1C-435F-A81E-97EC2E4EB155}"
EndProject
Project("{2150E333-8FDC-42A3-9474-1A3956D46DE8}") = "SagaPersisters", "SagaPersisters", "{12392715-B9A3-433E-B395-C0031569A864}"
EndProject
Project("{2150E333-8FDC-42A3-9474-1A3956D46DE8}") = "ObjectBuilder", "ObjectBuilder", "{5B85CA4F-0E58-413A-932E-2FF6A757DB74}"
EndProject
Project("{2150E333-8FDC-42A3-9474-1A3956D46DE8}") = "ObjectBuilder", "ObjectBuilder", "{102BD992-A123-4B71-B9C7-7FFAA515FACE}"
EndProject
Project("{2150E333-8FDC-42A3-9474-1A3956D46DE8}") = "grid", "grid", "{B46133C5-7441-4F05-BC44-7E67B5EDAA4D}"
EndProject
Project("{2150E333-8FDC-42A3-9474-1A3956D46DE8}") = "tools", "tools", "{51E8903A-31C8-42CC-AEB9-AD813EE282F4}"
EndProject
Project("{2150E333-8FDC-42A3-9474-1A3956D46DE8}") = "management", "management", "{50CF4253-AABB-475D-87DD-D8A2C7CF236D}"
EndProject
Project("{2150E333-8FDC-42A3-9474-1A3956D46DE8}") = "grid", "grid", "{058A28C7-57DE-44B4-AA26-CE8A57FF7147}"
EndProject
Project("{2150E333-8FDC-42A3-9474-1A3956D46DE8}") = "FullDuplex", "FullDuplex", "{BE42D213-AE26-4C5D-9766-39A18BB166B9}"
EndProject
Project("{2150E333-8FDC-42A3-9474-1A3956D46DE8}") = "timeout", "timeout", "{3D1ACC82-B571-400D-AECA-C50B97E17845}"
EndProject
Project("{2150E333-8FDC-42A3-9474-1A3956D46DE8}") = "PubSub", "PubSub", "{5931F01B-C194-4720-A181-458B1672581A}"
EndProject
Project("{2150E333-8FDC-42A3-9474-1A3956D46DE8}") = "messageInterfaces", "messageInterfaces", "{9AE18F6C-57A6-4026-8427-8F4A366B5FA5}"
EndProject
Project("{2150E333-8FDC-42A3-9474-1A3956D46DE8}") = "messageInterfaces", "messageInterfaces", "{7959A868-6A54-4A64-8706-F063CC1476A5}"
EndProject
Project("{2150E333-8FDC-42A3-9474-1A3956D46DE8}") = "Serializers", "Serializers", "{7A0566CF-5BAF-48E0-B105-C6BF2E77A3A1}"
EndProject
Project("{2150E333-8FDC-42A3-9474-1A3956D46DE8}") = "Manufacturing", "Manufacturing", "{8C092982-A337-4013-A277-481813BD09D6}"
EndProject
Project("{2150E333-8FDC-42A3-9474-1A3956D46DE8}") = "OrderService", "OrderService", "{4111FD2B-3E6A-4A1B-A9B3-44E5E2259BD3}"
EndProject
Project("{2150E333-8FDC-42A3-9474-1A3956D46DE8}") = "HR", "HR", "{937799AF-0B7F-4AC2-81B8-0A4348E499E3}"
EndProject
Project("{2150E333-8FDC-42A3-9474-1A3956D46DE8}") = "Partner", "Partner", "{997214B7-CB1B-4E18-836F-49290BDDED12}"
EndProject
Project("{2150E333-8FDC-42A3-9474-1A3956D46DE8}") = "errors", "errors", "{F32296DF-E899-425F-9EE7-CDBD8995E00B}"
EndProject
Project("{2150E333-8FDC-42A3-9474-1A3956D46DE8}") = "testing", "testing", "{0711BE68-5F6B-4570-9471-1D615084CE6B}"
EndProject
Project("{FAE04EC0-301F-11D3-BF4B-00C04F79EFBC}") = "NServiceBus", "src\core\NServiceBus\NServiceBus.csproj", "{73867D40-8CBB-48E9-BFFA-12BBDD48A341}"
EndProject
Project("{FAE04EC0-301F-11D3-BF4B-00C04F79EFBC}") = "MsmqWorkerAvailabilityManager", "src\distributor\MsmqWorkerAvailabilityManager\MsmqWorkerAvailabilityManager.csproj", "{A60CA2C3-0B28-4D03-9F0B-19FE56D27689}"
EndProject
Project("{FAE04EC0-301F-11D3-BF4B-00C04F79EFBC}") = "NServiceBus.Unicast.Distributor", "src\distributor\NServiceBus.Unicast.Distributor\NServiceBus.Unicast.Distributor.csproj", "{D142D372-C9FA-4505-A6EB-E919746F0FF1}"
EndProject
Project("{FAE04EC0-301F-11D3-BF4B-00C04F79EFBC}") = "NServiceBus.Unicast.Distributor.Runner", "src\distributor\NServiceBus.Unicast.Distributor.Runner\NServiceBus.Unicast.Distributor.Runner.csproj", "{D72C6682-16CE-4424-A875-435418118B61}"
EndProject
Project("{FAE04EC0-301F-11D3-BF4B-00C04F79EFBC}") = "NServiceBus.Unicast.Transport.Msmq", "src\impl\unicast\NServiceBus.Unicast.Msmq\NServiceBus.Unicast.Transport.Msmq.csproj", "{487809CE-0B5D-4425-A6CA-06F7C444DBCC}"
EndProject
Project("{FAE04EC0-301F-11D3-BF4B-00C04F79EFBC}") = "NServiceBus.Unicast.Subscriptions.Msmq", "src\impl\unicast\NServiceBus.Unicast.Subscriptions.Msmq\NServiceBus.Unicast.Subscriptions.Msmq.csproj", "{6657A1B8-3773-46A4-88F2-A421E074D35F}"
EndProject
Project("{FAE04EC0-301F-11D3-BF4B-00C04F79EFBC}") = "NServiceBus.Multicast", "src\multicast\NServiceBus.Multicast\NServiceBus.Multicast\NServiceBus.Multicast.csproj", "{7FF2A661-39A8-4595-B122-4EC4F58A4405}"
EndProject
Project("{FAE04EC0-301F-11D3-BF4B-00C04F79EFBC}") = "NServiceBus.Multicast.Transport", "src\multicast\NServiceBus.Multicast\NServiceBus.Multicast.Transport\NServiceBus.Multicast.Transport.csproj", "{16EDF9F2-1CB1-4321-9249-15DC8A925FD9}"
EndProject
Project("{FAE04EC0-301F-11D3-BF4B-00C04F79EFBC}") = "NServiceBus.Unicast", "src\unicast\NServiceBus.Unicast\NServiceBus.Unicast.csproj", "{EB2C42A2-70FD-4469-959B-C577470B001B}"
EndProject
Project("{FAE04EC0-301F-11D3-BF4B-00C04F79EFBC}") = "NServiceBus.Unicast.Subscriptions", "src\unicast\NServiceBus.Unicast.Subscriptions\NServiceBus.Unicast.Subscriptions.csproj", "{CD9FA43E-A56D-4B62-8245-F911B137EC09}"
EndProject
Project("{FAE04EC0-301F-11D3-BF4B-00C04F79EFBC}") = "NServiceBus.Unicast.Transport", "src\unicast\NServiceBus.Unicast.Transport\NServiceBus.Unicast.Transport.csproj", "{D9628493-605A-4259-ADD3-7732F0DEFFBB}"
EndProject
Project("{FAE04EC0-301F-11D3-BF4B-00C04F79EFBC}") = "Messages", "Samples\WebServiceBridge\Messages\Messages.csproj", "{ED855B92-C7EB-4BE7-9072-5C2260C329FC}"
EndProject
Project("{FAE04EC0-301F-11D3-BF4B-00C04F79EFBC}") = "Server", "Samples\WebServiceBridge\Server\Server.csproj", "{E259AE1E-613E-41D8-B36A-F80343239363}"
EndProject
Project("{FAE04EC0-301F-11D3-BF4B-00C04F79EFBC}") = "WebApplication1", "Samples\WebServiceBridge\WebApplication1\WebApplication1.csproj", "{FE207907-5E5A-4E6C-BF00-9C1C9858F258}"
EndProject
Project("{FAE04EC0-301F-11D3-BF4B-00C04F79EFBC}") = "WebService1", "Samples\WebServiceBridge\WebService1\WebService1.csproj", "{20EE4282-E399-4253-81DF-F99A508DEE0D}"
EndProject
Project("{FAE04EC0-301F-11D3-BF4B-00C04F79EFBC}") = "NServiceBus.Saga", "src\core\NServiceBus.Saga\NServiceBus.Saga.csproj", "{C1DE5465-4694-475A-8D06-E17733C41D69}"
EndProject
Project("{FAE04EC0-301F-11D3-BF4B-00C04F79EFBC}") = "Messages", "Samples\AsyncPages\Messages\Messages.csproj", "{0F1A46A2-D1CE-4DB1-9E75-45D41CCA7EA7}"
EndProject
Project("{FAE04EC0-301F-11D3-BF4B-00C04F79EFBC}") = "Server", "Samples\AsyncPages\Server\Server.csproj", "{C9491F30-6CCA-41D5-A9E6-1DC8758C4BE1}"
EndProject
Project("{FAE04EC0-301F-11D3-BF4B-00C04F79EFBC}") = "WebApplication1", "Samples\AsyncPages\WebApplication1\WebApplication1.csproj", "{562F1C2D-8279-482D-8474-30CDE9EE3269}"
EndProject
Project("{FAE04EC0-301F-11D3-BF4B-00C04F79EFBC}") = "ObjectBuilder", "src\ObjectBuilder\ObjectBuilder.csproj", "{C831B94E-6D08-404C-BA80-B8E8442EA9DE}"
EndProject
Project("{FAE04EC0-301F-11D3-BF4B-00C04F79EFBC}") = "NServiceBus.Grid.Messages", "src\grid\NServiceBus.Grid.Messages\NServiceBus.Grid.Messages.csproj", "{1C22F3DF-F020-491D-A680-5AE98D390140}"
EndProject
Project("{FAE04EC0-301F-11D3-BF4B-00C04F79EFBC}") = "NServiceBus.Grid.MessageHandlers", "src\grid\NServiceBus.Grid.MessageHandlers\NServiceBus.Grid.MessageHandlers.csproj", "{02D21488-C00A-4DD2-97BE-C0EA1CDB7206}"
EndProject
Project("{FAE04EC0-301F-11D3-BF4B-00C04F79EFBC}") = "Grid", "src\tools\management\Grid\Grid\Grid.csproj", "{DEC520C3-D1CA-4EF6-94FB-4F24F1D92651}"
EndProject
Project("{FAE04EC0-301F-11D3-BF4B-00C04F79EFBC}") = "UI", "src\tools\management\Grid\UI\UI.csproj", "{211C2BF6-5146-4019-8972-6AC87C90745B}"
EndProject
Project("{FAE04EC0-301F-11D3-BF4B-00C04F79EFBC}") = "Client", "Samples\FullDuplex\Client\Client.csproj", "{9F8E556C-0AFA-4C5D-B64F-AE9376ABF145}"
EndProject
Project("{FAE04EC0-301F-11D3-BF4B-00C04F79EFBC}") = "Messages", "Samples\FullDuplex\Messages\Messages.csproj", "{20F613ED-C871-477C-B1E4-48B96CACF794}"
EndProject
Project("{FAE04EC0-301F-11D3-BF4B-00C04F79EFBC}") = "Server", "Samples\FullDuplex\Server\Server.csproj", "{CA4DB5DB-88E3-45C2-92EC-ED1865FB83B6}"
EndProject
Project("{FAE04EC0-301F-11D3-BF4B-00C04F79EFBC}") = "Timeout.MessageHandlers", "src\timeout\Timeout.MessageHandlers\Timeout.MessageHandlers.csproj", "{7EA93511-0B01-4E6B-95C4-A3069A4A107A}"
EndProject
Project("{FAE04EC0-301F-11D3-BF4B-00C04F79EFBC}") = "Timeout.Manager", "src\timeout\Timeout.Manager\Timeout.Manager.csproj", "{B67A336D-A5F4-429F-931C-3A949AF42D26}"
EndProject
Project("{FAE04EC0-301F-11D3-BF4B-00C04F79EFBC}") = "Messages", "Samples\PubSub\Messages\Messages.csproj", "{5686FE6C-A5E3-40D1-A6BD-25F94DA612F8}"
EndProject
Project("{FAE04EC0-301F-11D3-BF4B-00C04F79EFBC}") = "Server", "Samples\PubSub\Server\Server.csproj", "{7036A49B-359F-4BC7-AFBA-DE3C7AB41986}"
EndProject
Project("{FAE04EC0-301F-11D3-BF4B-00C04F79EFBC}") = "Subscriber1", "Samples\PubSub\Subscriber1\Subscriber1.csproj", "{28DE496A-3885-410E-A0B8-004FAEFF9378}"
EndProject
Project("{FAE04EC0-301F-11D3-BF4B-00C04F79EFBC}") = "Subscriber2", "Samples\PubSub\Subscriber2\Subscriber2.csproj", "{6A699A4E-F2FD-4B71-AF73-199B499482BD}"
EndProject
Project("{FAE04EC0-301F-11D3-BF4B-00C04F79EFBC}") = "NServiceBus.Unicast.Config", "src\unicast\NServiceBus.Unicast.Config\NServiceBus.Unicast.Config.csproj", "{B6D6B021-F477-4C8C-B19E-9CB2ABBCA095}"
EndProject
Project("{FAE04EC0-301F-11D3-BF4B-00C04F79EFBC}") = "NServiceBus.Unicast.Subscriptions.DB", "src\impl\unicast\NServiceBus.Unicast.Subscriptions.DB\NServiceBus.Unicast.Subscriptions.DB.csproj", "{FF96F021-897B-49D6-AF24-5533BB0961B9}"
EndProject
Project("{FAE04EC0-301F-11D3-BF4B-00C04F79EFBC}") = "NServiceBus.MessageInterfaces", "src\messageInterfaces\NServiceBus.MessageInterfaces\NServiceBus.MessageInterfaces.csproj", "{F3D13CDB-B5AE-4CEE-BDA9-6A7007D09FA6}"
EndProject
Project("{FAE04EC0-301F-11D3-BF4B-00C04F79EFBC}") = "NServiceBus.MessageInterfaces.MessageMapper.Reflection", "src\impl\messageInterfaces\NServiceBus.MessageInterfaces.MessageMapper.Reflection\NServiceBus.MessageInterfaces.MessageMapper.Reflection.csproj", "{4DF0FE9E-3608-426F-B6CB-AC55FE04D997}"
EndProject
Project("{FAE04EC0-301F-11D3-BF4B-00C04F79EFBC}") = "NServiceBus.Serializers.Binary", "src\impl\Serializers\NServiceBus.Serializers.Binary\NServiceBus.Serializers.Binary.csproj", "{4AB4015A-2DBF-44F9-9119-0E095703EC2D}"
EndProject
Project("{FAE04EC0-301F-11D3-BF4B-00C04F79EFBC}") = "NServiceBus.Serializers.XML", "src\impl\Serializers\NServiceBus.Serializers.XML\NServiceBus.Serializers.XML.csproj", "{4D9A660B-C2AF-42A8-AEB4-E2F97ED1CB3C}"
EndProject
Project("{FAE04EC0-301F-11D3-BF4B-00C04F79EFBC}") = "NServiceBus.Serialization", "src\core\NServiceBus.Serialization\NServiceBus.Serialization.csproj", "{F7563AAC-BA9E-4762-888D-27DB9399AF54}"
EndProject
Project("{FAE04EC0-301F-11D3-BF4B-00C04F79EFBC}") = "NServiceBus.Utils", "src\utils\NServiceBus.Utils.csproj", "{2616579A-202F-48F6-8A7F-6A6AA9288CA7}"
EndProject
Project("{FAE04EC0-301F-11D3-BF4B-00C04F79EFBC}") = "OrderService", "Samples\Manufacturing\OrderService\OrderService\OrderService.csproj", "{452C5FEA-16C8-49E1-BC95-1EC55E49EECB}"
EndProject
Project("{FAE04EC0-301F-11D3-BF4B-00C04F79EFBC}") = "OrderService.Messages", "Samples\Manufacturing\OrderService\OrderService.Messages\OrderService.Messages.csproj", "{A490D793-1D1D-486F-B808-827010EF8369}"
EndProject
Project("{FAE04EC0-301F-11D3-BF4B-00C04F79EFBC}") = "HR.Messages", "Samples\Manufacturing\HR.Messages\HR.Messages.csproj", "{BAC04722-7E15-485E-BA17-3EC46AB7FC3C}"
EndProject
Project("{FAE04EC0-301F-11D3-BF4B-00C04F79EFBC}") = "OrderService.Tests", "Samples\Manufacturing\OrderService\OrderService.Tests\OrderService.Tests.csproj", "{CB39076B-B46C-416A-A9C1-D1032B4C50D6}"
EndProject
Project("{FAE04EC0-301F-11D3-BF4B-00C04F79EFBC}") = "OrderService.Host", "Samples\Manufacturing\OrderService\OrderService.Host\OrderService.Host.csproj", "{03E59C83-170A-4BF6-86FB-A05B75DE9510}"
EndProject
Project("{FAE04EC0-301F-11D3-BF4B-00C04F79EFBC}") = "Partner", "Samples\Manufacturing\Partner\Partner.csproj", "{646585FC-12F6-4668-9926-A39E6CCD6400}"
EndProject
Project("{FAE04EC0-301F-11D3-BF4B-00C04F79EFBC}") = "HR.MessageHandlers", "Samples\Manufacturing\HR.MessageHandlers\HR.MessageHandlers.csproj", "{96EE6700-2A16-4C7A-8EF9-3D81E0CE3470}"
EndProject
Project("{FAE04EC0-301F-11D3-BF4B-00C04F79EFBC}") = "HR.Host", "Samples\Manufacturing\HR.Host\HR.Host.csproj", "{D3CA0BFC-8AE8-4828-90EE-0296D7DDF679}"
EndProject
Project("{FAE04EC0-301F-11D3-BF4B-00C04F79EFBC}") = "ProfilingTest", "src\impl\Serializers\ProfilingTest\ProfilingTest.csproj", "{CB32FA40-2A8A-4D40-81A2-C3EF1203A81D}"
EndProject
Project("{FAE04EC0-301F-11D3-BF4B-00C04F79EFBC}") = "NServiceBus.SagaPersisters.NHibernate", "src\impl\SagaPersisters\NHibernateSagaPersister\NServiceBus.SagaPersisters.NHibernate\NServiceBus.SagaPersisters.NHibernate.csproj", "{4A904B94-8DC4-4C02-A4FD-374E78990374}"
EndProject
Project("{FAE04EC0-301F-11D3-BF4B-00C04F79EFBC}") = "NServiceBus.Tools.Management.Errors.ReturnToSourceQueue", "src\tools\management\Errors\ReturnToSourceQueue\NServiceBus.Tools.Management.Errors.ReturnToSourceQueue\NServiceBus.Tools.Management.Errors.ReturnToSourceQueue.csproj", "{B9CE6C00-1AE2-4125-BD1A-A7AABA1072CA}"
EndProject
Project("{FAE04EC0-301F-11D3-BF4B-00C04F79EFBC}") = "ReturnToSourceQueue", "src\tools\management\Errors\ReturnToSourceQueue\ReturnToSourceQueue\ReturnToSourceQueue.csproj", "{C4693C58-BB66-4630-984E-313E1BCC2474}"
EndProject
Project("{FAE04EC0-301F-11D3-BF4B-00C04F79EFBC}") = "NServiceBus.Testing", "src\testing\NServiceBus.Testing.csproj", "{8B815173-9AFA-4D95-BAB4-686C298F17DA}"
EndProject
Project("{FAE04EC0-301F-11D3-BF4B-00C04F79EFBC}") = "NServiceBus.Unicast.Transport.Msmq.Config", "src\impl\unicast\NServiceBus.Unicast.Msmq\NServiceBus.Unicast.Transport.Msmq.Config\NServiceBus.Unicast.Transport.Msmq.Config.csproj", "{2D3D9033-200C-423E-BF8A-8FB40D8D1572}"
EndProject
Project("{FAE04EC0-301F-11D3-BF4B-00C04F79EFBC}") = "NServiceBus.Unicast.Subscriptions.DB.Config", "src\impl\unicast\NServiceBus.Unicast.Subscriptions.DB\NServiceBus.Unicast.Subscriptions.DB.Config\NServiceBus.Unicast.Subscriptions.DB.Config.csproj", "{4A178990-A30D-437C-A7B2-775348ABF5DE}"
EndProject
Project("{FAE04EC0-301F-11D3-BF4B-00C04F79EFBC}") = "NServiceBus.Unicast.Subscriptions.Msmq.Config", "src\impl\unicast\NServiceBus.Unicast.Subscriptions.Msmq\NServiceBus.Unicast.Subscriptions.Msmq.Config\NServiceBus.Unicast.Subscriptions.Msmq.Config.csproj", "{585AB2C3-17B3-49B4-BA59-B5861317D7B3}"
EndProject
Project("{FAE04EC0-301F-11D3-BF4B-00C04F79EFBC}") = "NServiceBus.SagaPersisters.NHibernate.Config", "src\impl\SagaPersisters\NHibernateSagaPersister\NServiceBus.SagaPersisters.NHibernate.Config\NServiceBus.SagaPersisters.NHibernate.Config.csproj", "{880C2B7B-6BFD-46E6-AB9C-29A4C298ABA3}"
EndProject
Project("{2150E333-8FDC-42A3-9474-1A3956D46DE8}") = "Interop", "Interop", "{C4C7BB61-4F8B-4FE6-AD7D-BB258799380F}"
EndProject
Project("{FAE04EC0-301F-11D3-BF4B-00C04F79EFBC}") = "InteropPartner", "Samples\Manufacturing\InteropPartner\InteropPartner.csproj", "{AF9929C8-85B8-4A36-9EC8-E46C17FE3B65}"
EndProject
Project("{FAE04EC0-301F-11D3-BF4B-00C04F79EFBC}") = "NServiceBus.Serializers.XML.Test", "src\impl\Serializers\NServiceBus.Serializers.XML.Test\NServiceBus.Serializers.XML.Test.csproj", "{45CC79AE-C0DE-486C-953B-7697C6E09E94}"
EndProject
Project("{FAE04EC0-301F-11D3-BF4B-00C04F79EFBC}") = "NServiceBus.Serializers.XML.XsdGenerator", "src\impl\Serializers\NServiceBus.Serializers.XML.XsdGenerator\NServiceBus.Serializers.XML.XsdGenerator.csproj", "{85118B5C-6CAA-44B4-87EA-419DC6F4F2FB}"
EndProject
Project("{2150E333-8FDC-42A3-9474-1A3956D46DE8}") = "config", "config", "{8805DB2A-62B1-4055-9A72-571ABB8EC16E}"
EndProject
Project("{FAE04EC0-301F-11D3-BF4B-00C04F79EFBC}") = "NServiceBus.Config", "src\config\NServiceBus.Config\NServiceBus.Config.csproj", "{444FAA3D-D5E1-498E-9AE1-201DB619CAF0}"
EndProject
Project("{FAE04EC0-301F-11D3-BF4B-00C04F79EFBC}") = "ObjectBuilder.Common", "src\impl\ObjectBuilder\ObjectBuilder.Common\ObjectBuilder.Common.csproj", "{771CDD6A-6880-4802-8EB1-F7A35386D9B4}"
EndProject
Project("{FAE04EC0-301F-11D3-BF4B-00C04F79EFBC}") = "ObjectBuilder.Common.Config", "src\impl\ObjectBuilder\ObjectBuilder.Common.Config\ObjectBuilder.Common.Config.csproj", "{34C89D80-4F8D-48A6-AAB5-2D6DC5A1B953}"
EndProject
Project("{FAE04EC0-301F-11D3-BF4B-00C04F79EFBC}") = "ObjectBuilder.Spring", "src\impl\ObjectBuilder\ObjectBuilder.Spring\ObjectBuilder.Spring.csproj", "{734D30CF-4376-488A-A6B4-1033FED93660}"
EndProject
Project("{FAE04EC0-301F-11D3-BF4B-00C04F79EFBC}") = "ObjectBuilder.Spring.Config", "src\impl\ObjectBuilder\ObjectBuilder.Spring.Config\ObjectBuilder.Spring.Config.csproj", "{8C4C690F-6B4A-4908-AA7D-1AF9D117E267}"
EndProject
Project("{FAE04EC0-301F-11D3-BF4B-00C04F79EFBC}") = "ObjectBuilder.CastleWindsor", "src\impl\ObjectBuilder\ObjectBuilder.CastleWindsor\ObjectBuilder.CastleWindsor.csproj", "{9A9A0BD5-AC37-4B90-B90F-FD1C1395FEBD}"
EndProject
Project("{FAE04EC0-301F-11D3-BF4B-00C04F79EFBC}") = "ObjectBuilder.CastleWindsor.Config", "src\impl\ObjectBuilder\ObjectBuilder.CastleWindsor.Config\ObjectBuilder.CastleWindsor.Config.csproj", "{A5C76DC4-8614-4FF5-B417-90F860354A23}"
EndProject
Project("{FAE04EC0-301F-11D3-BF4B-00C04F79EFBC}") = "OrderService.Persistence", "Samples\Manufacturing\OrderService\OrderService.Persistence\OrderService.Persistence.csproj", "{C34B917B-14A4-4FFB-A744-F32E9AFBAECD}"
EndProject
Project("{FAE04EC0-301F-11D3-BF4B-00C04F79EFBC}") = "NServiceBus.Serializers.Binary.Config", "src\impl\Serializers\NServiceBus.Serializers.Binary.Config\NServiceBus.Serializers.Binary.Config.csproj", "{D33E56FB-CD9E-4B1D-A0F1-1B272F154DC1}"
EndProject
Project("{FAE04EC0-301F-11D3-BF4B-00C04F79EFBC}") = "NServiceBus.Serializers.XML.Config", "src\impl\Serializers\NServiceBus.Serializers.XML.Config\NServiceBus.Serializers.XML.Config.csproj", "{17629A13-3ED4-4E88-B70C-DFFCBAE96A6A}"
EndProject
Project("{2150E333-8FDC-42A3-9474-1A3956D46DE8}") = "Versioning", "Versioning", "{570C81EC-F237-4F7A-915C-59EB4B6A148F}"
EndProject
Project("{FAE04EC0-301F-11D3-BF4B-00C04F79EFBC}") = "V1.Messages", "Samples\Versioning\V1.Messages\V1.Messages.csproj", "{9D27D517-B938-4594-8836-CE06A2955FFD}"
EndProject
Project("{FAE04EC0-301F-11D3-BF4B-00C04F79EFBC}") = "V1Subscriber", "Samples\Versioning\V1Subscriber\V1Subscriber.csproj", "{FBA8997D-01C8-458D-ACE6-28DC7BC32711}"
EndProject
Project("{FAE04EC0-301F-11D3-BF4B-00C04F79EFBC}") = "V2.Messages", "Samples\Versioning\V2.Messages\V2.Messages.csproj", "{D22F0CFF-D47F-4541-BD6D-3F07808EE468}"
EndProject
Project("{FAE04EC0-301F-11D3-BF4B-00C04F79EFBC}") = "V2Publisher", "Samples\Versioning\V2Publisher\V2Publisher.csproj", "{CCC62E59-19DD-44B7-B565-CEA7AE8A83EC}"
EndProject
Project("{FAE04EC0-301F-11D3-BF4B-00C04F79EFBC}") = "V2Subscriber", "Samples\Versioning\V2Subscriber\V2Subscriber.csproj", "{DCFE28B5-245F-4C28-869B-C42C73E816E5}"
EndProject
Project("{FAE04EC0-301F-11D3-BF4B-00C04F79EFBC}") = "NServiceBus.Saga.Config", "src\config\NServiceBus.Saga.Config\NServiceBus.Saga.Config.csproj", "{AC4EFBFD-CC81-4401-B24C-380A900B3C14}"
EndProject
Project("{FAE04EC0-301F-11D3-BF4B-00C04F79EFBC}") = "ObjectBuilder.StructureMap", "src\impl\ObjectBuilder\ObjectBuilder.StructureMap\ObjectBuilder.StructureMap.csproj", "{C05E5B87-EB74-4A3F-B4FC-AFDD28570850}"
EndProject
Project("{FAE04EC0-301F-11D3-BF4B-00C04F79EFBC}") = "ObjectBuilder.Autofac", "src\impl\ObjectBuilder\ObjectBuilder.Autofac\ObjectBuilder.Autofac.csproj", "{73EC4EBE-826D-4A0A-8837-51D3458FC2A8}"
EndProject
Project("{2150E333-8FDC-42A3-9474-1A3956D46DE8}") = "host", "host", "{7332A8CB-3659-42D2-A3FC-587F67286C60}"
EndProject
Project("{2150E333-8FDC-42A3-9474-1A3956D46DE8}") = "tests", "tests", "{2D3A24D4-C815-4CDE-996E-82D2B770DBDC}"
EndProject
Project("{FAE04EC0-301F-11D3-BF4B-00C04F79EFBC}") = "NServiceBus.Host", "src\host\NServiceBus.Host\NServiceBus.Host.csproj", "{85E813C0-4A94-4946-8B1F-DE1E39AA7D11}"
EndProject
Project("{FAE04EC0-301F-11D3-BF4B-00C04F79EFBC}") = "NServiceBus.Host.ExampleEndpoint", "src\host\NServiceBus.Host.ExampleEndpoint\NServiceBus.Host.ExampleEndpoint.csproj", "{FCC1AF9C-F74C-46DA-ADEA-3A60CA054373}"
EndProject
Project("{FAE04EC0-301F-11D3-BF4B-00C04F79EFBC}") = "NServiceBus.Host.ServerEndpoint", "src\host\NServiceBus.Host.ServerEndpoint\NServiceBus.Host.ServerEndpoint.csproj", "{EA5A3BC1-F791-4CFE-99EF-460C02C86305}"
EndProject
Project("{FAE04EC0-301F-11D3-BF4B-00C04F79EFBC}") = "NServiceBus.UnitTests", "src\tests\NServiceBus.UnitTests\NServiceBus.UnitTests.csproj", "{EEF79117-7C76-446E-A3F1-FD1D4DD04762}"
EndProject
Global
	GlobalSection(SolutionConfigurationPlatforms) = preSolution
		Debug|Any CPU = Debug|Any CPU
		Release|Any CPU = Release|Any CPU
	EndGlobalSection
	GlobalSection(ProjectConfigurationPlatforms) = postSolution
		{73867D40-8CBB-48E9-BFFA-12BBDD48A341}.Debug|Any CPU.ActiveCfg = Debug|Any CPU
		{73867D40-8CBB-48E9-BFFA-12BBDD48A341}.Debug|Any CPU.Build.0 = Debug|Any CPU
		{73867D40-8CBB-48E9-BFFA-12BBDD48A341}.Release|Any CPU.ActiveCfg = Release|Any CPU
		{73867D40-8CBB-48E9-BFFA-12BBDD48A341}.Release|Any CPU.Build.0 = Release|Any CPU
		{A60CA2C3-0B28-4D03-9F0B-19FE56D27689}.Debug|Any CPU.ActiveCfg = Debug|Any CPU
		{A60CA2C3-0B28-4D03-9F0B-19FE56D27689}.Debug|Any CPU.Build.0 = Debug|Any CPU
		{A60CA2C3-0B28-4D03-9F0B-19FE56D27689}.Release|Any CPU.ActiveCfg = Release|Any CPU
		{A60CA2C3-0B28-4D03-9F0B-19FE56D27689}.Release|Any CPU.Build.0 = Release|Any CPU
		{D142D372-C9FA-4505-A6EB-E919746F0FF1}.Debug|Any CPU.ActiveCfg = Debug|Any CPU
		{D142D372-C9FA-4505-A6EB-E919746F0FF1}.Debug|Any CPU.Build.0 = Debug|Any CPU
		{D142D372-C9FA-4505-A6EB-E919746F0FF1}.Release|Any CPU.ActiveCfg = Release|Any CPU
		{D142D372-C9FA-4505-A6EB-E919746F0FF1}.Release|Any CPU.Build.0 = Release|Any CPU
		{D72C6682-16CE-4424-A875-435418118B61}.Debug|Any CPU.ActiveCfg = Debug|Any CPU
		{D72C6682-16CE-4424-A875-435418118B61}.Debug|Any CPU.Build.0 = Debug|Any CPU
		{D72C6682-16CE-4424-A875-435418118B61}.Release|Any CPU.ActiveCfg = Release|Any CPU
		{D72C6682-16CE-4424-A875-435418118B61}.Release|Any CPU.Build.0 = Release|Any CPU
		{487809CE-0B5D-4425-A6CA-06F7C444DBCC}.Debug|Any CPU.ActiveCfg = Debug|Any CPU
		{487809CE-0B5D-4425-A6CA-06F7C444DBCC}.Debug|Any CPU.Build.0 = Debug|Any CPU
		{487809CE-0B5D-4425-A6CA-06F7C444DBCC}.Release|Any CPU.ActiveCfg = Release|Any CPU
		{487809CE-0B5D-4425-A6CA-06F7C444DBCC}.Release|Any CPU.Build.0 = Release|Any CPU
		{6657A1B8-3773-46A4-88F2-A421E074D35F}.Debug|Any CPU.ActiveCfg = Debug|Any CPU
		{6657A1B8-3773-46A4-88F2-A421E074D35F}.Debug|Any CPU.Build.0 = Debug|Any CPU
		{6657A1B8-3773-46A4-88F2-A421E074D35F}.Release|Any CPU.ActiveCfg = Release|Any CPU
		{6657A1B8-3773-46A4-88F2-A421E074D35F}.Release|Any CPU.Build.0 = Release|Any CPU
		{7FF2A661-39A8-4595-B122-4EC4F58A4405}.Debug|Any CPU.ActiveCfg = Debug|Any CPU
		{7FF2A661-39A8-4595-B122-4EC4F58A4405}.Debug|Any CPU.Build.0 = Debug|Any CPU
		{7FF2A661-39A8-4595-B122-4EC4F58A4405}.Release|Any CPU.ActiveCfg = Release|Any CPU
		{7FF2A661-39A8-4595-B122-4EC4F58A4405}.Release|Any CPU.Build.0 = Release|Any CPU
		{16EDF9F2-1CB1-4321-9249-15DC8A925FD9}.Debug|Any CPU.ActiveCfg = Debug|Any CPU
		{16EDF9F2-1CB1-4321-9249-15DC8A925FD9}.Debug|Any CPU.Build.0 = Debug|Any CPU
		{16EDF9F2-1CB1-4321-9249-15DC8A925FD9}.Release|Any CPU.ActiveCfg = Release|Any CPU
		{16EDF9F2-1CB1-4321-9249-15DC8A925FD9}.Release|Any CPU.Build.0 = Release|Any CPU
		{EB2C42A2-70FD-4469-959B-C577470B001B}.Debug|Any CPU.ActiveCfg = Debug|Any CPU
		{EB2C42A2-70FD-4469-959B-C577470B001B}.Debug|Any CPU.Build.0 = Debug|Any CPU
		{EB2C42A2-70FD-4469-959B-C577470B001B}.Release|Any CPU.ActiveCfg = Release|Any CPU
		{EB2C42A2-70FD-4469-959B-C577470B001B}.Release|Any CPU.Build.0 = Release|Any CPU
		{CD9FA43E-A56D-4B62-8245-F911B137EC09}.Debug|Any CPU.ActiveCfg = Debug|Any CPU
		{CD9FA43E-A56D-4B62-8245-F911B137EC09}.Debug|Any CPU.Build.0 = Debug|Any CPU
		{CD9FA43E-A56D-4B62-8245-F911B137EC09}.Release|Any CPU.ActiveCfg = Release|Any CPU
		{CD9FA43E-A56D-4B62-8245-F911B137EC09}.Release|Any CPU.Build.0 = Release|Any CPU
		{D9628493-605A-4259-ADD3-7732F0DEFFBB}.Debug|Any CPU.ActiveCfg = Debug|Any CPU
		{D9628493-605A-4259-ADD3-7732F0DEFFBB}.Debug|Any CPU.Build.0 = Debug|Any CPU
		{D9628493-605A-4259-ADD3-7732F0DEFFBB}.Release|Any CPU.ActiveCfg = Release|Any CPU
		{D9628493-605A-4259-ADD3-7732F0DEFFBB}.Release|Any CPU.Build.0 = Release|Any CPU
		{ED855B92-C7EB-4BE7-9072-5C2260C329FC}.Debug|Any CPU.ActiveCfg = Debug|Any CPU
		{ED855B92-C7EB-4BE7-9072-5C2260C329FC}.Debug|Any CPU.Build.0 = Debug|Any CPU
		{ED855B92-C7EB-4BE7-9072-5C2260C329FC}.Release|Any CPU.ActiveCfg = Release|Any CPU
		{ED855B92-C7EB-4BE7-9072-5C2260C329FC}.Release|Any CPU.Build.0 = Release|Any CPU
		{E259AE1E-613E-41D8-B36A-F80343239363}.Debug|Any CPU.ActiveCfg = Debug|Any CPU
		{E259AE1E-613E-41D8-B36A-F80343239363}.Debug|Any CPU.Build.0 = Debug|Any CPU
		{E259AE1E-613E-41D8-B36A-F80343239363}.Release|Any CPU.ActiveCfg = Release|Any CPU
		{E259AE1E-613E-41D8-B36A-F80343239363}.Release|Any CPU.Build.0 = Release|Any CPU
		{FE207907-5E5A-4E6C-BF00-9C1C9858F258}.Debug|Any CPU.ActiveCfg = Debug|Any CPU
		{FE207907-5E5A-4E6C-BF00-9C1C9858F258}.Debug|Any CPU.Build.0 = Debug|Any CPU
		{FE207907-5E5A-4E6C-BF00-9C1C9858F258}.Release|Any CPU.ActiveCfg = Release|Any CPU
		{FE207907-5E5A-4E6C-BF00-9C1C9858F258}.Release|Any CPU.Build.0 = Release|Any CPU
		{20EE4282-E399-4253-81DF-F99A508DEE0D}.Debug|Any CPU.ActiveCfg = Debug|Any CPU
		{20EE4282-E399-4253-81DF-F99A508DEE0D}.Debug|Any CPU.Build.0 = Debug|Any CPU
		{20EE4282-E399-4253-81DF-F99A508DEE0D}.Release|Any CPU.ActiveCfg = Release|Any CPU
		{20EE4282-E399-4253-81DF-F99A508DEE0D}.Release|Any CPU.Build.0 = Release|Any CPU
		{C1DE5465-4694-475A-8D06-E17733C41D69}.Debug|Any CPU.ActiveCfg = Debug|Any CPU
		{C1DE5465-4694-475A-8D06-E17733C41D69}.Debug|Any CPU.Build.0 = Debug|Any CPU
		{C1DE5465-4694-475A-8D06-E17733C41D69}.Release|Any CPU.ActiveCfg = Release|Any CPU
		{C1DE5465-4694-475A-8D06-E17733C41D69}.Release|Any CPU.Build.0 = Release|Any CPU
		{0F1A46A2-D1CE-4DB1-9E75-45D41CCA7EA7}.Debug|Any CPU.ActiveCfg = Debug|Any CPU
		{0F1A46A2-D1CE-4DB1-9E75-45D41CCA7EA7}.Debug|Any CPU.Build.0 = Debug|Any CPU
		{0F1A46A2-D1CE-4DB1-9E75-45D41CCA7EA7}.Release|Any CPU.ActiveCfg = Release|Any CPU
		{0F1A46A2-D1CE-4DB1-9E75-45D41CCA7EA7}.Release|Any CPU.Build.0 = Release|Any CPU
		{C9491F30-6CCA-41D5-A9E6-1DC8758C4BE1}.Debug|Any CPU.ActiveCfg = Debug|Any CPU
		{C9491F30-6CCA-41D5-A9E6-1DC8758C4BE1}.Debug|Any CPU.Build.0 = Debug|Any CPU
		{C9491F30-6CCA-41D5-A9E6-1DC8758C4BE1}.Release|Any CPU.ActiveCfg = Release|Any CPU
		{C9491F30-6CCA-41D5-A9E6-1DC8758C4BE1}.Release|Any CPU.Build.0 = Release|Any CPU
		{562F1C2D-8279-482D-8474-30CDE9EE3269}.Debug|Any CPU.ActiveCfg = Debug|Any CPU
		{562F1C2D-8279-482D-8474-30CDE9EE3269}.Debug|Any CPU.Build.0 = Debug|Any CPU
		{562F1C2D-8279-482D-8474-30CDE9EE3269}.Release|Any CPU.ActiveCfg = Release|Any CPU
		{562F1C2D-8279-482D-8474-30CDE9EE3269}.Release|Any CPU.Build.0 = Release|Any CPU
		{C831B94E-6D08-404C-BA80-B8E8442EA9DE}.Debug|Any CPU.ActiveCfg = Debug|Any CPU
		{C831B94E-6D08-404C-BA80-B8E8442EA9DE}.Debug|Any CPU.Build.0 = Debug|Any CPU
		{C831B94E-6D08-404C-BA80-B8E8442EA9DE}.Release|Any CPU.ActiveCfg = Release|Any CPU
		{C831B94E-6D08-404C-BA80-B8E8442EA9DE}.Release|Any CPU.Build.0 = Release|Any CPU
		{1C22F3DF-F020-491D-A680-5AE98D390140}.Debug|Any CPU.ActiveCfg = Debug|Any CPU
		{1C22F3DF-F020-491D-A680-5AE98D390140}.Debug|Any CPU.Build.0 = Debug|Any CPU
		{1C22F3DF-F020-491D-A680-5AE98D390140}.Release|Any CPU.ActiveCfg = Release|Any CPU
		{1C22F3DF-F020-491D-A680-5AE98D390140}.Release|Any CPU.Build.0 = Release|Any CPU
		{02D21488-C00A-4DD2-97BE-C0EA1CDB7206}.Debug|Any CPU.ActiveCfg = Debug|Any CPU
		{02D21488-C00A-4DD2-97BE-C0EA1CDB7206}.Debug|Any CPU.Build.0 = Debug|Any CPU
		{02D21488-C00A-4DD2-97BE-C0EA1CDB7206}.Release|Any CPU.ActiveCfg = Release|Any CPU
		{02D21488-C00A-4DD2-97BE-C0EA1CDB7206}.Release|Any CPU.Build.0 = Release|Any CPU
		{DEC520C3-D1CA-4EF6-94FB-4F24F1D92651}.Debug|Any CPU.ActiveCfg = Debug|Any CPU
		{DEC520C3-D1CA-4EF6-94FB-4F24F1D92651}.Debug|Any CPU.Build.0 = Debug|Any CPU
		{DEC520C3-D1CA-4EF6-94FB-4F24F1D92651}.Release|Any CPU.ActiveCfg = Release|Any CPU
		{DEC520C3-D1CA-4EF6-94FB-4F24F1D92651}.Release|Any CPU.Build.0 = Release|Any CPU
		{211C2BF6-5146-4019-8972-6AC87C90745B}.Debug|Any CPU.ActiveCfg = Debug|Any CPU
		{211C2BF6-5146-4019-8972-6AC87C90745B}.Debug|Any CPU.Build.0 = Debug|Any CPU
		{211C2BF6-5146-4019-8972-6AC87C90745B}.Release|Any CPU.ActiveCfg = Release|Any CPU
		{211C2BF6-5146-4019-8972-6AC87C90745B}.Release|Any CPU.Build.0 = Release|Any CPU
		{9F8E556C-0AFA-4C5D-B64F-AE9376ABF145}.Debug|Any CPU.ActiveCfg = Debug|Any CPU
		{9F8E556C-0AFA-4C5D-B64F-AE9376ABF145}.Debug|Any CPU.Build.0 = Debug|Any CPU
		{9F8E556C-0AFA-4C5D-B64F-AE9376ABF145}.Release|Any CPU.ActiveCfg = Release|Any CPU
		{9F8E556C-0AFA-4C5D-B64F-AE9376ABF145}.Release|Any CPU.Build.0 = Release|Any CPU
		{20F613ED-C871-477C-B1E4-48B96CACF794}.Debug|Any CPU.ActiveCfg = Debug|Any CPU
		{20F613ED-C871-477C-B1E4-48B96CACF794}.Debug|Any CPU.Build.0 = Debug|Any CPU
		{20F613ED-C871-477C-B1E4-48B96CACF794}.Release|Any CPU.ActiveCfg = Release|Any CPU
		{20F613ED-C871-477C-B1E4-48B96CACF794}.Release|Any CPU.Build.0 = Release|Any CPU
		{CA4DB5DB-88E3-45C2-92EC-ED1865FB83B6}.Debug|Any CPU.ActiveCfg = Debug|Any CPU
		{CA4DB5DB-88E3-45C2-92EC-ED1865FB83B6}.Debug|Any CPU.Build.0 = Debug|Any CPU
		{CA4DB5DB-88E3-45C2-92EC-ED1865FB83B6}.Release|Any CPU.ActiveCfg = Release|Any CPU
		{CA4DB5DB-88E3-45C2-92EC-ED1865FB83B6}.Release|Any CPU.Build.0 = Release|Any CPU
		{7EA93511-0B01-4E6B-95C4-A3069A4A107A}.Debug|Any CPU.ActiveCfg = Debug|Any CPU
		{7EA93511-0B01-4E6B-95C4-A3069A4A107A}.Debug|Any CPU.Build.0 = Debug|Any CPU
		{7EA93511-0B01-4E6B-95C4-A3069A4A107A}.Release|Any CPU.ActiveCfg = Release|Any CPU
		{7EA93511-0B01-4E6B-95C4-A3069A4A107A}.Release|Any CPU.Build.0 = Release|Any CPU
		{B67A336D-A5F4-429F-931C-3A949AF42D26}.Debug|Any CPU.ActiveCfg = Debug|Any CPU
		{B67A336D-A5F4-429F-931C-3A949AF42D26}.Debug|Any CPU.Build.0 = Debug|Any CPU
		{B67A336D-A5F4-429F-931C-3A949AF42D26}.Release|Any CPU.ActiveCfg = Release|Any CPU
		{B67A336D-A5F4-429F-931C-3A949AF42D26}.Release|Any CPU.Build.0 = Release|Any CPU
		{5686FE6C-A5E3-40D1-A6BD-25F94DA612F8}.Debug|Any CPU.ActiveCfg = Debug|Any CPU
		{5686FE6C-A5E3-40D1-A6BD-25F94DA612F8}.Debug|Any CPU.Build.0 = Debug|Any CPU
		{5686FE6C-A5E3-40D1-A6BD-25F94DA612F8}.Release|Any CPU.ActiveCfg = Release|Any CPU
		{5686FE6C-A5E3-40D1-A6BD-25F94DA612F8}.Release|Any CPU.Build.0 = Release|Any CPU
		{7036A49B-359F-4BC7-AFBA-DE3C7AB41986}.Debug|Any CPU.ActiveCfg = Debug|Any CPU
		{7036A49B-359F-4BC7-AFBA-DE3C7AB41986}.Debug|Any CPU.Build.0 = Debug|Any CPU
		{7036A49B-359F-4BC7-AFBA-DE3C7AB41986}.Release|Any CPU.ActiveCfg = Release|Any CPU
		{7036A49B-359F-4BC7-AFBA-DE3C7AB41986}.Release|Any CPU.Build.0 = Release|Any CPU
		{28DE496A-3885-410E-A0B8-004FAEFF9378}.Debug|Any CPU.ActiveCfg = Debug|Any CPU
		{28DE496A-3885-410E-A0B8-004FAEFF9378}.Debug|Any CPU.Build.0 = Debug|Any CPU
		{28DE496A-3885-410E-A0B8-004FAEFF9378}.Release|Any CPU.ActiveCfg = Release|Any CPU
		{28DE496A-3885-410E-A0B8-004FAEFF9378}.Release|Any CPU.Build.0 = Release|Any CPU
		{6A699A4E-F2FD-4B71-AF73-199B499482BD}.Debug|Any CPU.ActiveCfg = Debug|Any CPU
		{6A699A4E-F2FD-4B71-AF73-199B499482BD}.Debug|Any CPU.Build.0 = Debug|Any CPU
		{6A699A4E-F2FD-4B71-AF73-199B499482BD}.Release|Any CPU.ActiveCfg = Release|Any CPU
		{6A699A4E-F2FD-4B71-AF73-199B499482BD}.Release|Any CPU.Build.0 = Release|Any CPU
		{B6D6B021-F477-4C8C-B19E-9CB2ABBCA095}.Debug|Any CPU.ActiveCfg = Debug|Any CPU
		{B6D6B021-F477-4C8C-B19E-9CB2ABBCA095}.Debug|Any CPU.Build.0 = Debug|Any CPU
		{B6D6B021-F477-4C8C-B19E-9CB2ABBCA095}.Release|Any CPU.ActiveCfg = Release|Any CPU
		{B6D6B021-F477-4C8C-B19E-9CB2ABBCA095}.Release|Any CPU.Build.0 = Release|Any CPU
		{FF96F021-897B-49D6-AF24-5533BB0961B9}.Debug|Any CPU.ActiveCfg = Debug|Any CPU
		{FF96F021-897B-49D6-AF24-5533BB0961B9}.Debug|Any CPU.Build.0 = Debug|Any CPU
		{FF96F021-897B-49D6-AF24-5533BB0961B9}.Release|Any CPU.ActiveCfg = Release|Any CPU
		{FF96F021-897B-49D6-AF24-5533BB0961B9}.Release|Any CPU.Build.0 = Release|Any CPU
		{F3D13CDB-B5AE-4CEE-BDA9-6A7007D09FA6}.Debug|Any CPU.ActiveCfg = Debug|Any CPU
		{F3D13CDB-B5AE-4CEE-BDA9-6A7007D09FA6}.Debug|Any CPU.Build.0 = Debug|Any CPU
		{F3D13CDB-B5AE-4CEE-BDA9-6A7007D09FA6}.Release|Any CPU.ActiveCfg = Release|Any CPU
		{F3D13CDB-B5AE-4CEE-BDA9-6A7007D09FA6}.Release|Any CPU.Build.0 = Release|Any CPU
		{4DF0FE9E-3608-426F-B6CB-AC55FE04D997}.Debug|Any CPU.ActiveCfg = Debug|Any CPU
		{4DF0FE9E-3608-426F-B6CB-AC55FE04D997}.Debug|Any CPU.Build.0 = Debug|Any CPU
		{4DF0FE9E-3608-426F-B6CB-AC55FE04D997}.Release|Any CPU.ActiveCfg = Release|Any CPU
		{4DF0FE9E-3608-426F-B6CB-AC55FE04D997}.Release|Any CPU.Build.0 = Release|Any CPU
		{4AB4015A-2DBF-44F9-9119-0E095703EC2D}.Debug|Any CPU.ActiveCfg = Debug|Any CPU
		{4AB4015A-2DBF-44F9-9119-0E095703EC2D}.Debug|Any CPU.Build.0 = Debug|Any CPU
		{4AB4015A-2DBF-44F9-9119-0E095703EC2D}.Release|Any CPU.ActiveCfg = Release|Any CPU
		{4AB4015A-2DBF-44F9-9119-0E095703EC2D}.Release|Any CPU.Build.0 = Release|Any CPU
		{4D9A660B-C2AF-42A8-AEB4-E2F97ED1CB3C}.Debug|Any CPU.ActiveCfg = Debug|Any CPU
		{4D9A660B-C2AF-42A8-AEB4-E2F97ED1CB3C}.Debug|Any CPU.Build.0 = Debug|Any CPU
		{4D9A660B-C2AF-42A8-AEB4-E2F97ED1CB3C}.Release|Any CPU.ActiveCfg = Release|Any CPU
		{4D9A660B-C2AF-42A8-AEB4-E2F97ED1CB3C}.Release|Any CPU.Build.0 = Release|Any CPU
		{F7563AAC-BA9E-4762-888D-27DB9399AF54}.Debug|Any CPU.ActiveCfg = Debug|Any CPU
		{F7563AAC-BA9E-4762-888D-27DB9399AF54}.Debug|Any CPU.Build.0 = Debug|Any CPU
		{F7563AAC-BA9E-4762-888D-27DB9399AF54}.Release|Any CPU.ActiveCfg = Release|Any CPU
		{F7563AAC-BA9E-4762-888D-27DB9399AF54}.Release|Any CPU.Build.0 = Release|Any CPU
		{2616579A-202F-48F6-8A7F-6A6AA9288CA7}.Debug|Any CPU.ActiveCfg = Debug|Any CPU
		{2616579A-202F-48F6-8A7F-6A6AA9288CA7}.Debug|Any CPU.Build.0 = Debug|Any CPU
		{2616579A-202F-48F6-8A7F-6A6AA9288CA7}.Release|Any CPU.ActiveCfg = Release|Any CPU
		{2616579A-202F-48F6-8A7F-6A6AA9288CA7}.Release|Any CPU.Build.0 = Release|Any CPU
		{452C5FEA-16C8-49E1-BC95-1EC55E49EECB}.Debug|Any CPU.ActiveCfg = Debug|Any CPU
		{452C5FEA-16C8-49E1-BC95-1EC55E49EECB}.Debug|Any CPU.Build.0 = Debug|Any CPU
		{452C5FEA-16C8-49E1-BC95-1EC55E49EECB}.Release|Any CPU.ActiveCfg = Release|Any CPU
		{452C5FEA-16C8-49E1-BC95-1EC55E49EECB}.Release|Any CPU.Build.0 = Release|Any CPU
		{A490D793-1D1D-486F-B808-827010EF8369}.Debug|Any CPU.ActiveCfg = Debug|Any CPU
		{A490D793-1D1D-486F-B808-827010EF8369}.Debug|Any CPU.Build.0 = Debug|Any CPU
		{A490D793-1D1D-486F-B808-827010EF8369}.Release|Any CPU.ActiveCfg = Release|Any CPU
		{A490D793-1D1D-486F-B808-827010EF8369}.Release|Any CPU.Build.0 = Release|Any CPU
		{BAC04722-7E15-485E-BA17-3EC46AB7FC3C}.Debug|Any CPU.ActiveCfg = Debug|Any CPU
		{BAC04722-7E15-485E-BA17-3EC46AB7FC3C}.Debug|Any CPU.Build.0 = Debug|Any CPU
		{BAC04722-7E15-485E-BA17-3EC46AB7FC3C}.Release|Any CPU.ActiveCfg = Release|Any CPU
		{BAC04722-7E15-485E-BA17-3EC46AB7FC3C}.Release|Any CPU.Build.0 = Release|Any CPU
		{CB39076B-B46C-416A-A9C1-D1032B4C50D6}.Debug|Any CPU.ActiveCfg = Debug|Any CPU
		{CB39076B-B46C-416A-A9C1-D1032B4C50D6}.Debug|Any CPU.Build.0 = Debug|Any CPU
		{CB39076B-B46C-416A-A9C1-D1032B4C50D6}.Release|Any CPU.ActiveCfg = Release|Any CPU
		{CB39076B-B46C-416A-A9C1-D1032B4C50D6}.Release|Any CPU.Build.0 = Release|Any CPU
		{03E59C83-170A-4BF6-86FB-A05B75DE9510}.Debug|Any CPU.ActiveCfg = Debug|Any CPU
		{03E59C83-170A-4BF6-86FB-A05B75DE9510}.Debug|Any CPU.Build.0 = Debug|Any CPU
		{03E59C83-170A-4BF6-86FB-A05B75DE9510}.Release|Any CPU.ActiveCfg = Release|Any CPU
		{03E59C83-170A-4BF6-86FB-A05B75DE9510}.Release|Any CPU.Build.0 = Release|Any CPU
		{646585FC-12F6-4668-9926-A39E6CCD6400}.Debug|Any CPU.ActiveCfg = Debug|Any CPU
		{646585FC-12F6-4668-9926-A39E6CCD6400}.Debug|Any CPU.Build.0 = Debug|Any CPU
		{646585FC-12F6-4668-9926-A39E6CCD6400}.Release|Any CPU.ActiveCfg = Release|Any CPU
		{646585FC-12F6-4668-9926-A39E6CCD6400}.Release|Any CPU.Build.0 = Release|Any CPU
		{96EE6700-2A16-4C7A-8EF9-3D81E0CE3470}.Debug|Any CPU.ActiveCfg = Debug|Any CPU
		{96EE6700-2A16-4C7A-8EF9-3D81E0CE3470}.Debug|Any CPU.Build.0 = Debug|Any CPU
		{96EE6700-2A16-4C7A-8EF9-3D81E0CE3470}.Release|Any CPU.ActiveCfg = Release|Any CPU
		{96EE6700-2A16-4C7A-8EF9-3D81E0CE3470}.Release|Any CPU.Build.0 = Release|Any CPU
		{D3CA0BFC-8AE8-4828-90EE-0296D7DDF679}.Debug|Any CPU.ActiveCfg = Debug|Any CPU
		{D3CA0BFC-8AE8-4828-90EE-0296D7DDF679}.Debug|Any CPU.Build.0 = Debug|Any CPU
		{D3CA0BFC-8AE8-4828-90EE-0296D7DDF679}.Release|Any CPU.ActiveCfg = Release|Any CPU
		{D3CA0BFC-8AE8-4828-90EE-0296D7DDF679}.Release|Any CPU.Build.0 = Release|Any CPU
		{CB32FA40-2A8A-4D40-81A2-C3EF1203A81D}.Debug|Any CPU.ActiveCfg = Debug|Any CPU
		{CB32FA40-2A8A-4D40-81A2-C3EF1203A81D}.Debug|Any CPU.Build.0 = Debug|Any CPU
		{CB32FA40-2A8A-4D40-81A2-C3EF1203A81D}.Release|Any CPU.ActiveCfg = Release|Any CPU
		{CB32FA40-2A8A-4D40-81A2-C3EF1203A81D}.Release|Any CPU.Build.0 = Release|Any CPU
		{4A904B94-8DC4-4C02-A4FD-374E78990374}.Debug|Any CPU.ActiveCfg = Debug|Any CPU
		{4A904B94-8DC4-4C02-A4FD-374E78990374}.Debug|Any CPU.Build.0 = Debug|Any CPU
		{4A904B94-8DC4-4C02-A4FD-374E78990374}.Release|Any CPU.ActiveCfg = Release|Any CPU
		{4A904B94-8DC4-4C02-A4FD-374E78990374}.Release|Any CPU.Build.0 = Release|Any CPU
		{B9CE6C00-1AE2-4125-BD1A-A7AABA1072CA}.Debug|Any CPU.ActiveCfg = Debug|Any CPU
		{B9CE6C00-1AE2-4125-BD1A-A7AABA1072CA}.Debug|Any CPU.Build.0 = Debug|Any CPU
		{B9CE6C00-1AE2-4125-BD1A-A7AABA1072CA}.Release|Any CPU.ActiveCfg = Release|Any CPU
		{B9CE6C00-1AE2-4125-BD1A-A7AABA1072CA}.Release|Any CPU.Build.0 = Release|Any CPU
		{C4693C58-BB66-4630-984E-313E1BCC2474}.Debug|Any CPU.ActiveCfg = Debug|Any CPU
		{C4693C58-BB66-4630-984E-313E1BCC2474}.Debug|Any CPU.Build.0 = Debug|Any CPU
		{C4693C58-BB66-4630-984E-313E1BCC2474}.Release|Any CPU.ActiveCfg = Release|Any CPU
		{C4693C58-BB66-4630-984E-313E1BCC2474}.Release|Any CPU.Build.0 = Release|Any CPU
		{8B815173-9AFA-4D95-BAB4-686C298F17DA}.Debug|Any CPU.ActiveCfg = Debug|Any CPU
		{8B815173-9AFA-4D95-BAB4-686C298F17DA}.Debug|Any CPU.Build.0 = Debug|Any CPU
		{8B815173-9AFA-4D95-BAB4-686C298F17DA}.Release|Any CPU.ActiveCfg = Release|Any CPU
		{8B815173-9AFA-4D95-BAB4-686C298F17DA}.Release|Any CPU.Build.0 = Release|Any CPU
		{2D3D9033-200C-423E-BF8A-8FB40D8D1572}.Debug|Any CPU.ActiveCfg = Debug|Any CPU
		{2D3D9033-200C-423E-BF8A-8FB40D8D1572}.Debug|Any CPU.Build.0 = Debug|Any CPU
		{2D3D9033-200C-423E-BF8A-8FB40D8D1572}.Release|Any CPU.ActiveCfg = Release|Any CPU
		{2D3D9033-200C-423E-BF8A-8FB40D8D1572}.Release|Any CPU.Build.0 = Release|Any CPU
		{4A178990-A30D-437C-A7B2-775348ABF5DE}.Debug|Any CPU.ActiveCfg = Debug|Any CPU
		{4A178990-A30D-437C-A7B2-775348ABF5DE}.Debug|Any CPU.Build.0 = Debug|Any CPU
		{4A178990-A30D-437C-A7B2-775348ABF5DE}.Release|Any CPU.ActiveCfg = Release|Any CPU
		{4A178990-A30D-437C-A7B2-775348ABF5DE}.Release|Any CPU.Build.0 = Release|Any CPU
		{585AB2C3-17B3-49B4-BA59-B5861317D7B3}.Debug|Any CPU.ActiveCfg = Debug|Any CPU
		{585AB2C3-17B3-49B4-BA59-B5861317D7B3}.Debug|Any CPU.Build.0 = Debug|Any CPU
		{585AB2C3-17B3-49B4-BA59-B5861317D7B3}.Release|Any CPU.ActiveCfg = Release|Any CPU
		{585AB2C3-17B3-49B4-BA59-B5861317D7B3}.Release|Any CPU.Build.0 = Release|Any CPU
		{880C2B7B-6BFD-46E6-AB9C-29A4C298ABA3}.Debug|Any CPU.ActiveCfg = Debug|Any CPU
		{880C2B7B-6BFD-46E6-AB9C-29A4C298ABA3}.Debug|Any CPU.Build.0 = Debug|Any CPU
		{880C2B7B-6BFD-46E6-AB9C-29A4C298ABA3}.Release|Any CPU.ActiveCfg = Release|Any CPU
		{880C2B7B-6BFD-46E6-AB9C-29A4C298ABA3}.Release|Any CPU.Build.0 = Release|Any CPU
		{AF9929C8-85B8-4A36-9EC8-E46C17FE3B65}.Debug|Any CPU.ActiveCfg = Debug|Any CPU
		{AF9929C8-85B8-4A36-9EC8-E46C17FE3B65}.Debug|Any CPU.Build.0 = Debug|Any CPU
		{AF9929C8-85B8-4A36-9EC8-E46C17FE3B65}.Release|Any CPU.ActiveCfg = Release|Any CPU
		{AF9929C8-85B8-4A36-9EC8-E46C17FE3B65}.Release|Any CPU.Build.0 = Release|Any CPU
		{45CC79AE-C0DE-486C-953B-7697C6E09E94}.Debug|Any CPU.ActiveCfg = Debug|Any CPU
		{45CC79AE-C0DE-486C-953B-7697C6E09E94}.Debug|Any CPU.Build.0 = Debug|Any CPU
		{45CC79AE-C0DE-486C-953B-7697C6E09E94}.Release|Any CPU.ActiveCfg = Release|Any CPU
		{45CC79AE-C0DE-486C-953B-7697C6E09E94}.Release|Any CPU.Build.0 = Release|Any CPU
		{85118B5C-6CAA-44B4-87EA-419DC6F4F2FB}.Debug|Any CPU.ActiveCfg = Debug|Any CPU
		{85118B5C-6CAA-44B4-87EA-419DC6F4F2FB}.Debug|Any CPU.Build.0 = Debug|Any CPU
		{85118B5C-6CAA-44B4-87EA-419DC6F4F2FB}.Release|Any CPU.ActiveCfg = Release|Any CPU
		{85118B5C-6CAA-44B4-87EA-419DC6F4F2FB}.Release|Any CPU.Build.0 = Release|Any CPU
		{444FAA3D-D5E1-498E-9AE1-201DB619CAF0}.Debug|Any CPU.ActiveCfg = Debug|Any CPU
		{444FAA3D-D5E1-498E-9AE1-201DB619CAF0}.Debug|Any CPU.Build.0 = Debug|Any CPU
		{444FAA3D-D5E1-498E-9AE1-201DB619CAF0}.Release|Any CPU.ActiveCfg = Release|Any CPU
		{444FAA3D-D5E1-498E-9AE1-201DB619CAF0}.Release|Any CPU.Build.0 = Release|Any CPU
		{771CDD6A-6880-4802-8EB1-F7A35386D9B4}.Debug|Any CPU.ActiveCfg = Debug|Any CPU
		{771CDD6A-6880-4802-8EB1-F7A35386D9B4}.Debug|Any CPU.Build.0 = Debug|Any CPU
		{771CDD6A-6880-4802-8EB1-F7A35386D9B4}.Release|Any CPU.ActiveCfg = Release|Any CPU
		{771CDD6A-6880-4802-8EB1-F7A35386D9B4}.Release|Any CPU.Build.0 = Release|Any CPU
		{34C89D80-4F8D-48A6-AAB5-2D6DC5A1B953}.Debug|Any CPU.ActiveCfg = Debug|Any CPU
		{34C89D80-4F8D-48A6-AAB5-2D6DC5A1B953}.Debug|Any CPU.Build.0 = Debug|Any CPU
		{34C89D80-4F8D-48A6-AAB5-2D6DC5A1B953}.Release|Any CPU.ActiveCfg = Release|Any CPU
		{34C89D80-4F8D-48A6-AAB5-2D6DC5A1B953}.Release|Any CPU.Build.0 = Release|Any CPU
		{734D30CF-4376-488A-A6B4-1033FED93660}.Debug|Any CPU.ActiveCfg = Debug|Any CPU
		{734D30CF-4376-488A-A6B4-1033FED93660}.Debug|Any CPU.Build.0 = Debug|Any CPU
		{734D30CF-4376-488A-A6B4-1033FED93660}.Release|Any CPU.ActiveCfg = Release|Any CPU
		{734D30CF-4376-488A-A6B4-1033FED93660}.Release|Any CPU.Build.0 = Release|Any CPU
		{8C4C690F-6B4A-4908-AA7D-1AF9D117E267}.Debug|Any CPU.ActiveCfg = Debug|Any CPU
		{8C4C690F-6B4A-4908-AA7D-1AF9D117E267}.Debug|Any CPU.Build.0 = Debug|Any CPU
		{8C4C690F-6B4A-4908-AA7D-1AF9D117E267}.Release|Any CPU.ActiveCfg = Release|Any CPU
		{8C4C690F-6B4A-4908-AA7D-1AF9D117E267}.Release|Any CPU.Build.0 = Release|Any CPU
		{9A9A0BD5-AC37-4B90-B90F-FD1C1395FEBD}.Debug|Any CPU.ActiveCfg = Debug|Any CPU
		{9A9A0BD5-AC37-4B90-B90F-FD1C1395FEBD}.Debug|Any CPU.Build.0 = Debug|Any CPU
		{9A9A0BD5-AC37-4B90-B90F-FD1C1395FEBD}.Release|Any CPU.ActiveCfg = Release|Any CPU
		{9A9A0BD5-AC37-4B90-B90F-FD1C1395FEBD}.Release|Any CPU.Build.0 = Release|Any CPU
		{A5C76DC4-8614-4FF5-B417-90F860354A23}.Debug|Any CPU.ActiveCfg = Debug|Any CPU
		{A5C76DC4-8614-4FF5-B417-90F860354A23}.Debug|Any CPU.Build.0 = Debug|Any CPU
		{A5C76DC4-8614-4FF5-B417-90F860354A23}.Release|Any CPU.ActiveCfg = Release|Any CPU
		{A5C76DC4-8614-4FF5-B417-90F860354A23}.Release|Any CPU.Build.0 = Release|Any CPU
		{C34B917B-14A4-4FFB-A744-F32E9AFBAECD}.Debug|Any CPU.ActiveCfg = Debug|Any CPU
		{C34B917B-14A4-4FFB-A744-F32E9AFBAECD}.Debug|Any CPU.Build.0 = Debug|Any CPU
		{C34B917B-14A4-4FFB-A744-F32E9AFBAECD}.Release|Any CPU.ActiveCfg = Release|Any CPU
		{C34B917B-14A4-4FFB-A744-F32E9AFBAECD}.Release|Any CPU.Build.0 = Release|Any CPU
		{D33E56FB-CD9E-4B1D-A0F1-1B272F154DC1}.Debug|Any CPU.ActiveCfg = Debug|Any CPU
		{D33E56FB-CD9E-4B1D-A0F1-1B272F154DC1}.Debug|Any CPU.Build.0 = Debug|Any CPU
		{D33E56FB-CD9E-4B1D-A0F1-1B272F154DC1}.Release|Any CPU.ActiveCfg = Release|Any CPU
		{D33E56FB-CD9E-4B1D-A0F1-1B272F154DC1}.Release|Any CPU.Build.0 = Release|Any CPU
		{17629A13-3ED4-4E88-B70C-DFFCBAE96A6A}.Debug|Any CPU.ActiveCfg = Debug|Any CPU
		{17629A13-3ED4-4E88-B70C-DFFCBAE96A6A}.Debug|Any CPU.Build.0 = Debug|Any CPU
		{17629A13-3ED4-4E88-B70C-DFFCBAE96A6A}.Release|Any CPU.ActiveCfg = Release|Any CPU
		{17629A13-3ED4-4E88-B70C-DFFCBAE96A6A}.Release|Any CPU.Build.0 = Release|Any CPU
		{9D27D517-B938-4594-8836-CE06A2955FFD}.Debug|Any CPU.ActiveCfg = Debug|Any CPU
		{9D27D517-B938-4594-8836-CE06A2955FFD}.Debug|Any CPU.Build.0 = Debug|Any CPU
		{9D27D517-B938-4594-8836-CE06A2955FFD}.Release|Any CPU.ActiveCfg = Release|Any CPU
		{9D27D517-B938-4594-8836-CE06A2955FFD}.Release|Any CPU.Build.0 = Release|Any CPU
		{FBA8997D-01C8-458D-ACE6-28DC7BC32711}.Debug|Any CPU.ActiveCfg = Debug|Any CPU
		{FBA8997D-01C8-458D-ACE6-28DC7BC32711}.Debug|Any CPU.Build.0 = Debug|Any CPU
		{FBA8997D-01C8-458D-ACE6-28DC7BC32711}.Release|Any CPU.ActiveCfg = Release|Any CPU
		{FBA8997D-01C8-458D-ACE6-28DC7BC32711}.Release|Any CPU.Build.0 = Release|Any CPU
		{D22F0CFF-D47F-4541-BD6D-3F07808EE468}.Debug|Any CPU.ActiveCfg = Debug|Any CPU
		{D22F0CFF-D47F-4541-BD6D-3F07808EE468}.Debug|Any CPU.Build.0 = Debug|Any CPU
		{D22F0CFF-D47F-4541-BD6D-3F07808EE468}.Release|Any CPU.ActiveCfg = Release|Any CPU
		{D22F0CFF-D47F-4541-BD6D-3F07808EE468}.Release|Any CPU.Build.0 = Release|Any CPU
		{CCC62E59-19DD-44B7-B565-CEA7AE8A83EC}.Debug|Any CPU.ActiveCfg = Debug|Any CPU
		{CCC62E59-19DD-44B7-B565-CEA7AE8A83EC}.Debug|Any CPU.Build.0 = Debug|Any CPU
		{CCC62E59-19DD-44B7-B565-CEA7AE8A83EC}.Release|Any CPU.ActiveCfg = Release|Any CPU
		{CCC62E59-19DD-44B7-B565-CEA7AE8A83EC}.Release|Any CPU.Build.0 = Release|Any CPU
		{DCFE28B5-245F-4C28-869B-C42C73E816E5}.Debug|Any CPU.ActiveCfg = Debug|Any CPU
		{DCFE28B5-245F-4C28-869B-C42C73E816E5}.Debug|Any CPU.Build.0 = Debug|Any CPU
		{DCFE28B5-245F-4C28-869B-C42C73E816E5}.Release|Any CPU.ActiveCfg = Release|Any CPU
		{DCFE28B5-245F-4C28-869B-C42C73E816E5}.Release|Any CPU.Build.0 = Release|Any CPU
		{AC4EFBFD-CC81-4401-B24C-380A900B3C14}.Debug|Any CPU.ActiveCfg = Debug|Any CPU
		{AC4EFBFD-CC81-4401-B24C-380A900B3C14}.Debug|Any CPU.Build.0 = Debug|Any CPU
		{AC4EFBFD-CC81-4401-B24C-380A900B3C14}.Release|Any CPU.ActiveCfg = Release|Any CPU
		{AC4EFBFD-CC81-4401-B24C-380A900B3C14}.Release|Any CPU.Build.0 = Release|Any CPU
		{C05E5B87-EB74-4A3F-B4FC-AFDD28570850}.Debug|Any CPU.ActiveCfg = Debug|Any CPU
		{C05E5B87-EB74-4A3F-B4FC-AFDD28570850}.Debug|Any CPU.Build.0 = Debug|Any CPU
		{C05E5B87-EB74-4A3F-B4FC-AFDD28570850}.Release|Any CPU.ActiveCfg = Release|Any CPU
		{C05E5B87-EB74-4A3F-B4FC-AFDD28570850}.Release|Any CPU.Build.0 = Release|Any CPU
		{73EC4EBE-826D-4A0A-8837-51D3458FC2A8}.Debug|Any CPU.ActiveCfg = Debug|Any CPU
		{73EC4EBE-826D-4A0A-8837-51D3458FC2A8}.Debug|Any CPU.Build.0 = Debug|Any CPU
		{73EC4EBE-826D-4A0A-8837-51D3458FC2A8}.Release|Any CPU.ActiveCfg = Release|Any CPU
		{73EC4EBE-826D-4A0A-8837-51D3458FC2A8}.Release|Any CPU.Build.0 = Release|Any CPU
		{85E813C0-4A94-4946-8B1F-DE1E39AA7D11}.Debug|Any CPU.ActiveCfg = Debug|Any CPU
		{85E813C0-4A94-4946-8B1F-DE1E39AA7D11}.Debug|Any CPU.Build.0 = Debug|Any CPU
		{85E813C0-4A94-4946-8B1F-DE1E39AA7D11}.Release|Any CPU.ActiveCfg = Release|Any CPU
		{85E813C0-4A94-4946-8B1F-DE1E39AA7D11}.Release|Any CPU.Build.0 = Release|Any CPU
		{FCC1AF9C-F74C-46DA-ADEA-3A60CA054373}.Debug|Any CPU.ActiveCfg = Debug|Any CPU
		{FCC1AF9C-F74C-46DA-ADEA-3A60CA054373}.Debug|Any CPU.Build.0 = Debug|Any CPU
		{FCC1AF9C-F74C-46DA-ADEA-3A60CA054373}.Release|Any CPU.ActiveCfg = Release|Any CPU
		{FCC1AF9C-F74C-46DA-ADEA-3A60CA054373}.Release|Any CPU.Build.0 = Release|Any CPU
		{EA5A3BC1-F791-4CFE-99EF-460C02C86305}.Debug|Any CPU.ActiveCfg = Debug|Any CPU
		{EA5A3BC1-F791-4CFE-99EF-460C02C86305}.Debug|Any CPU.Build.0 = Debug|Any CPU
		{EA5A3BC1-F791-4CFE-99EF-460C02C86305}.Release|Any CPU.ActiveCfg = Release|Any CPU
		{EA5A3BC1-F791-4CFE-99EF-460C02C86305}.Release|Any CPU.Build.0 = Release|Any CPU
		{EEF79117-7C76-446E-A3F1-FD1D4DD04762}.Debug|Any CPU.ActiveCfg = Debug|Any CPU
		{EEF79117-7C76-446E-A3F1-FD1D4DD04762}.Debug|Any CPU.Build.0 = Debug|Any CPU
		{EEF79117-7C76-446E-A3F1-FD1D4DD04762}.Release|Any CPU.ActiveCfg = Release|Any CPU
		{EEF79117-7C76-446E-A3F1-FD1D4DD04762}.Release|Any CPU.Build.0 = Release|Any CPU
	EndGlobalSection
	GlobalSection(SolutionProperties) = preSolution
		HideSolutionNode = FALSE
	EndGlobalSection
	GlobalSection(NestedProjects) = preSolution
		{4A182899-5624-4FF0-8753-D2E8E31AF140} = {6CEB2C22-90CC-4161-952D-7ED706BB8387}
		{8C38D3A9-16E6-40A0-A813-818A45BF0374} = {6CEB2C22-90CC-4161-952D-7ED706BB8387}
		{7B56E082-A287-4400-B069-D1625C229E55} = {6CEB2C22-90CC-4161-952D-7ED706BB8387}
		{651BC6B0-4412-4A5C-9331-4A78C9913D94} = {6CEB2C22-90CC-4161-952D-7ED706BB8387}
		{2BC45674-F407-45D5-B299-BF314DAF88BE} = {6CEB2C22-90CC-4161-952D-7ED706BB8387}
		{AE680ED6-74D9-4D85-834F-E9F20DE9C2B4} = {6CEB2C22-90CC-4161-952D-7ED706BB8387}
		{5B85CA4F-0E58-413A-932E-2FF6A757DB74} = {6CEB2C22-90CC-4161-952D-7ED706BB8387}
		{B46133C5-7441-4F05-BC44-7E67B5EDAA4D} = {6CEB2C22-90CC-4161-952D-7ED706BB8387}
		{3D1ACC82-B571-400D-AECA-C50B97E17845} = {6CEB2C22-90CC-4161-952D-7ED706BB8387}
		{9AE18F6C-57A6-4026-8427-8F4A366B5FA5} = {6CEB2C22-90CC-4161-952D-7ED706BB8387}
		{0711BE68-5F6B-4570-9471-1D615084CE6B} = {6CEB2C22-90CC-4161-952D-7ED706BB8387}
		{8805DB2A-62B1-4055-9A72-571ABB8EC16E} = {6CEB2C22-90CC-4161-952D-7ED706BB8387}
		{7332A8CB-3659-42D2-A3FC-587F67286C60} = {6CEB2C22-90CC-4161-952D-7ED706BB8387}
		{2D3A24D4-C815-4CDE-996E-82D2B770DBDC} = {6CEB2C22-90CC-4161-952D-7ED706BB8387}
		{73867D40-8CBB-48E9-BFFA-12BBDD48A341} = {4A182899-5624-4FF0-8753-D2E8E31AF140}
		{C1DE5465-4694-475A-8D06-E17733C41D69} = {4A182899-5624-4FF0-8753-D2E8E31AF140}
		{F7563AAC-BA9E-4762-888D-27DB9399AF54} = {4A182899-5624-4FF0-8753-D2E8E31AF140}
		{A60CA2C3-0B28-4D03-9F0B-19FE56D27689} = {8C38D3A9-16E6-40A0-A813-818A45BF0374}
		{D142D372-C9FA-4505-A6EB-E919746F0FF1} = {8C38D3A9-16E6-40A0-A813-818A45BF0374}
		{D72C6682-16CE-4424-A875-435418118B61} = {8C38D3A9-16E6-40A0-A813-818A45BF0374}
		{EEF3494C-E063-4789-B92E-7A3B2F2615C5} = {7B56E082-A287-4400-B069-D1625C229E55}
		{D8B58938-14AF-4FA2-BAC3-7FE59721B7E0} = {7B56E082-A287-4400-B069-D1625C229E55}
		{12392715-B9A3-433E-B395-C0031569A864} = {7B56E082-A287-4400-B069-D1625C229E55}
		{102BD992-A123-4B71-B9C7-7FFAA515FACE} = {7B56E082-A287-4400-B069-D1625C229E55}
		{7959A868-6A54-4A64-8706-F063CC1476A5} = {7B56E082-A287-4400-B069-D1625C229E55}
		{7A0566CF-5BAF-48E0-B105-C6BF2E77A3A1} = {7B56E082-A287-4400-B069-D1625C229E55}
		{487809CE-0B5D-4425-A6CA-06F7C444DBCC} = {D8B58938-14AF-4FA2-BAC3-7FE59721B7E0}
		{6657A1B8-3773-46A4-88F2-A421E074D35F} = {D8B58938-14AF-4FA2-BAC3-7FE59721B7E0}
		{FF96F021-897B-49D6-AF24-5533BB0961B9} = {D8B58938-14AF-4FA2-BAC3-7FE59721B7E0}
		{2D3D9033-200C-423E-BF8A-8FB40D8D1572} = {D8B58938-14AF-4FA2-BAC3-7FE59721B7E0}
		{4A178990-A30D-437C-A7B2-775348ABF5DE} = {D8B58938-14AF-4FA2-BAC3-7FE59721B7E0}
		{585AB2C3-17B3-49B4-BA59-B5861317D7B3} = {D8B58938-14AF-4FA2-BAC3-7FE59721B7E0}
		{7A3C001F-28A5-4FCE-9FA1-FCC79DB879BE} = {651BC6B0-4412-4A5C-9331-4A78C9913D94}
		{7FF2A661-39A8-4595-B122-4EC4F58A4405} = {7A3C001F-28A5-4FCE-9FA1-FCC79DB879BE}
		{16EDF9F2-1CB1-4321-9249-15DC8A925FD9} = {7A3C001F-28A5-4FCE-9FA1-FCC79DB879BE}
		{EB2C42A2-70FD-4469-959B-C577470B001B} = {2BC45674-F407-45D5-B299-BF314DAF88BE}
		{CD9FA43E-A56D-4B62-8245-F911B137EC09} = {2BC45674-F407-45D5-B299-BF314DAF88BE}
		{D9628493-605A-4259-ADD3-7732F0DEFFBB} = {2BC45674-F407-45D5-B299-BF314DAF88BE}
		{B6D6B021-F477-4C8C-B19E-9CB2ABBCA095} = {2BC45674-F407-45D5-B299-BF314DAF88BE}
		{2616579A-202F-48F6-8A7F-6A6AA9288CA7} = {AE680ED6-74D9-4D85-834F-E9F20DE9C2B4}
		{EE641ACE-ABE5-4ACE-9AAE-DC52C55B51F9} = {4ECE40D6-7EA4-4D65-89FE-2D0915D29B5E}
		{B351256F-5A1C-435F-A81E-97EC2E4EB155} = {4ECE40D6-7EA4-4D65-89FE-2D0915D29B5E}
		{BE42D213-AE26-4C5D-9766-39A18BB166B9} = {4ECE40D6-7EA4-4D65-89FE-2D0915D29B5E}
		{5931F01B-C194-4720-A181-458B1672581A} = {4ECE40D6-7EA4-4D65-89FE-2D0915D29B5E}
		{8C092982-A337-4013-A277-481813BD09D6} = {4ECE40D6-7EA4-4D65-89FE-2D0915D29B5E}
		{570C81EC-F237-4F7A-915C-59EB4B6A148F} = {4ECE40D6-7EA4-4D65-89FE-2D0915D29B5E}
		{ED855B92-C7EB-4BE7-9072-5C2260C329FC} = {EE641ACE-ABE5-4ACE-9AAE-DC52C55B51F9}
		{E259AE1E-613E-41D8-B36A-F80343239363} = {EE641ACE-ABE5-4ACE-9AAE-DC52C55B51F9}
		{FE207907-5E5A-4E6C-BF00-9C1C9858F258} = {EE641ACE-ABE5-4ACE-9AAE-DC52C55B51F9}
		{20EE4282-E399-4253-81DF-F99A508DEE0D} = {EE641ACE-ABE5-4ACE-9AAE-DC52C55B51F9}
		{0F1A46A2-D1CE-4DB1-9E75-45D41CCA7EA7} = {B351256F-5A1C-435F-A81E-97EC2E4EB155}
		{C9491F30-6CCA-41D5-A9E6-1DC8758C4BE1} = {B351256F-5A1C-435F-A81E-97EC2E4EB155}
		{562F1C2D-8279-482D-8474-30CDE9EE3269} = {B351256F-5A1C-435F-A81E-97EC2E4EB155}
		{4A904B94-8DC4-4C02-A4FD-374E78990374} = {12392715-B9A3-433E-B395-C0031569A864}
		{880C2B7B-6BFD-46E6-AB9C-29A4C298ABA3} = {12392715-B9A3-433E-B395-C0031569A864}
		{C831B94E-6D08-404C-BA80-B8E8442EA9DE} = {5B85CA4F-0E58-413A-932E-2FF6A757DB74}
		{771CDD6A-6880-4802-8EB1-F7A35386D9B4} = {102BD992-A123-4B71-B9C7-7FFAA515FACE}
		{34C89D80-4F8D-48A6-AAB5-2D6DC5A1B953} = {102BD992-A123-4B71-B9C7-7FFAA515FACE}
		{734D30CF-4376-488A-A6B4-1033FED93660} = {102BD992-A123-4B71-B9C7-7FFAA515FACE}
		{8C4C690F-6B4A-4908-AA7D-1AF9D117E267} = {102BD992-A123-4B71-B9C7-7FFAA515FACE}
		{9A9A0BD5-AC37-4B90-B90F-FD1C1395FEBD} = {102BD992-A123-4B71-B9C7-7FFAA515FACE}
		{A5C76DC4-8614-4FF5-B417-90F860354A23} = {102BD992-A123-4B71-B9C7-7FFAA515FACE}
		{C05E5B87-EB74-4A3F-B4FC-AFDD28570850} = {102BD992-A123-4B71-B9C7-7FFAA515FACE}
		{73EC4EBE-826D-4A0A-8837-51D3458FC2A8} = {102BD992-A123-4B71-B9C7-7FFAA515FACE}
		{1C22F3DF-F020-491D-A680-5AE98D390140} = {B46133C5-7441-4F05-BC44-7E67B5EDAA4D}
		{02D21488-C00A-4DD2-97BE-C0EA1CDB7206} = {B46133C5-7441-4F05-BC44-7E67B5EDAA4D}
		{50CF4253-AABB-475D-87DD-D8A2C7CF236D} = {51E8903A-31C8-42CC-AEB9-AD813EE282F4}
		{058A28C7-57DE-44B4-AA26-CE8A57FF7147} = {50CF4253-AABB-475D-87DD-D8A2C7CF236D}
		{F32296DF-E899-425F-9EE7-CDBD8995E00B} = {50CF4253-AABB-475D-87DD-D8A2C7CF236D}
		{DEC520C3-D1CA-4EF6-94FB-4F24F1D92651} = {058A28C7-57DE-44B4-AA26-CE8A57FF7147}
		{211C2BF6-5146-4019-8972-6AC87C90745B} = {058A28C7-57DE-44B4-AA26-CE8A57FF7147}
		{9F8E556C-0AFA-4C5D-B64F-AE9376ABF145} = {BE42D213-AE26-4C5D-9766-39A18BB166B9}
		{20F613ED-C871-477C-B1E4-48B96CACF794} = {BE42D213-AE26-4C5D-9766-39A18BB166B9}
		{CA4DB5DB-88E3-45C2-92EC-ED1865FB83B6} = {BE42D213-AE26-4C5D-9766-39A18BB166B9}
		{7EA93511-0B01-4E6B-95C4-A3069A4A107A} = {3D1ACC82-B571-400D-AECA-C50B97E17845}
		{B67A336D-A5F4-429F-931C-3A949AF42D26} = {3D1ACC82-B571-400D-AECA-C50B97E17845}
		{5686FE6C-A5E3-40D1-A6BD-25F94DA612F8} = {5931F01B-C194-4720-A181-458B1672581A}
		{7036A49B-359F-4BC7-AFBA-DE3C7AB41986} = {5931F01B-C194-4720-A181-458B1672581A}
		{28DE496A-3885-410E-A0B8-004FAEFF9378} = {5931F01B-C194-4720-A181-458B1672581A}
		{6A699A4E-F2FD-4B71-AF73-199B499482BD} = {5931F01B-C194-4720-A181-458B1672581A}
		{F3D13CDB-B5AE-4CEE-BDA9-6A7007D09FA6} = {9AE18F6C-57A6-4026-8427-8F4A366B5FA5}
		{4DF0FE9E-3608-426F-B6CB-AC55FE04D997} = {7959A868-6A54-4A64-8706-F063CC1476A5}
		{4AB4015A-2DBF-44F9-9119-0E095703EC2D} = {7A0566CF-5BAF-48E0-B105-C6BF2E77A3A1}
		{4D9A660B-C2AF-42A8-AEB4-E2F97ED1CB3C} = {7A0566CF-5BAF-48E0-B105-C6BF2E77A3A1}
		{CB32FA40-2A8A-4D40-81A2-C3EF1203A81D} = {7A0566CF-5BAF-48E0-B105-C6BF2E77A3A1}
		{45CC79AE-C0DE-486C-953B-7697C6E09E94} = {7A0566CF-5BAF-48E0-B105-C6BF2E77A3A1}
		{85118B5C-6CAA-44B4-87EA-419DC6F4F2FB} = {7A0566CF-5BAF-48E0-B105-C6BF2E77A3A1}
		{D33E56FB-CD9E-4B1D-A0F1-1B272F154DC1} = {7A0566CF-5BAF-48E0-B105-C6BF2E77A3A1}
		{17629A13-3ED4-4E88-B70C-DFFCBAE96A6A} = {7A0566CF-5BAF-48E0-B105-C6BF2E77A3A1}
		{4111FD2B-3E6A-4A1B-A9B3-44E5E2259BD3} = {8C092982-A337-4013-A277-481813BD09D6}
		{937799AF-0B7F-4AC2-81B8-0A4348E499E3} = {8C092982-A337-4013-A277-481813BD09D6}
		{997214B7-CB1B-4E18-836F-49290BDDED12} = {8C092982-A337-4013-A277-481813BD09D6}
		{C4C7BB61-4F8B-4FE6-AD7D-BB258799380F} = {8C092982-A337-4013-A277-481813BD09D6}
		{452C5FEA-16C8-49E1-BC95-1EC55E49EECB} = {4111FD2B-3E6A-4A1B-A9B3-44E5E2259BD3}
		{A490D793-1D1D-486F-B808-827010EF8369} = {4111FD2B-3E6A-4A1B-A9B3-44E5E2259BD3}
		{CB39076B-B46C-416A-A9C1-D1032B4C50D6} = {4111FD2B-3E6A-4A1B-A9B3-44E5E2259BD3}
		{03E59C83-170A-4BF6-86FB-A05B75DE9510} = {4111FD2B-3E6A-4A1B-A9B3-44E5E2259BD3}
		{C34B917B-14A4-4FFB-A744-F32E9AFBAECD} = {4111FD2B-3E6A-4A1B-A9B3-44E5E2259BD3}
		{BAC04722-7E15-485E-BA17-3EC46AB7FC3C} = {937799AF-0B7F-4AC2-81B8-0A4348E499E3}
		{96EE6700-2A16-4C7A-8EF9-3D81E0CE3470} = {937799AF-0B7F-4AC2-81B8-0A4348E499E3}
		{D3CA0BFC-8AE8-4828-90EE-0296D7DDF679} = {937799AF-0B7F-4AC2-81B8-0A4348E499E3}
		{646585FC-12F6-4668-9926-A39E6CCD6400} = {997214B7-CB1B-4E18-836F-49290BDDED12}
		{B9CE6C00-1AE2-4125-BD1A-A7AABA1072CA} = {F32296DF-E899-425F-9EE7-CDBD8995E00B}
		{C4693C58-BB66-4630-984E-313E1BCC2474} = {F32296DF-E899-425F-9EE7-CDBD8995E00B}
		{8B815173-9AFA-4D95-BAB4-686C298F17DA} = {0711BE68-5F6B-4570-9471-1D615084CE6B}
		{AF9929C8-85B8-4A36-9EC8-E46C17FE3B65} = {C4C7BB61-4F8B-4FE6-AD7D-BB258799380F}
		{444FAA3D-D5E1-498E-9AE1-201DB619CAF0} = {8805DB2A-62B1-4055-9A72-571ABB8EC16E}
		{AC4EFBFD-CC81-4401-B24C-380A900B3C14} = {8805DB2A-62B1-4055-9A72-571ABB8EC16E}
		{9D27D517-B938-4594-8836-CE06A2955FFD} = {570C81EC-F237-4F7A-915C-59EB4B6A148F}
		{FBA8997D-01C8-458D-ACE6-28DC7BC32711} = {570C81EC-F237-4F7A-915C-59EB4B6A148F}
		{D22F0CFF-D47F-4541-BD6D-3F07808EE468} = {570C81EC-F237-4F7A-915C-59EB4B6A148F}
		{CCC62E59-19DD-44B7-B565-CEA7AE8A83EC} = {570C81EC-F237-4F7A-915C-59EB4B6A148F}
		{DCFE28B5-245F-4C28-869B-C42C73E816E5} = {570C81EC-F237-4F7A-915C-59EB4B6A148F}
		{85E813C0-4A94-4946-8B1F-DE1E39AA7D11} = {7332A8CB-3659-42D2-A3FC-587F67286C60}
		{FCC1AF9C-F74C-46DA-ADEA-3A60CA054373} = {7332A8CB-3659-42D2-A3FC-587F67286C60}
		{EA5A3BC1-F791-4CFE-99EF-460C02C86305} = {7332A8CB-3659-42D2-A3FC-587F67286C60}
		{EEF79117-7C76-446E-A3F1-FD1D4DD04762} = {2D3A24D4-C815-4CDE-996E-82D2B770DBDC}
	EndGlobalSection
EndGlobal
