
Microsoft Visual Studio Solution File, Format Version 12.00
# Visual Studio 2012
Project("{FAE04EC0-301F-11D3-BF4B-00C04F79EFBC}") = "NServiceBus.AcceptanceTesting", "AcceptanceTests\NServiceBus.AcceptanceTesting\NServiceBus.AcceptanceTesting.csproj", "{758357F6-CD31-4337-80C4-BA377FC257AF}"
EndProject
Project("{FAE04EC0-301F-11D3-BF4B-00C04F79EFBC}") = "NServiceBus.AcceptanceTests", "AcceptanceTests\NServiceBus.AcceptanceTests\NServiceBus.AcceptanceTests.csproj", "{6A9E04E7-6229-4A3E-B94A-DA168E962B5A}"
EndProject
Global
	GlobalSection(SolutionConfigurationPlatforms) = preSolution
		Debug|Any CPU = Debug|Any CPU
		Release|Any CPU = Release|Any CPU
	EndGlobalSection
	GlobalSection(ProjectConfigurationPlatforms) = postSolution
		{758357F6-CD31-4337-80C4-BA377FC257AF}.Debug|Any CPU.ActiveCfg = Debug|Any CPU
		{758357F6-CD31-4337-80C4-BA377FC257AF}.Debug|Any CPU.Build.0 = Debug|Any CPU
		{758357F6-CD31-4337-80C4-BA377FC257AF}.Release|Any CPU.ActiveCfg = Release|Any CPU
		{758357F6-CD31-4337-80C4-BA377FC257AF}.Release|Any CPU.Build.0 = Release|Any CPU
		{6A9E04E7-6229-4A3E-B94A-DA168E962B5A}.Debug|Any CPU.ActiveCfg = Debug|Any CPU
		{6A9E04E7-6229-4A3E-B94A-DA168E962B5A}.Debug|Any CPU.Build.0 = Debug|Any CPU
		{6A9E04E7-6229-4A3E-B94A-DA168E962B5A}.Release|Any CPU.ActiveCfg = Release|Any CPU
		{6A9E04E7-6229-4A3E-B94A-DA168E962B5A}.Release|Any CPU.Build.0 = Release|Any CPU
	EndGlobalSection
	GlobalSection(SolutionProperties) = preSolution
		HideSolutionNode = FALSE
	EndGlobalSection
	GlobalSection(ExtensibilityGlobals) = postSolution
		EnterpriseLibraryConfigurationToolBinariesPath = packages\Unity.2.1.505.2\lib\NET35
	EndGlobalSection
EndGlobal
