NUGET
  remote: https://www.myget.org/F/particular
  specs:
    Autofac (3.5.2)
    Castle.Core (3.3.0)
    Castle.Windsor (3.3.0)
      Castle.Core (>= 3.3.0)
    Common.Logging (1.2.0)
    CommonServiceLocator (1.0)
    Fody (1.25.0)
    GitVersion (1.2.1)
    GitVersionTask (1.2.1)
    Janitor.Fody (1.1.0.0)
      Fody (>= 0)
    ModuleInit.Fody (1.5.6.0)
      Fody (>= 0)
    NUnit (2.6.3)
    Newtonsoft.Json (5.0.6)
    Ninject (3.2.2.0)
    Ninject.Extensions.ContextPreservation (3.2.0.0)
      Ninject (>= 3.2.0.0, <  3.3.0.0)
    Ninject.Extensions.NamedScope (3.2.0.0)
      Ninject (>= 3.2.0.0, <  3.3.0.0)
    NuGet.CommandLine (2.8.2)
    NuGet.Commandline (2.8.2)
    NuGetPackager (0.1.3)
      GitVersionTask (>= 1.2.0)
      NuGet.Commandline (>= 2.8.2)
    Obsolete.Fody (3.1.0.0)
      Fody (>= 0)
    Particular.Licensing.Sources (0.1.54)
    RhinoMocks (3.6.1)
    Spring.Core (1.3.2)
      Common.Logging (>= 1.2.0)
    log4net (1.2.10)