
Microsoft Visual Studio Solution File, Format Version 10.00
# Visual Studio 2008
Project("{FAE04EC0-301F-11D3-BF4B-00C04F79EFBC}") = "NServiceBus.Host", "NServiceBus.Host.csproj", "{85E813C0-4A94-4946-8B1F-DE1E39AA7D11}"
EndProject
Project("{FAE04EC0-301F-11D3-BF4B-00C04F79EFBC}") = "NServiceBus.Host.ExampleEndpoint", "..\NServiceBus.Host.ExampleEndpoint\NServiceBus.Host.ExampleEndpoint.csproj", "{FCC1AF9C-F74C-46DA-ADEA-3A60CA054373}"
EndProject
Project("{FAE04EC0-301F-11D3-BF4B-00C04F79EFBC}") = "NServiceBus.Host.ServerEndpoint", "..\NServiceBus.Host.ServerEndpoint\NServiceBus.Host.ServerEndpoint.csproj", "{EA5A3BC1-F791-4CFE-99EF-460C02C86305}"
EndProject
Global
	GlobalSection(SolutionConfigurationPlatforms) = preSolution
		Debug|Any CPU = Debug|Any CPU
		Release|Any CPU = Release|Any CPU
	EndGlobalSection
	GlobalSection(ProjectConfigurationPlatforms) = postSolution
		{85E813C0-4A94-4946-8B1F-DE1E39AA7D11}.Debug|Any CPU.ActiveCfg = Debug|Any CPU
		{85E813C0-4A94-4946-8B1F-DE1E39AA7D11}.Debug|Any CPU.Build.0 = Debug|Any CPU
		{85E813C0-4A94-4946-8B1F-DE1E39AA7D11}.Release|Any CPU.ActiveCfg = Release|Any CPU
		{85E813C0-4A94-4946-8B1F-DE1E39AA7D11}.Release|Any CPU.Build.0 = Release|Any CPU
		{FCC1AF9C-F74C-46DA-ADEA-3A60CA054373}.Debug|Any CPU.ActiveCfg = Debug|Any CPU
		{FCC1AF9C-F74C-46DA-ADEA-3A60CA054373}.Debug|Any CPU.Build.0 = Debug|Any CPU
		{FCC1AF9C-F74C-46DA-ADEA-3A60CA054373}.Release|Any CPU.ActiveCfg = Release|Any CPU
		{FCC1AF9C-F74C-46DA-ADEA-3A60CA054373}.Release|Any CPU.Build.0 = Release|Any CPU
		{EA5A3BC1-F791-4CFE-99EF-460C02C86305}.Debug|Any CPU.ActiveCfg = Debug|Any CPU
		{EA5A3BC1-F791-4CFE-99EF-460C02C86305}.Debug|Any CPU.Build.0 = Debug|Any CPU
		{EA5A3BC1-F791-4CFE-99EF-460C02C86305}.Release|Any CPU.ActiveCfg = Release|Any CPU
		{EA5A3BC1-F791-4CFE-99EF-460C02C86305}.Release|Any CPU.Build.0 = Release|Any CPU
	EndGlobalSection
	GlobalSection(SolutionProperties) = preSolution
		HideSolutionNode = FALSE
	EndGlobalSection
EndGlobal
