
Microsoft Visual Studio Solution File, Format Version 11.00
# Visual Studio 2010
Project("{FAE04EC0-301F-11D3-BF4B-00C04F79EFBC}") = "NServiceBus.TimeoutPersisters.NHibernate", "NServiceBus.TimeoutPersisters.NHibernate\NServiceBus.TimeoutPersisters.NHibernate.csproj", "{11F92A75-4CBE-4715-9E65-8EB7EBD64AF7}"
EndProject
Project("{FAE04EC0-301F-11D3-BF4B-00C04F79EFBC}") = "NServiceBus.TimeoutPersisters.NHibernate.Tests", "NServiceBus.TimeoutPersisters.NHibernate.Tests\NServiceBus.TimeoutPersisters.NHibernate.Tests.csproj", "{4F6B59C8-917C-4C72-A212-F740E585660F}"
EndProject
Global
	GlobalSection(SolutionConfigurationPlatforms) = preSolution
		Debug|Any CPU = Debug|Any CPU
		Release|Any CPU = Release|Any CPU
	EndGlobalSection
	GlobalSection(ProjectConfigurationPlatforms) = postSolution
		{11F92A75-4CBE-4715-9E65-8EB7EBD64AF7}.Debug|Any CPU.ActiveCfg = Debug|Any CPU
		{11F92A75-4CBE-4715-9E65-8EB7EBD64AF7}.Debug|Any CPU.Build.0 = Debug|Any CPU
		{11F92A75-4CBE-4715-9E65-8EB7EBD64AF7}.Release|Any CPU.ActiveCfg = Release|Any CPU
		{11F92A75-4CBE-4715-9E65-8EB7EBD64AF7}.Release|Any CPU.Build.0 = Release|Any CPU
		{4F6B59C8-917C-4C72-A212-F740E585660F}.Debug|Any CPU.ActiveCfg = Debug|Any CPU
		{4F6B59C8-917C-4C72-A212-F740E585660F}.Debug|Any CPU.Build.0 = Debug|Any CPU
		{4F6B59C8-917C-4C72-A212-F740E585660F}.Release|Any CPU.ActiveCfg = Release|Any CPU
		{4F6B59C8-917C-4C72-A212-F740E585660F}.Release|Any CPU.Build.0 = Release|Any CPU
	EndGlobalSection
	GlobalSection(SolutionProperties) = preSolution
		HideSolutionNode = FALSE
	EndGlobalSection
EndGlobal
