
Microsoft Visual Studio Solution File, Format Version 11.00
# Visual Studio 2010
Project("{FAE04EC0-301F-11D3-BF4B-00C04F79EFBC}") = "TimeoutMigrator", "TimeoutMigrator\TimeoutMigrator.csproj", "{3D45203C-D122-4F81-A87C-99EF6E9A837C}"
EndProject
Project("{FAE04EC0-301F-11D3-BF4B-00C04F79EFBC}") = "NServiceBus.Compatibility", "NServiceBus.Compatibility\NServiceBus.Compatibility.csproj", "{B2AC7699-14ED-4D96-814B-4AF21635587A}"
EndProject
Global
	GlobalSection(SolutionConfigurationPlatforms) = preSolution
		Debug|Any CPU = Debug|Any CPU
		Debug|Mixed Platforms = Debug|Mixed Platforms
		Debug|x86 = Debug|x86
		Release|Any CPU = Release|Any CPU
		Release|Mixed Platforms = Release|Mixed Platforms
		Release|x86 = Release|x86
	EndGlobalSection
	GlobalSection(ProjectConfigurationPlatforms) = postSolution
		{3D45203C-D122-4F81-A87C-99EF6E9A837C}.Debug|Any CPU.ActiveCfg = Debug|x86
		{3D45203C-D122-4F81-A87C-99EF6E9A837C}.Debug|Mixed Platforms.ActiveCfg = Debug|x86
		{3D45203C-D122-4F81-A87C-99EF6E9A837C}.Debug|Mixed Platforms.Build.0 = Debug|x86
		{3D45203C-D122-4F81-A87C-99EF6E9A837C}.Debug|x86.ActiveCfg = Debug|x86
		{3D45203C-D122-4F81-A87C-99EF6E9A837C}.Debug|x86.Build.0 = Debug|x86
		{3D45203C-D122-4F81-A87C-99EF6E9A837C}.Release|Any CPU.ActiveCfg = Release|x86
		{3D45203C-D122-4F81-A87C-99EF6E9A837C}.Release|Mixed Platforms.ActiveCfg = Release|x86
		{3D45203C-D122-4F81-A87C-99EF6E9A837C}.Release|Mixed Platforms.Build.0 = Release|x86
		{3D45203C-D122-4F81-A87C-99EF6E9A837C}.Release|x86.ActiveCfg = Release|x86
		{3D45203C-D122-4F81-A87C-99EF6E9A837C}.Release|x86.Build.0 = Release|x86
		{B2AC7699-14ED-4D96-814B-4AF21635587A}.Debug|Any CPU.ActiveCfg = Debug|Any CPU
		{B2AC7699-14ED-4D96-814B-4AF21635587A}.Debug|Any CPU.Build.0 = Debug|Any CPU
		{B2AC7699-14ED-4D96-814B-4AF21635587A}.Debug|Mixed Platforms.ActiveCfg = Debug|Any CPU
		{B2AC7699-14ED-4D96-814B-4AF21635587A}.Debug|Mixed Platforms.Build.0 = Debug|Any CPU
		{B2AC7699-14ED-4D96-814B-4AF21635587A}.Debug|x86.ActiveCfg = Debug|Any CPU
		{B2AC7699-14ED-4D96-814B-4AF21635587A}.Release|Any CPU.ActiveCfg = Release|Any CPU
		{B2AC7699-14ED-4D96-814B-4AF21635587A}.Release|Any CPU.Build.0 = Release|Any CPU
		{B2AC7699-14ED-4D96-814B-4AF21635587A}.Release|Mixed Platforms.ActiveCfg = Release|Any CPU
		{B2AC7699-14ED-4D96-814B-4AF21635587A}.Release|Mixed Platforms.Build.0 = Release|Any CPU
		{B2AC7699-14ED-4D96-814B-4AF21635587A}.Release|x86.ActiveCfg = Release|Any CPU
	EndGlobalSection
	GlobalSection(SolutionProperties) = preSolution
		HideSolutionNode = FALSE
	EndGlobalSection
EndGlobal
