
Microsoft Visual Studio Solution File, Format Version 11.00
# Visual Studio 2010
Project("{FAE04EC0-301F-11D3-BF4B-00C04F79EFBC}") = "NServiceBus.UnitOfWork.NHibernate", "UnitOfWork\NServiceBus.UnitOfWork.NHibernate\NServiceBus.UnitOfWork.NHibernate.csproj", "{6A731C25-84D8-42AC-BDC4-618432B87257}"
EndProject
Project("{FAE04EC0-301F-11D3-BF4B-00C04F79EFBC}") = "NServiceBus.UnitOfWork.NHibernate.Config", "UnitOfWork\NServiceBus.UnitOfWork.NHibernate.Config\NServiceBus.UnitOfWork.NHibernate.Config.csproj", "{EC6FD140-4970-4414-A972-AE3D3576328E}"
EndProject
Project("{2150E333-8FDC-42A3-9474-1A3956D46DE8}") = "UnitOfWork", "UnitOfWork", "{4CCD120B-56B0-4C5B-9EEF-BD873DE78189}"
EndProject
Project("{2150E333-8FDC-42A3-9474-1A3956D46DE8}") = "SagaPersister", "SagaPersister", "{DFC9939A-CDDF-479B-B6AD-89612AE2A280}"
EndProject
Project("{FAE04EC0-301F-11D3-BF4B-00C04F79EFBC}") = "NServiceBus.SagaPersisters.NHibernate", "SagaPersister\NServiceBus.SagaPersisters.NHibernate\NServiceBus.SagaPersisters.NHibernate.csproj", "{4A904B94-8DC4-4C02-A4FD-374E78990374}"
EndProject
Project("{FAE04EC0-301F-11D3-BF4B-00C04F79EFBC}") = "NServiceBus.SagaPersisters.NHibernate.AutoPersistence", "SagaPersister\NServiceBus.SagaPersisters.NHibernate.AutoPersistence\NServiceBus.SagaPersisters.NHibernate.AutoPersistence.csproj", "{B19F49E5-7059-4C18-91E7-D35DA4398D0C}"
EndProject
Project("{FAE04EC0-301F-11D3-BF4B-00C04F79EFBC}") = "NServiceBus.SagaPersisters.NHibernate.Config", "SagaPersister\NServiceBus.SagaPersisters.NHibernate.Config\NServiceBus.SagaPersisters.NHibernate.Config.csproj", "{1EDB9B0E-2D06-41DC-854B-F9BF63181999}"
EndProject
Project("{FAE04EC0-301F-11D3-BF4B-00C04F79EFBC}") = "NServiceBus.SagaPersisters.NHibernate.Tests", "SagaPersister\NServiceBus.SagaPersisters.NHibernate.Tests\NServiceBus.SagaPersisters.NHibernate.Tests.csproj", "{7F1A7421-0335-43D4-8C50-4ED444D19336}"
EndProject
Project("{FAE04EC0-301F-11D3-BF4B-00C04F79EFBC}") = "NServiceBus.Unicast.Subscriptions.NHibernate", "Subscriptions\NServiceBus.Unicast.Subscriptions.NHibernate\NServiceBus.Unicast.Subscriptions.NHibernate.csproj", "{FB2ACC79-1E04-47CA-8F4B-31327E10B5E3}"
EndProject
Project("{FAE04EC0-301F-11D3-BF4B-00C04F79EFBC}") = "NServiceBus.Unicast.Subscriptions.NHibernate.Tests", "Subscriptions\NServiceBus.Unicast.Subscriptions.NHibernate.Tests\NServiceBus.Unicast.Subscriptions.NHibernate.Tests.csproj", "{06AE9368-B357-4682-8B79-1FB186BF38B5}"
EndProject
Project("{2150E333-8FDC-42A3-9474-1A3956D46DE8}") = "SubscriptionStorage", "SubscriptionStorage", "{0123916C-663A-4DD8-BAA1-928AF4319E5D}"
EndProject
Project("{2150E333-8FDC-42A3-9474-1A3956D46DE8}") = "TimeoutPersister", "TimeoutPersister", "{48FFA504-3DB1-4198-9DDC-41CAA223BB71}"
EndProject
Project("{FAE04EC0-301F-11D3-BF4B-00C04F79EFBC}") = "NServiceBus.TimeoutPersisters.NHibernate", "TimeoutPersister\NServiceBus.TimeoutPersisters.NHibernate\NServiceBus.TimeoutPersisters.NHibernate.csproj", "{11F92A75-4CBE-4715-9E65-8EB7EBD64AF7}"
EndProject
Project("{FAE04EC0-301F-11D3-BF4B-00C04F79EFBC}") = "NServiceBus.TimeoutPersisters.NHibernate.Tests", "TimeoutPersister\NServiceBus.TimeoutPersisters.NHibernate.Tests\NServiceBus.TimeoutPersisters.NHibernate.Tests.csproj", "{4F6B59C8-917C-4C72-A212-F740E585660F}"
EndProject
Global
	GlobalSection(SolutionConfigurationPlatforms) = preSolution
		Debug|Any CPU = Debug|Any CPU
		Release|Any CPU = Release|Any CPU
	EndGlobalSection
	GlobalSection(ProjectConfigurationPlatforms) = postSolution
		{6A731C25-84D8-42AC-BDC4-618432B87257}.Debug|Any CPU.ActiveCfg = Debug|Any CPU
		{6A731C25-84D8-42AC-BDC4-618432B87257}.Debug|Any CPU.Build.0 = Debug|Any CPU
		{6A731C25-84D8-42AC-BDC4-618432B87257}.Release|Any CPU.ActiveCfg = Release|Any CPU
		{6A731C25-84D8-42AC-BDC4-618432B87257}.Release|Any CPU.Build.0 = Release|Any CPU
		{EC6FD140-4970-4414-A972-AE3D3576328E}.Debug|Any CPU.ActiveCfg = Debug|Any CPU
		{EC6FD140-4970-4414-A972-AE3D3576328E}.Debug|Any CPU.Build.0 = Debug|Any CPU
		{EC6FD140-4970-4414-A972-AE3D3576328E}.Release|Any CPU.ActiveCfg = Release|Any CPU
		{EC6FD140-4970-4414-A972-AE3D3576328E}.Release|Any CPU.Build.0 = Release|Any CPU
		{4A904B94-8DC4-4C02-A4FD-374E78990374}.Debug|Any CPU.ActiveCfg = Debug|Any CPU
		{4A904B94-8DC4-4C02-A4FD-374E78990374}.Debug|Any CPU.Build.0 = Debug|Any CPU
		{4A904B94-8DC4-4C02-A4FD-374E78990374}.Release|Any CPU.ActiveCfg = Release|Any CPU
		{4A904B94-8DC4-4C02-A4FD-374E78990374}.Release|Any CPU.Build.0 = Release|Any CPU
		{B19F49E5-7059-4C18-91E7-D35DA4398D0C}.Debug|Any CPU.ActiveCfg = Debug|Any CPU
		{B19F49E5-7059-4C18-91E7-D35DA4398D0C}.Debug|Any CPU.Build.0 = Debug|Any CPU
		{B19F49E5-7059-4C18-91E7-D35DA4398D0C}.Release|Any CPU.ActiveCfg = Release|Any CPU
		{B19F49E5-7059-4C18-91E7-D35DA4398D0C}.Release|Any CPU.Build.0 = Release|Any CPU
		{1EDB9B0E-2D06-41DC-854B-F9BF63181999}.Debug|Any CPU.ActiveCfg = Debug|Any CPU
		{1EDB9B0E-2D06-41DC-854B-F9BF63181999}.Debug|Any CPU.Build.0 = Debug|Any CPU
		{1EDB9B0E-2D06-41DC-854B-F9BF63181999}.Release|Any CPU.ActiveCfg = Release|Any CPU
		{1EDB9B0E-2D06-41DC-854B-F9BF63181999}.Release|Any CPU.Build.0 = Release|Any CPU
		{7F1A7421-0335-43D4-8C50-4ED444D19336}.Debug|Any CPU.ActiveCfg = Debug|Any CPU
		{7F1A7421-0335-43D4-8C50-4ED444D19336}.Debug|Any CPU.Build.0 = Debug|Any CPU
		{7F1A7421-0335-43D4-8C50-4ED444D19336}.Release|Any CPU.ActiveCfg = Release|Any CPU
		{7F1A7421-0335-43D4-8C50-4ED444D19336}.Release|Any CPU.Build.0 = Release|Any CPU
		{FB2ACC79-1E04-47CA-8F4B-31327E10B5E3}.Debug|Any CPU.ActiveCfg = Debug|Any CPU
		{FB2ACC79-1E04-47CA-8F4B-31327E10B5E3}.Debug|Any CPU.Build.0 = Debug|Any CPU
		{FB2ACC79-1E04-47CA-8F4B-31327E10B5E3}.Release|Any CPU.ActiveCfg = Release|Any CPU
		{FB2ACC79-1E04-47CA-8F4B-31327E10B5E3}.Release|Any CPU.Build.0 = Release|Any CPU
		{06AE9368-B357-4682-8B79-1FB186BF38B5}.Debug|Any CPU.ActiveCfg = Debug|Any CPU
		{06AE9368-B357-4682-8B79-1FB186BF38B5}.Debug|Any CPU.Build.0 = Debug|Any CPU
		{06AE9368-B357-4682-8B79-1FB186BF38B5}.Release|Any CPU.ActiveCfg = Release|Any CPU
		{06AE9368-B357-4682-8B79-1FB186BF38B5}.Release|Any CPU.Build.0 = Release|Any CPU
		{11F92A75-4CBE-4715-9E65-8EB7EBD64AF7}.Debug|Any CPU.ActiveCfg = Debug|Any CPU
		{11F92A75-4CBE-4715-9E65-8EB7EBD64AF7}.Debug|Any CPU.Build.0 = Debug|Any CPU
		{11F92A75-4CBE-4715-9E65-8EB7EBD64AF7}.Release|Any CPU.ActiveCfg = Release|Any CPU
		{11F92A75-4CBE-4715-9E65-8EB7EBD64AF7}.Release|Any CPU.Build.0 = Release|Any CPU
		{4F6B59C8-917C-4C72-A212-F740E585660F}.Debug|Any CPU.ActiveCfg = Debug|Any CPU
		{4F6B59C8-917C-4C72-A212-F740E585660F}.Debug|Any CPU.Build.0 = Debug|Any CPU
		{4F6B59C8-917C-4C72-A212-F740E585660F}.Release|Any CPU.ActiveCfg = Release|Any CPU
		{4F6B59C8-917C-4C72-A212-F740E585660F}.Release|Any CPU.Build.0 = Release|Any CPU
	EndGlobalSection
	GlobalSection(SolutionProperties) = preSolution
		HideSolutionNode = FALSE
	EndGlobalSection
	GlobalSection(NestedProjects) = preSolution
		{EC6FD140-4970-4414-A972-AE3D3576328E} = {4CCD120B-56B0-4C5B-9EEF-BD873DE78189}
		{6A731C25-84D8-42AC-BDC4-618432B87257} = {4CCD120B-56B0-4C5B-9EEF-BD873DE78189}
		{4A904B94-8DC4-4C02-A4FD-374E78990374} = {DFC9939A-CDDF-479B-B6AD-89612AE2A280}
		{B19F49E5-7059-4C18-91E7-D35DA4398D0C} = {DFC9939A-CDDF-479B-B6AD-89612AE2A280}
		{1EDB9B0E-2D06-41DC-854B-F9BF63181999} = {DFC9939A-CDDF-479B-B6AD-89612AE2A280}
		{7F1A7421-0335-43D4-8C50-4ED444D19336} = {DFC9939A-CDDF-479B-B6AD-89612AE2A280}
		{06AE9368-B357-4682-8B79-1FB186BF38B5} = {0123916C-663A-4DD8-BAA1-928AF4319E5D}
		{FB2ACC79-1E04-47CA-8F4B-31327E10B5E3} = {0123916C-663A-4DD8-BAA1-928AF4319E5D}
		{11F92A75-4CBE-4715-9E65-8EB7EBD64AF7} = {48FFA504-3DB1-4198-9DDC-41CAA223BB71}
		{4F6B59C8-917C-4C72-A212-F740E585660F} = {48FFA504-3DB1-4198-9DDC-41CAA223BB71}
	EndGlobalSection
EndGlobal
