
Microsoft Visual Studio Solution File, Format Version 11.00
# Visual Studio 2010
Project("{FAE04EC0-301F-11D3-BF4B-00C04F79EFBC}") = "NServiceBus.Unicast.Transport.Transactional", "NServiceBus.Unicast.Transport.Transactional\NServiceBus.Unicast.Transport.Transactional.csproj", "{2A228EF8-9C46-43F8-AF56-18569B443CF9}"
EndProject
Project("{FAE04EC0-301F-11D3-BF4B-00C04F79EFBC}") = "NServiceBus.Unicast.Transport.Transactional.Config", "NServiceBus.Unicast.Transport.Transactional.Config\NServiceBus.Unicast.Transport.Transactional.Config.csproj", "{A0941A26-E057-4437-B031-4B2EFED18F47}"
EndProject
Project("{FAE04EC0-301F-11D3-BF4B-00C04F79EFBC}") = "NServiceBus.Unicast.Transport.Transactional.Tests", "NServiceBus.Unicast.Transport.Transactional.Tests\NServiceBus.Unicast.Transport.Transactional.Tests.csproj", "{F29C8292-E03B-496C-B2E5-9910938B1090}"
EndProject
Global
	GlobalSection(SolutionConfigurationPlatforms) = preSolution
		Debug|Any CPU = Debug|Any CPU
		Release|Any CPU = Release|Any CPU
	EndGlobalSection
	GlobalSection(ProjectConfigurationPlatforms) = postSolution
		{2A228EF8-9C46-43F8-AF56-18569B443CF9}.Debug|Any CPU.ActiveCfg = Debug|Any CPU
		{2A228EF8-9C46-43F8-AF56-18569B443CF9}.Debug|Any CPU.Build.0 = Debug|Any CPU
		{2A228EF8-9C46-43F8-AF56-18569B443CF9}.Release|Any CPU.ActiveCfg = Release|Any CPU
		{2A228EF8-9C46-43F8-AF56-18569B443CF9}.Release|Any CPU.Build.0 = Release|Any CPU
		{A0941A26-E057-4437-B031-4B2EFED18F47}.Debug|Any CPU.ActiveCfg = Debug|Any CPU
		{A0941A26-E057-4437-B031-4B2EFED18F47}.Debug|Any CPU.Build.0 = Debug|Any CPU
		{A0941A26-E057-4437-B031-4B2EFED18F47}.Release|Any CPU.ActiveCfg = Release|Any CPU
		{A0941A26-E057-4437-B031-4B2EFED18F47}.Release|Any CPU.Build.0 = Release|Any CPU
		{F29C8292-E03B-496C-B2E5-9910938B1090}.Debug|Any CPU.ActiveCfg = Debug|Any CPU
		{F29C8292-E03B-496C-B2E5-9910938B1090}.Debug|Any CPU.Build.0 = Debug|Any CPU
		{F29C8292-E03B-496C-B2E5-9910938B1090}.Release|Any CPU.ActiveCfg = Release|Any CPU
		{F29C8292-E03B-496C-B2E5-9910938B1090}.Release|Any CPU.Build.0 = Release|Any CPU
	EndGlobalSection
	GlobalSection(SolutionProperties) = preSolution
		HideSolutionNode = FALSE
	EndGlobalSection
EndGlobal
