
Microsoft Visual Studio Solution File, Format Version 11.00
# Visual Studio 2010
Project("{FAE04EC0-301F-11D3-BF4B-00C04F79EFBC}") = "NServiceBus.Scheduling", "NServiceBus.Scheduling\NServiceBus.Scheduling.csproj", "{D90546DE-F0F4-4849-9131-22E6C46D9D88}"
EndProject
Project("{FAE04EC0-301F-11D3-BF4B-00C04F79EFBC}") = "NServiceBus.Scheduling.Tests", "NServiceBus.Scheduling.Tests\NServiceBus.Scheduling.Tests.csproj", "{D33F918B-A038-4998-8D02-5DF81C99F097}"
EndProject
Project("{FAE04EC0-301F-11D3-BF4B-00C04F79EFBC}") = "MyServer", "..\..\Samples\TimeoutManager\MyServer\MyServer.csproj", "{5B4F9AC7-B891-4D6A-8804-12B6AF89BE53}"
EndProject
Global
	GlobalSection(SolutionConfigurationPlatforms) = preSolution
		Debug|Any CPU = Debug|Any CPU
		Release|Any CPU = Release|Any CPU
	EndGlobalSection
	GlobalSection(ProjectConfigurationPlatforms) = postSolution
		{D90546DE-F0F4-4849-9131-22E6C46D9D88}.Debug|Any CPU.ActiveCfg = Debug|Any CPU
		{D90546DE-F0F4-4849-9131-22E6C46D9D88}.Debug|Any CPU.Build.0 = Debug|Any CPU
		{D90546DE-F0F4-4849-9131-22E6C46D9D88}.Release|Any CPU.ActiveCfg = Release|Any CPU
		{D90546DE-F0F4-4849-9131-22E6C46D9D88}.Release|Any CPU.Build.0 = Release|Any CPU
		{D33F918B-A038-4998-8D02-5DF81C99F097}.Debug|Any CPU.ActiveCfg = Debug|Any CPU
		{D33F918B-A038-4998-8D02-5DF81C99F097}.Debug|Any CPU.Build.0 = Debug|Any CPU
		{D33F918B-A038-4998-8D02-5DF81C99F097}.Release|Any CPU.ActiveCfg = Release|Any CPU
		{D33F918B-A038-4998-8D02-5DF81C99F097}.Release|Any CPU.Build.0 = Release|Any CPU
		{5B4F9AC7-B891-4D6A-8804-12B6AF89BE53}.Debug|Any CPU.ActiveCfg = Debug|Any CPU
		{5B4F9AC7-B891-4D6A-8804-12B6AF89BE53}.Debug|Any CPU.Build.0 = Debug|Any CPU
		{5B4F9AC7-B891-4D6A-8804-12B6AF89BE53}.Release|Any CPU.ActiveCfg = Release|Any CPU
		{5B4F9AC7-B891-4D6A-8804-12B6AF89BE53}.Release|Any CPU.Build.0 = Release|Any CPU
	EndGlobalSection
	GlobalSection(SolutionProperties) = preSolution
		HideSolutionNode = FALSE
	EndGlobalSection
EndGlobal
