
Microsoft Visual Studio Solution File, Format Version 11.00
# Visual Studio 2010
Project("{FAE04EC0-301F-11D3-BF4B-00C04F79EFBC}") = "NServiceBus.Installation", "NServiceBus.Installation\NServiceBus.Installation.csproj", "{E05C9496-8C83-403B-81EE-722FE9673EC4}"
EndProject
Global
	GlobalSection(SolutionConfigurationPlatforms) = preSolution
		Debug|Any CPU = Debug|Any CPU
		Release|Any CPU = Release|Any CPU
	EndGlobalSection
	GlobalSection(ProjectConfigurationPlatforms) = postSolution
		{E05C9496-8C83-403B-81EE-722FE9673EC4}.Debug|Any CPU.ActiveCfg = Debug|Any CPU
		{E05C9496-8C83-403B-81EE-722FE9673EC4}.Debug|Any CPU.Build.0 = Debug|Any CPU
		{E05C9496-8C83-403B-81EE-722FE9673EC4}.Release|Any CPU.ActiveCfg = Release|Any CPU
		{E05C9496-8C83-403B-81EE-722FE9673EC4}.Release|Any CPU.Build.0 = Release|Any CPU
	EndGlobalSection
	GlobalSection(SolutionProperties) = preSolution
		HideSolutionNode = FALSE
	EndGlobalSection
EndGlobal
