
Microsoft Visual Studio Solution File, Format Version 11.00
# Visual Studio 2010
Project("{FAE04EC0-301F-11D3-BF4B-00C04F79EFBC}") = "NServiceBus.Encryption", "NServiceBus.Encryption\NServiceBus.Encryption.csproj", "{5F4AD8CE-D651-4891-BBAD-116F341163C1}"
EndProject
Project("{FAE04EC0-301F-11D3-BF4B-00C04F79EFBC}") = "NServiceBus.Encryption.Tests", "..\..\tests\encryption\NServiceBus.Encryption.Tests\NServiceBus.Encryption.Tests.csproj", "{15A80980-AA9F-48A0-B20A-5F7D8A2263CE}"
EndProject
Global
	GlobalSection(SolutionConfigurationPlatforms) = preSolution
		Debug|Any CPU = Debug|Any CPU
		Release|Any CPU = Release|Any CPU
	EndGlobalSection
	GlobalSection(ProjectConfigurationPlatforms) = postSolution
		{5F4AD8CE-D651-4891-BBAD-116F341163C1}.Debug|Any CPU.ActiveCfg = Debug|Any CPU
		{5F4AD8CE-D651-4891-BBAD-116F341163C1}.Debug|Any CPU.Build.0 = Debug|Any CPU
		{5F4AD8CE-D651-4891-BBAD-116F341163C1}.Release|Any CPU.ActiveCfg = Release|Any CPU
		{5F4AD8CE-D651-4891-BBAD-116F341163C1}.Release|Any CPU.Build.0 = Release|Any CPU
		{15A80980-AA9F-48A0-B20A-5F7D8A2263CE}.Debug|Any CPU.ActiveCfg = Debug|Any CPU
		{15A80980-AA9F-48A0-B20A-5F7D8A2263CE}.Debug|Any CPU.Build.0 = Debug|Any CPU
		{15A80980-AA9F-48A0-B20A-5F7D8A2263CE}.Release|Any CPU.ActiveCfg = Release|Any CPU
		{15A80980-AA9F-48A0-B20A-5F7D8A2263CE}.Release|Any CPU.Build.0 = Release|Any CPU
	EndGlobalSection
	GlobalSection(SolutionProperties) = preSolution
		HideSolutionNode = FALSE
	EndGlobalSection
EndGlobal
