
Microsoft Visual Studio Solution File, Format Version 11.00
# Visual Studio 2010
Project("{FAE04EC0-301F-11D3-BF4B-00C04F79EFBC}") = "NServiceBus.SQLite", "NServiceBus.SQLite\NServiceBus.SQLite.csproj", "{29622FD3-D671-4457-976D-DB7B125ED617}"
EndProject
Global
	GlobalSection(SolutionConfigurationPlatforms) = preSolution
		Debug|Any CPU = Debug|Any CPU
		Release|Any CPU = Release|Any CPU
	EndGlobalSection
	GlobalSection(ProjectConfigurationPlatforms) = postSolution
		{29622FD3-D671-4457-976D-DB7B125ED617}.Debug|Any CPU.ActiveCfg = Debug|Any CPU
		{29622FD3-D671-4457-976D-DB7B125ED617}.Debug|Any CPU.Build.0 = Debug|Any CPU
		{29622FD3-D671-4457-976D-DB7B125ED617}.Release|Any CPU.ActiveCfg = Release|Any CPU
		{29622FD3-D671-4457-976D-DB7B125ED617}.Release|Any CPU.Build.0 = Release|Any CPU
	EndGlobalSection
	GlobalSection(SolutionProperties) = preSolution
		HideSolutionNode = FALSE
	EndGlobalSection
EndGlobal
