
Microsoft Visual Studio Solution File, Format Version 12.00
# Visual Studio 2013
VisualStudioVersion = 12.0.21005.1
MinimumVisualStudioVersion = 10.0.40219.1
Project("{FAE04EC0-301F-11D3-BF4B-00C04F79EFBC}") = "NServiceBus.Hosting", "NServiceBus.Hosting\NServiceBus.Hosting.csproj", "{B5F333D1-D6B1-49FB-82F6-74641E5D11E3}"
EndProject
Project("{FAE04EC0-301F-11D3-BF4B-00C04F79EFBC}") = "NServiceBus.Hosting.Tests", "NServiceBus.Hosting.Tests\NServiceBus.Hosting.Tests.csproj", "{93B2CD66-7860-47A3-A039-B7D778E9A8F4}"
EndProject
Project("{FAE04EC0-301F-11D3-BF4B-00C04F79EFBC}") = "NServiceBus.Hosting.Windows", "NServiceBus.Hosting.Windows\NServiceBus.Hosting.Windows.csproj", "{85E813C0-4A94-4946-8B1F-DE1E39AA7D11}"
EndProject
Global
	GlobalSection(SolutionConfigurationPlatforms) = preSolution
		Debug|Any CPU = Debug|Any CPU
		Debug|Mixed Platforms = Debug|Mixed Platforms
		Debug|x86 = Debug|x86
		Release|Any CPU = Release|Any CPU
		Release|Mixed Platforms = Release|Mixed Platforms
		Release|x86 = Release|x86
	EndGlobalSection
	GlobalSection(ProjectConfigurationPlatforms) = postSolution
		{B5F333D1-D6B1-49FB-82F6-74641E5D11E3}.Debug|Any CPU.ActiveCfg = Debug|Any CPU
		{B5F333D1-D6B1-49FB-82F6-74641E5D11E3}.Debug|Any CPU.Build.0 = Debug|Any CPU
		{B5F333D1-D6B1-49FB-82F6-74641E5D11E3}.Debug|Mixed Platforms.ActiveCfg = Debug|Any CPU
		{B5F333D1-D6B1-49FB-82F6-74641E5D11E3}.Debug|Mixed Platforms.Build.0 = Debug|Any CPU
		{B5F333D1-D6B1-49FB-82F6-74641E5D11E3}.Debug|x86.ActiveCfg = Debug|Any CPU
		{B5F333D1-D6B1-49FB-82F6-74641E5D11E3}.Release|Any CPU.ActiveCfg = Release|Any CPU
		{B5F333D1-D6B1-49FB-82F6-74641E5D11E3}.Release|Any CPU.Build.0 = Release|Any CPU
		{B5F333D1-D6B1-49FB-82F6-74641E5D11E3}.Release|Mixed Platforms.ActiveCfg = Release|Any CPU
		{B5F333D1-D6B1-49FB-82F6-74641E5D11E3}.Release|Mixed Platforms.Build.0 = Release|Any CPU
		{B5F333D1-D6B1-49FB-82F6-74641E5D11E3}.Release|x86.ActiveCfg = Release|Any CPU
		{B5F333D1-D6B1-49FB-82F6-74641E5D11E3}.Release|x86.Build.0 = Release|Any CPU
		{93B2CD66-7860-47A3-A039-B7D778E9A8F4}.Debug|Any CPU.ActiveCfg = Debug|Any CPU
		{93B2CD66-7860-47A3-A039-B7D778E9A8F4}.Debug|Any CPU.Build.0 = Debug|Any CPU
		{93B2CD66-7860-47A3-A039-B7D778E9A8F4}.Debug|Mixed Platforms.ActiveCfg = Debug|Any CPU
		{93B2CD66-7860-47A3-A039-B7D778E9A8F4}.Debug|Mixed Platforms.Build.0 = Debug|Any CPU
		{93B2CD66-7860-47A3-A039-B7D778E9A8F4}.Debug|x86.ActiveCfg = Debug|Any CPU
		{93B2CD66-7860-47A3-A039-B7D778E9A8F4}.Release|Any CPU.ActiveCfg = Release|Any CPU
		{93B2CD66-7860-47A3-A039-B7D778E9A8F4}.Release|Mixed Platforms.ActiveCfg = Release|Any CPU
		{93B2CD66-7860-47A3-A039-B7D778E9A8F4}.Release|x86.ActiveCfg = Release|Any CPU
		{85E813C0-4A94-4946-8B1F-DE1E39AA7D11}.Debug|Any CPU.ActiveCfg = Debug|Any CPU
		{85E813C0-4A94-4946-8B1F-DE1E39AA7D11}.Debug|Any CPU.Build.0 = Debug|Any CPU
		{85E813C0-4A94-4946-8B1F-DE1E39AA7D11}.Debug|Mixed Platforms.ActiveCfg = Debug|Any CPU
		{85E813C0-4A94-4946-8B1F-DE1E39AA7D11}.Debug|Mixed Platforms.Build.0 = Debug|Any CPU
		{85E813C0-4A94-4946-8B1F-DE1E39AA7D11}.Debug|x86.ActiveCfg = Debug|Any CPU
		{85E813C0-4A94-4946-8B1F-DE1E39AA7D11}.Release|Any CPU.ActiveCfg = Release|Any CPU
		{85E813C0-4A94-4946-8B1F-DE1E39AA7D11}.Release|Any CPU.Build.0 = Release|Any CPU
		{85E813C0-4A94-4946-8B1F-DE1E39AA7D11}.Release|Mixed Platforms.ActiveCfg = Release|Any CPU
		{85E813C0-4A94-4946-8B1F-DE1E39AA7D11}.Release|Mixed Platforms.Build.0 = Release|Any CPU
		{85E813C0-4A94-4946-8B1F-DE1E39AA7D11}.Release|x86.ActiveCfg = Release|Any CPU
		{85E813C0-4A94-4946-8B1F-DE1E39AA7D11}.Release|x86.Build.0 = Release|Any CPU
	EndGlobalSection
	GlobalSection(SolutionProperties) = preSolution
		HideSolutionNode = FALSE
	EndGlobalSection
EndGlobal
