
Microsoft Visual Studio Solution File, Format Version 11.00
# Visual Studio 2010
Project("{FAE04EC0-301F-11D3-BF4B-00C04F79EFBC}") = "NServiceBus.Testing", "NServiceBus.Testing.csproj", "{8B815173-9AFA-4D95-BAB4-686C298F17DA}"
EndProject
Project("{FAE04EC0-301F-11D3-BF4B-00C04F79EFBC}") = "NServiceBus.Testing.Tests", "NServiceBus.Testing.Tests\NServiceBus.Testing.Tests.csproj", "{7619C202-AE52-45DC-98AF-901DD670F117}"
EndProject
Global
	GlobalSection(SolutionConfigurationPlatforms) = preSolution
		Debug|Any CPU = Debug|Any CPU
		Release|Any CPU = Release|Any CPU
	EndGlobalSection
	GlobalSection(ProjectConfigurationPlatforms) = postSolution
		{8B815173-9AFA-4D95-BAB4-686C298F17DA}.Debug|Any CPU.ActiveCfg = Debug|Any CPU
		{8B815173-9AFA-4D95-BAB4-686C298F17DA}.Debug|Any CPU.Build.0 = Debug|Any CPU
		{8B815173-9AFA-4D95-BAB4-686C298F17DA}.Release|Any CPU.ActiveCfg = Release|Any CPU
		{8B815173-9AFA-4D95-BAB4-686C298F17DA}.Release|Any CPU.Build.0 = Release|Any CPU
		{7619C202-AE52-45DC-98AF-901DD670F117}.Debug|Any CPU.ActiveCfg = Debug|Any CPU
		{7619C202-AE52-45DC-98AF-901DD670F117}.Debug|Any CPU.Build.0 = Debug|Any CPU
		{7619C202-AE52-45DC-98AF-901DD670F117}.Release|Any CPU.ActiveCfg = Release|Any CPU
		{7619C202-AE52-45DC-98AF-901DD670F117}.Release|Any CPU.Build.0 = Release|Any CPU
	EndGlobalSection
	GlobalSection(SolutionProperties) = preSolution
		HideSolutionNode = FALSE
	EndGlobalSection
EndGlobal
