
Microsoft Visual Studio Solution File, Format Version 11.00
# Visual Studio 2010
Project("{FAE04EC0-301F-11D3-BF4B-00C04F79EFBC}") = "NServiceBus.DataBus.Azure.BlobStorage", "DataBus\NServiceBus.DataBus.Azure.BlobStorage\NServiceBus.DataBus.Azure.BlobStorage.csproj", "{BF761591-5BAE-4CA1-96D5-CB70DBD4B71B}"
EndProject
Project("{FAE04EC0-301F-11D3-BF4B-00C04F79EFBC}") = "NServiceBus.Integration.Azure", "Integration\NServiceBus.Integration.Azure\NServiceBus.Integration.Azure.csproj", "{641D0198-FE99-42F4-B6CB-A14D0E9F639E}"
EndProject
Project("{FAE04EC0-301F-11D3-BF4B-00C04F79EFBC}") = "NServiceBus.Integration.Azure.Tests", "Integration\NServiceBus.Integration.Azure.Tests\NServiceBus.Integration.Azure.Tests.csproj", "{CA59C36D-FA35-42B4-99B5-5725C6AF1B01}"
EndProject
Project("{FAE04EC0-301F-11D3-BF4B-00C04F79EFBC}") = "NServiceBus.Unicast.Queuing.AppFabric", "Queueing\NServiceBus.Unicast.Queuing.AppFabric\NServiceBus.Unicast.Queuing.AppFabric.csproj", "{911C5871-B059-4F8D-99B3-86F13CDEFC86}"
EndProject
Project("{FAE04EC0-301F-11D3-BF4B-00C04F79EFBC}") = "NServiceBus.Unicast.Queuing.AppFabric.Config", "Queueing\NServiceBus.Unicast.Queuing.AppFabric.Config\NServiceBus.Unicast.Queuing.AppFabric.Config.csproj", "{350CA11F-E647-47F6-B9A3-1E1653B8D4B0}"
EndProject
Project("{FAE04EC0-301F-11D3-BF4B-00C04F79EFBC}") = "NServiceBus.Unicast.Queuing.Azure", "Queueing\NServiceBus.Unicast.Queuing.Azure\NServiceBus.Unicast.Queuing.Azure.csproj", "{D12E0534-9C6F-4E39-AC68-4212FF13E7F1}"
EndProject
Project("{FAE04EC0-301F-11D3-BF4B-00C04F79EFBC}") = "NServiceBus.Unicast.Queuing.Azure.Config", "Queueing\NServiceBus.Unicast.Queuing.Azure.Config\NServiceBus.Unicast.Queuing.Azure.Config.csproj", "{87C365D3-7D4A-4686-A042-5E7B83869CBF}"
EndProject
Project("{FAE04EC0-301F-11D3-BF4B-00C04F79EFBC}") = "NServiceBus.Unicast.Queuing.Azure.Tests", "Queueing\NServiceBus.Unicast.Queuing.Azure.Tests\NServiceBus.Unicast.Queuing.Azure.Tests.csproj", "{D917D6B0-53F0-4D21-BCBD-35BFE19FB4FD}"
EndProject
Project("{2150E333-8FDC-42A3-9474-1A3956D46DE8}") = "Databus", "Databus", "{0D1DC6CA-F387-46ED-8381-79FDF0137F69}"
EndProject
Project("{2150E333-8FDC-42A3-9474-1A3956D46DE8}") = "Integration", "Integration", "{A49ABF3E-AD05-46C2-9CD4-7E41B2E535FB}"
EndProject
Project("{2150E333-8FDC-42A3-9474-1A3956D46DE8}") = "Queuing", "Queuing", "{A009A68C-EA1E-4969-A9AB-BC246CDE7380}"
EndProject
Project("{FAE04EC0-301F-11D3-BF4B-00C04F79EFBC}") = "NServiceBus.SagaPersisters.Azure.Config", "SagaPersister\NServiceBus.SagaPersisters.Azure.Config\NServiceBus.SagaPersisters.Azure.Config.csproj", "{E9BCCCDC-5D5D-48AB-BF7A-5A2FE669D353}"
EndProject
Project("{FAE04EC0-301F-11D3-BF4B-00C04F79EFBC}") = "NServiceBus.Unicast.Subscriptions.Azure.TableStorage", "SubscriptionStorage\NServiceBus.Unicast.Subscriptions.Azure.TableStorage.csproj", "{FB2ACC79-1E04-47CA-8F4B-31327E10B5E3}"
EndProject
Project("{2150E333-8FDC-42A3-9474-1A3956D46DE8}") = "SagaPersister", "SagaPersister", "{601970BF-3F3A-4ABE-B5D9-B8053E54D9EE}"
EndProject
Project("{2150E333-8FDC-42A3-9474-1A3956D46DE8}") = "SubscriptionStorage", "SubscriptionStorage", "{3CD9D1E6-35E1-472C-AA72-E4051D78BC00}"
EndProject
Global
	GlobalSection(SolutionConfigurationPlatforms) = preSolution
		Debug|Any CPU = Debug|Any CPU
		Debug|Mixed Platforms = Debug|Mixed Platforms
		Debug|x86 = Debug|x86
		Release|Any CPU = Release|Any CPU
		Release|Mixed Platforms = Release|Mixed Platforms
		Release|x86 = Release|x86
	EndGlobalSection
	GlobalSection(ProjectConfigurationPlatforms) = postSolution
		{BF761591-5BAE-4CA1-96D5-CB70DBD4B71B}.Debug|Any CPU.ActiveCfg = Debug|Any CPU
		{BF761591-5BAE-4CA1-96D5-CB70DBD4B71B}.Debug|Any CPU.Build.0 = Debug|Any CPU
		{BF761591-5BAE-4CA1-96D5-CB70DBD4B71B}.Debug|Mixed Platforms.ActiveCfg = Debug|Any CPU
		{BF761591-5BAE-4CA1-96D5-CB70DBD4B71B}.Debug|Mixed Platforms.Build.0 = Debug|Any CPU
		{BF761591-5BAE-4CA1-96D5-CB70DBD4B71B}.Debug|x86.ActiveCfg = Debug|Any CPU
		{BF761591-5BAE-4CA1-96D5-CB70DBD4B71B}.Release|Any CPU.ActiveCfg = Release|Any CPU
		{BF761591-5BAE-4CA1-96D5-CB70DBD4B71B}.Release|Any CPU.Build.0 = Release|Any CPU
		{BF761591-5BAE-4CA1-96D5-CB70DBD4B71B}.Release|Mixed Platforms.ActiveCfg = Release|Any CPU
		{BF761591-5BAE-4CA1-96D5-CB70DBD4B71B}.Release|Mixed Platforms.Build.0 = Release|Any CPU
		{BF761591-5BAE-4CA1-96D5-CB70DBD4B71B}.Release|x86.ActiveCfg = Release|Any CPU
		{641D0198-FE99-42F4-B6CB-A14D0E9F639E}.Debug|Any CPU.ActiveCfg = Debug|Any CPU
		{641D0198-FE99-42F4-B6CB-A14D0E9F639E}.Debug|Any CPU.Build.0 = Debug|Any CPU
		{641D0198-FE99-42F4-B6CB-A14D0E9F639E}.Debug|Mixed Platforms.ActiveCfg = Debug|Any CPU
		{641D0198-FE99-42F4-B6CB-A14D0E9F639E}.Debug|Mixed Platforms.Build.0 = Debug|Any CPU
		{641D0198-FE99-42F4-B6CB-A14D0E9F639E}.Debug|x86.ActiveCfg = Debug|Any CPU
		{641D0198-FE99-42F4-B6CB-A14D0E9F639E}.Release|Any CPU.ActiveCfg = Release|Any CPU
		{641D0198-FE99-42F4-B6CB-A14D0E9F639E}.Release|Any CPU.Build.0 = Release|Any CPU
		{641D0198-FE99-42F4-B6CB-A14D0E9F639E}.Release|Mixed Platforms.ActiveCfg = Release|Any CPU
		{641D0198-FE99-42F4-B6CB-A14D0E9F639E}.Release|Mixed Platforms.Build.0 = Release|Any CPU
		{641D0198-FE99-42F4-B6CB-A14D0E9F639E}.Release|x86.ActiveCfg = Release|Any CPU
		{CA59C36D-FA35-42B4-99B5-5725C6AF1B01}.Debug|Any CPU.ActiveCfg = Debug|Any CPU
		{CA59C36D-FA35-42B4-99B5-5725C6AF1B01}.Debug|Any CPU.Build.0 = Debug|Any CPU
		{CA59C36D-FA35-42B4-99B5-5725C6AF1B01}.Debug|Mixed Platforms.ActiveCfg = Debug|Any CPU
		{CA59C36D-FA35-42B4-99B5-5725C6AF1B01}.Debug|Mixed Platforms.Build.0 = Debug|Any CPU
		{CA59C36D-FA35-42B4-99B5-5725C6AF1B01}.Debug|x86.ActiveCfg = Debug|Any CPU
		{CA59C36D-FA35-42B4-99B5-5725C6AF1B01}.Release|Any CPU.ActiveCfg = Release|Any CPU
		{CA59C36D-FA35-42B4-99B5-5725C6AF1B01}.Release|Any CPU.Build.0 = Release|Any CPU
		{CA59C36D-FA35-42B4-99B5-5725C6AF1B01}.Release|Mixed Platforms.ActiveCfg = Release|Any CPU
		{CA59C36D-FA35-42B4-99B5-5725C6AF1B01}.Release|Mixed Platforms.Build.0 = Release|Any CPU
		{CA59C36D-FA35-42B4-99B5-5725C6AF1B01}.Release|x86.ActiveCfg = Release|Any CPU
		{911C5871-B059-4F8D-99B3-86F13CDEFC86}.Debug|Any CPU.ActiveCfg = Debug|Any CPU
		{911C5871-B059-4F8D-99B3-86F13CDEFC86}.Debug|Any CPU.Build.0 = Debug|Any CPU
		{911C5871-B059-4F8D-99B3-86F13CDEFC86}.Debug|Mixed Platforms.ActiveCfg = Debug|Any CPU
		{911C5871-B059-4F8D-99B3-86F13CDEFC86}.Debug|Mixed Platforms.Build.0 = Debug|Any CPU
		{911C5871-B059-4F8D-99B3-86F13CDEFC86}.Debug|x86.ActiveCfg = Debug|Any CPU
		{911C5871-B059-4F8D-99B3-86F13CDEFC86}.Release|Any CPU.ActiveCfg = Release|Any CPU
		{911C5871-B059-4F8D-99B3-86F13CDEFC86}.Release|Any CPU.Build.0 = Release|Any CPU
		{911C5871-B059-4F8D-99B3-86F13CDEFC86}.Release|Mixed Platforms.ActiveCfg = Release|Any CPU
		{911C5871-B059-4F8D-99B3-86F13CDEFC86}.Release|Mixed Platforms.Build.0 = Release|Any CPU
		{911C5871-B059-4F8D-99B3-86F13CDEFC86}.Release|x86.ActiveCfg = Release|Any CPU
		{350CA11F-E647-47F6-B9A3-1E1653B8D4B0}.Debug|Any CPU.ActiveCfg = Debug|Any CPU
		{350CA11F-E647-47F6-B9A3-1E1653B8D4B0}.Debug|Any CPU.Build.0 = Debug|Any CPU
		{350CA11F-E647-47F6-B9A3-1E1653B8D4B0}.Debug|Mixed Platforms.ActiveCfg = Debug|Any CPU
		{350CA11F-E647-47F6-B9A3-1E1653B8D4B0}.Debug|Mixed Platforms.Build.0 = Debug|Any CPU
		{350CA11F-E647-47F6-B9A3-1E1653B8D4B0}.Debug|x86.ActiveCfg = Debug|Any CPU
		{350CA11F-E647-47F6-B9A3-1E1653B8D4B0}.Release|Any CPU.ActiveCfg = Release|Any CPU
		{350CA11F-E647-47F6-B9A3-1E1653B8D4B0}.Release|Any CPU.Build.0 = Release|Any CPU
		{350CA11F-E647-47F6-B9A3-1E1653B8D4B0}.Release|Mixed Platforms.ActiveCfg = Release|Any CPU
		{350CA11F-E647-47F6-B9A3-1E1653B8D4B0}.Release|Mixed Platforms.Build.0 = Release|Any CPU
		{350CA11F-E647-47F6-B9A3-1E1653B8D4B0}.Release|x86.ActiveCfg = Release|Any CPU
		{D12E0534-9C6F-4E39-AC68-4212FF13E7F1}.Debug|Any CPU.ActiveCfg = Debug|Any CPU
		{D12E0534-9C6F-4E39-AC68-4212FF13E7F1}.Debug|Any CPU.Build.0 = Debug|Any CPU
		{D12E0534-9C6F-4E39-AC68-4212FF13E7F1}.Debug|Mixed Platforms.ActiveCfg = Debug|Any CPU
		{D12E0534-9C6F-4E39-AC68-4212FF13E7F1}.Debug|Mixed Platforms.Build.0 = Debug|Any CPU
		{D12E0534-9C6F-4E39-AC68-4212FF13E7F1}.Debug|x86.ActiveCfg = Debug|Any CPU
		{D12E0534-9C6F-4E39-AC68-4212FF13E7F1}.Release|Any CPU.ActiveCfg = Release|Any CPU
		{D12E0534-9C6F-4E39-AC68-4212FF13E7F1}.Release|Any CPU.Build.0 = Release|Any CPU
		{D12E0534-9C6F-4E39-AC68-4212FF13E7F1}.Release|Mixed Platforms.ActiveCfg = Release|Any CPU
		{D12E0534-9C6F-4E39-AC68-4212FF13E7F1}.Release|Mixed Platforms.Build.0 = Release|Any CPU
		{D12E0534-9C6F-4E39-AC68-4212FF13E7F1}.Release|x86.ActiveCfg = Release|Any CPU
		{87C365D3-7D4A-4686-A042-5E7B83869CBF}.Debug|Any CPU.ActiveCfg = Debug|Any CPU
		{87C365D3-7D4A-4686-A042-5E7B83869CBF}.Debug|Any CPU.Build.0 = Debug|Any CPU
		{87C365D3-7D4A-4686-A042-5E7B83869CBF}.Debug|Mixed Platforms.ActiveCfg = Debug|Any CPU
		{87C365D3-7D4A-4686-A042-5E7B83869CBF}.Debug|Mixed Platforms.Build.0 = Debug|Any CPU
		{87C365D3-7D4A-4686-A042-5E7B83869CBF}.Debug|x86.ActiveCfg = Debug|Any CPU
		{87C365D3-7D4A-4686-A042-5E7B83869CBF}.Release|Any CPU.ActiveCfg = Release|Any CPU
		{87C365D3-7D4A-4686-A042-5E7B83869CBF}.Release|Any CPU.Build.0 = Release|Any CPU
		{87C365D3-7D4A-4686-A042-5E7B83869CBF}.Release|Mixed Platforms.ActiveCfg = Release|Any CPU
		{87C365D3-7D4A-4686-A042-5E7B83869CBF}.Release|Mixed Platforms.Build.0 = Release|Any CPU
		{87C365D3-7D4A-4686-A042-5E7B83869CBF}.Release|x86.ActiveCfg = Release|Any CPU
		{D917D6B0-53F0-4D21-BCBD-35BFE19FB4FD}.Debug|Any CPU.ActiveCfg = Debug|Any CPU
		{D917D6B0-53F0-4D21-BCBD-35BFE19FB4FD}.Debug|Any CPU.Build.0 = Debug|Any CPU
		{D917D6B0-53F0-4D21-BCBD-35BFE19FB4FD}.Debug|Mixed Platforms.ActiveCfg = Debug|Any CPU
		{D917D6B0-53F0-4D21-BCBD-35BFE19FB4FD}.Debug|Mixed Platforms.Build.0 = Debug|Any CPU
		{D917D6B0-53F0-4D21-BCBD-35BFE19FB4FD}.Debug|x86.ActiveCfg = Debug|Any CPU
		{D917D6B0-53F0-4D21-BCBD-35BFE19FB4FD}.Release|Any CPU.ActiveCfg = Release|Any CPU
		{D917D6B0-53F0-4D21-BCBD-35BFE19FB4FD}.Release|Any CPU.Build.0 = Release|Any CPU
		{D917D6B0-53F0-4D21-BCBD-35BFE19FB4FD}.Release|Mixed Platforms.ActiveCfg = Release|Any CPU
		{D917D6B0-53F0-4D21-BCBD-35BFE19FB4FD}.Release|Mixed Platforms.Build.0 = Release|Any CPU
		{D917D6B0-53F0-4D21-BCBD-35BFE19FB4FD}.Release|x86.ActiveCfg = Release|Any CPU
		{E9BCCCDC-5D5D-48AB-BF7A-5A2FE669D353}.Debug|Any CPU.ActiveCfg = Debug|Any CPU
		{E9BCCCDC-5D5D-48AB-BF7A-5A2FE669D353}.Debug|Any CPU.Build.0 = Debug|Any CPU
		{E9BCCCDC-5D5D-48AB-BF7A-5A2FE669D353}.Debug|Mixed Platforms.ActiveCfg = Debug|Any CPU
		{E9BCCCDC-5D5D-48AB-BF7A-5A2FE669D353}.Debug|Mixed Platforms.Build.0 = Debug|Any CPU
		{E9BCCCDC-5D5D-48AB-BF7A-5A2FE669D353}.Debug|x86.ActiveCfg = Debug|Any CPU
		{E9BCCCDC-5D5D-48AB-BF7A-5A2FE669D353}.Release|Any CPU.ActiveCfg = Release|Any CPU
		{E9BCCCDC-5D5D-48AB-BF7A-5A2FE669D353}.Release|Any CPU.Build.0 = Release|Any CPU
		{E9BCCCDC-5D5D-48AB-BF7A-5A2FE669D353}.Release|Mixed Platforms.ActiveCfg = Release|Any CPU
		{E9BCCCDC-5D5D-48AB-BF7A-5A2FE669D353}.Release|Mixed Platforms.Build.0 = Release|Any CPU
		{E9BCCCDC-5D5D-48AB-BF7A-5A2FE669D353}.Release|x86.ActiveCfg = Release|Any CPU
		{FB2ACC79-1E04-47CA-8F4B-31327E10B5E3}.Debug|Any CPU.ActiveCfg = Debug|Any CPU
		{FB2ACC79-1E04-47CA-8F4B-31327E10B5E3}.Debug|Any CPU.Build.0 = Debug|Any CPU
		{FB2ACC79-1E04-47CA-8F4B-31327E10B5E3}.Debug|Mixed Platforms.ActiveCfg = Debug|Any CPU
		{FB2ACC79-1E04-47CA-8F4B-31327E10B5E3}.Debug|Mixed Platforms.Build.0 = Debug|Any CPU
		{FB2ACC79-1E04-47CA-8F4B-31327E10B5E3}.Debug|x86.ActiveCfg = Debug|Any CPU
		{FB2ACC79-1E04-47CA-8F4B-31327E10B5E3}.Release|Any CPU.ActiveCfg = Release|Any CPU
		{FB2ACC79-1E04-47CA-8F4B-31327E10B5E3}.Release|Any CPU.Build.0 = Release|Any CPU
		{FB2ACC79-1E04-47CA-8F4B-31327E10B5E3}.Release|Mixed Platforms.ActiveCfg = Release|Any CPU
		{FB2ACC79-1E04-47CA-8F4B-31327E10B5E3}.Release|Mixed Platforms.Build.0 = Release|Any CPU
		{FB2ACC79-1E04-47CA-8F4B-31327E10B5E3}.Release|x86.ActiveCfg = Release|Any CPU
	EndGlobalSection
	GlobalSection(SolutionProperties) = preSolution
		HideSolutionNode = FALSE
	EndGlobalSection
	GlobalSection(NestedProjects) = preSolution
		{BF761591-5BAE-4CA1-96D5-CB70DBD4B71B} = {0D1DC6CA-F387-46ED-8381-79FDF0137F69}
		{CA59C36D-FA35-42B4-99B5-5725C6AF1B01} = {A49ABF3E-AD05-46C2-9CD4-7E41B2E535FB}
		{641D0198-FE99-42F4-B6CB-A14D0E9F639E} = {A49ABF3E-AD05-46C2-9CD4-7E41B2E535FB}
		{350CA11F-E647-47F6-B9A3-1E1653B8D4B0} = {A009A68C-EA1E-4969-A9AB-BC246CDE7380}
		{D12E0534-9C6F-4E39-AC68-4212FF13E7F1} = {A009A68C-EA1E-4969-A9AB-BC246CDE7380}
		{87C365D3-7D4A-4686-A042-5E7B83869CBF} = {A009A68C-EA1E-4969-A9AB-BC246CDE7380}
		{D917D6B0-53F0-4D21-BCBD-35BFE19FB4FD} = {A009A68C-EA1E-4969-A9AB-BC246CDE7380}
		{911C5871-B059-4F8D-99B3-86F13CDEFC86} = {A009A68C-EA1E-4969-A9AB-BC246CDE7380}
		{E9BCCCDC-5D5D-48AB-BF7A-5A2FE669D353} = {601970BF-3F3A-4ABE-B5D9-B8053E54D9EE}
		{FB2ACC79-1E04-47CA-8F4B-31327E10B5E3} = {3CD9D1E6-35E1-472C-AA72-E4051D78BC00}
	EndGlobalSection
EndGlobal
