
Microsoft Visual Studio Solution File, Format Version 11.00
# Visual Studio 2010
Project("{FAE04EC0-301F-11D3-BF4B-00C04F79EFBC}") = "NServiceBus.Unicast.Transport.Msmq", "NServiceBus.Unicast.Transport.Msmq.csproj", "{487809CE-0B5D-4425-A6CA-06F7C444DBCC}"
EndProject
Project("{FAE04EC0-301F-11D3-BF4B-00C04F79EFBC}") = "NServiceBus.Unicast.Transport.Msmq.Config", "NServiceBus.Unicast.Transport.Msmq.Config\NServiceBus.Unicast.Transport.Msmq.Config.csproj", "{2D3D9033-200C-423E-BF8A-8FB40D8D1572}"
EndProject
Global
	GlobalSection(SolutionConfigurationPlatforms) = preSolution
		Debug|Any CPU = Debug|Any CPU
		Release|Any CPU = Release|Any CPU
	EndGlobalSection
	GlobalSection(ProjectConfigurationPlatforms) = postSolution
		{487809CE-0B5D-4425-A6CA-06F7C444DBCC}.Debug|Any CPU.ActiveCfg = Debug|Any CPU
		{487809CE-0B5D-4425-A6CA-06F7C444DBCC}.Debug|Any CPU.Build.0 = Debug|Any CPU
		{487809CE-0B5D-4425-A6CA-06F7C444DBCC}.Release|Any CPU.ActiveCfg = Release|Any CPU
		{487809CE-0B5D-4425-A6CA-06F7C444DBCC}.Release|Any CPU.Build.0 = Release|Any CPU
		{2D3D9033-200C-423E-BF8A-8FB40D8D1572}.Debug|Any CPU.ActiveCfg = Debug|Any CPU
		{2D3D9033-200C-423E-BF8A-8FB40D8D1572}.Debug|Any CPU.Build.0 = Debug|Any CPU
		{2D3D9033-200C-423E-BF8A-8FB40D8D1572}.Release|Any CPU.ActiveCfg = Release|Any CPU
		{2D3D9033-200C-423E-BF8A-8FB40D8D1572}.Release|Any CPU.Build.0 = Release|Any CPU
	EndGlobalSection
	GlobalSection(SolutionProperties) = preSolution
		HideSolutionNode = FALSE
	EndGlobalSection
EndGlobal
