
Microsoft Visual Studio Solution File, Format Version 11.00
# Visual Studio 2010
Project("{FAE04EC0-301F-11D3-BF4B-00C04F79EFBC}") = "NServiceBus.DataBus", "NServiceBus.Databus\NServiceBus.DataBus.csproj", "{EDFCAFE5-9C1D-4339-9DC5-2CD899E9E605}"
EndProject
Project("{FAE04EC0-301F-11D3-BF4B-00C04F79EFBC}") = "NServiceBus.DataBus.Tests", "NServiceBus.Databus.Tests\NServiceBus.DataBus.Tests.csproj", "{DC1AC444-4F80-41D6-A320-99D37F5EA644}"
EndProject
Global
	GlobalSection(SolutionConfigurationPlatforms) = preSolution
		Debug|Any CPU = Debug|Any CPU
		Release|Any CPU = Release|Any CPU
	EndGlobalSection
	GlobalSection(ProjectConfigurationPlatforms) = postSolution
		{EDFCAFE5-9C1D-4339-9DC5-2CD899E9E605}.Debug|Any CPU.ActiveCfg = Debug|Any CPU
		{EDFCAFE5-9C1D-4339-9DC5-2CD899E9E605}.Debug|Any CPU.Build.0 = Debug|Any CPU
		{EDFCAFE5-9C1D-4339-9DC5-2CD899E9E605}.Release|Any CPU.ActiveCfg = Release|Any CPU
		{EDFCAFE5-9C1D-4339-9DC5-2CD899E9E605}.Release|Any CPU.Build.0 = Release|Any CPU
		{DC1AC444-4F80-41D6-A320-99D37F5EA644}.Debug|Any CPU.ActiveCfg = Debug|Any CPU
		{DC1AC444-4F80-41D6-A320-99D37F5EA644}.Debug|Any CPU.Build.0 = Debug|Any CPU
		{DC1AC444-4F80-41D6-A320-99D37F5EA644}.Release|Any CPU.ActiveCfg = Release|Any CPU
		{DC1AC444-4F80-41D6-A320-99D37F5EA644}.Release|Any CPU.Build.0 = Release|Any CPU
	EndGlobalSection
	GlobalSection(SolutionProperties) = preSolution
		HideSolutionNode = FALSE
	EndGlobalSection
EndGlobal
