
Microsoft Visual Studio Solution File, Format Version 11.00
# Visual Studio 2010
Project("{FAE04EC0-301F-11D3-BF4B-00C04F79EFBC}") = "ObjectBuilder.CastleWindsor", "ObjectBuilder.CastleWindsor\ObjectBuilder.CastleWindsor.csproj", "{9A9A0BD5-AC37-4B90-B90F-FD1C1395FEBD}"
EndProject
Project("{FAE04EC0-301F-11D3-BF4B-00C04F79EFBC}") = "ObjectBuilder.StructureMap", "ObjectBuilder.StructureMap\ObjectBuilder.StructureMap.csproj", "{C05E5B87-EB74-4A3F-B4FC-AFDD28570850}"
EndProject
Project("{FAE04EC0-301F-11D3-BF4B-00C04F79EFBC}") = "ObjectBuilder.Autofac", "ObjectBuilder.Autofac\ObjectBuilder.Autofac.csproj", "{73EC4EBE-826D-4A0A-8837-51D3458FC2A8}"
EndProject
Project("{FAE04EC0-301F-11D3-BF4B-00C04F79EFBC}") = "ObjectBuilder.Unity", "ObjectBuilder.Unity\ObjectBuilder.Unity.csproj", "{343B2E7A-E228-4B31-ABB5-F5437B2E7A4C}"
EndProject
Project("{FAE04EC0-301F-11D3-BF4B-00C04F79EFBC}") = "ObjectBuilder.Tests", "ObjectBuilder.Tests\ObjectBuilder.Tests.csproj", "{0A282BF4-0957-4074-8D5E-C2FB8634A3AA}"
EndProject
Project("{FAE04EC0-301F-11D3-BF4B-00C04F79EFBC}") = "ObjectBuilder.Spring", "ObjectBuilder.Spring\ObjectBuilder.Spring.csproj", "{734D30CF-4376-488A-A6B4-1033FED93660}"
EndProject
Project("{FAE04EC0-301F-11D3-BF4B-00C04F79EFBC}") = "ObjectBuilder.Ninject", "ObjectBuilder.Ninject\ObjectBuilder.Ninject.csproj", "{C35AE1C7-C785-4629-A73D-977E0325D8B0}"
EndProject
Global
	GlobalSection(SolutionConfigurationPlatforms) = preSolution
		Debug|Any CPU = Debug|Any CPU
		Release|Any CPU = Release|Any CPU
	EndGlobalSection
	GlobalSection(ProjectConfigurationPlatforms) = postSolution
		{9A9A0BD5-AC37-4B90-B90F-FD1C1395FEBD}.Debug|Any CPU.ActiveCfg = Debug|Any CPU
		{9A9A0BD5-AC37-4B90-B90F-FD1C1395FEBD}.Debug|Any CPU.Build.0 = Debug|Any CPU
		{9A9A0BD5-AC37-4B90-B90F-FD1C1395FEBD}.Release|Any CPU.ActiveCfg = Release|Any CPU
		{9A9A0BD5-AC37-4B90-B90F-FD1C1395FEBD}.Release|Any CPU.Build.0 = Release|Any CPU
		{C05E5B87-EB74-4A3F-B4FC-AFDD28570850}.Debug|Any CPU.ActiveCfg = Debug|Any CPU
		{C05E5B87-EB74-4A3F-B4FC-AFDD28570850}.Debug|Any CPU.Build.0 = Debug|Any CPU
		{C05E5B87-EB74-4A3F-B4FC-AFDD28570850}.Release|Any CPU.ActiveCfg = Release|Any CPU
		{C05E5B87-EB74-4A3F-B4FC-AFDD28570850}.Release|Any CPU.Build.0 = Release|Any CPU
		{73EC4EBE-826D-4A0A-8837-51D3458FC2A8}.Debug|Any CPU.ActiveCfg = Debug|Any CPU
		{73EC4EBE-826D-4A0A-8837-51D3458FC2A8}.Debug|Any CPU.Build.0 = Debug|Any CPU
		{73EC4EBE-826D-4A0A-8837-51D3458FC2A8}.Release|Any CPU.ActiveCfg = Release|Any CPU
		{73EC4EBE-826D-4A0A-8837-51D3458FC2A8}.Release|Any CPU.Build.0 = Release|Any CPU
		{343B2E7A-E228-4B31-ABB5-F5437B2E7A4C}.Debug|Any CPU.ActiveCfg = Debug|Any CPU
		{343B2E7A-E228-4B31-ABB5-F5437B2E7A4C}.Debug|Any CPU.Build.0 = Debug|Any CPU
		{343B2E7A-E228-4B31-ABB5-F5437B2E7A4C}.Release|Any CPU.ActiveCfg = Release|Any CPU
		{343B2E7A-E228-4B31-ABB5-F5437B2E7A4C}.Release|Any CPU.Build.0 = Release|Any CPU
		{0A282BF4-0957-4074-8D5E-C2FB8634A3AA}.Debug|Any CPU.ActiveCfg = Debug|Any CPU
		{0A282BF4-0957-4074-8D5E-C2FB8634A3AA}.Debug|Any CPU.Build.0 = Debug|Any CPU
		{0A282BF4-0957-4074-8D5E-C2FB8634A3AA}.Release|Any CPU.ActiveCfg = Release|Any CPU
		{0A282BF4-0957-4074-8D5E-C2FB8634A3AA}.Release|Any CPU.Build.0 = Release|Any CPU
		{734D30CF-4376-488A-A6B4-1033FED93660}.Debug|Any CPU.ActiveCfg = Debug|Any CPU
		{734D30CF-4376-488A-A6B4-1033FED93660}.Debug|Any CPU.Build.0 = Debug|Any CPU
		{734D30CF-4376-488A-A6B4-1033FED93660}.Release|Any CPU.ActiveCfg = Release|Any CPU
		{734D30CF-4376-488A-A6B4-1033FED93660}.Release|Any CPU.Build.0 = Release|Any CPU
		{C35AE1C7-C785-4629-A73D-977E0325D8B0}.Debug|Any CPU.ActiveCfg = Debug|Any CPU
		{C35AE1C7-C785-4629-A73D-977E0325D8B0}.Debug|Any CPU.Build.0 = Debug|Any CPU
		{C35AE1C7-C785-4629-A73D-977E0325D8B0}.Release|Any CPU.ActiveCfg = Release|Any CPU
		{C35AE1C7-C785-4629-A73D-977E0325D8B0}.Release|Any CPU.Build.0 = Release|Any CPU
	EndGlobalSection
	GlobalSection(SolutionProperties) = preSolution
		HideSolutionNode = FALSE
	EndGlobalSection
	GlobalSection(SubversionScc) = preSolution
		Svn-Managed = True
		Manager = AnkhSVN - Subversion Support for Visual Studio
	EndGlobalSection
EndGlobal
