
Microsoft Visual Studio Solution File, Format Version 11.00
# Visual Studio 2010
Project("{FAE04EC0-301F-11D3-BF4B-00C04F79EFBC}") = "MasterNode", "MasterNode\MasterNode.csproj", "{0B76827D-12D3-45E2-BCC1-86A9AEB2BAEA}"
EndProject
Project("{FAE04EC0-301F-11D3-BF4B-00C04F79EFBC}") = "Worker1", "Worker1\Worker1.csproj", "{2471120E-100A-4AA8-9DD4-DB013BA7059B}"
EndProject
Project("{FAE04EC0-301F-11D3-BF4B-00C04F79EFBC}") = "Sender", "Sender\Sender.csproj", "{FB44C4C0-A699-4C6F-988E-10AFC1842349}"
EndProject
Project("{FAE04EC0-301F-11D3-BF4B-00C04F79EFBC}") = "MyMessages", "MyMessages\MyMessages.csproj", "{921F7B97-BD87-48E2-AC4B-9BECB601B098}"
EndProject
Project("{FAE04EC0-301F-11D3-BF4B-00C04F79EFBC}") = "Worker2", "Worker2\Worker2.csproj", "{A5A58469-1835-4D31-8A73-2C1156758EDC}"
EndProject
Global
	GlobalSection(SolutionConfigurationPlatforms) = preSolution
		Debug|Any CPU = Debug|Any CPU
		Release|Any CPU = Release|Any CPU
	EndGlobalSection
	GlobalSection(ProjectConfigurationPlatforms) = postSolution
		{0B76827D-12D3-45E2-BCC1-86A9AEB2BAEA}.Debug|Any CPU.ActiveCfg = Debug|Any CPU
		{0B76827D-12D3-45E2-BCC1-86A9AEB2BAEA}.Debug|Any CPU.Build.0 = Debug|Any CPU
		{0B76827D-12D3-45E2-BCC1-86A9AEB2BAEA}.Release|Any CPU.ActiveCfg = Release|Any CPU
		{0B76827D-12D3-45E2-BCC1-86A9AEB2BAEA}.Release|Any CPU.Build.0 = Release|Any CPU
		{2471120E-100A-4AA8-9DD4-DB013BA7059B}.Debug|Any CPU.ActiveCfg = Debug|Any CPU
		{2471120E-100A-4AA8-9DD4-DB013BA7059B}.Debug|Any CPU.Build.0 = Debug|Any CPU
		{2471120E-100A-4AA8-9DD4-DB013BA7059B}.Release|Any CPU.ActiveCfg = Release|Any CPU
		{2471120E-100A-4AA8-9DD4-DB013BA7059B}.Release|Any CPU.Build.0 = Release|Any CPU
		{FB44C4C0-A699-4C6F-988E-10AFC1842349}.Debug|Any CPU.ActiveCfg = Debug|Any CPU
		{FB44C4C0-A699-4C6F-988E-10AFC1842349}.Debug|Any CPU.Build.0 = Debug|Any CPU
		{FB44C4C0-A699-4C6F-988E-10AFC1842349}.Release|Any CPU.ActiveCfg = Release|Any CPU
		{FB44C4C0-A699-4C6F-988E-10AFC1842349}.Release|Any CPU.Build.0 = Release|Any CPU
		{921F7B97-BD87-48E2-AC4B-9BECB601B098}.Debug|Any CPU.ActiveCfg = Debug|Any CPU
		{921F7B97-BD87-48E2-AC4B-9BECB601B098}.Debug|Any CPU.Build.0 = Debug|Any CPU
		{921F7B97-BD87-48E2-AC4B-9BECB601B098}.Release|Any CPU.ActiveCfg = Release|Any CPU
		{921F7B97-BD87-48E2-AC4B-9BECB601B098}.Release|Any CPU.Build.0 = Release|Any CPU
		{A5A58469-1835-4D31-8A73-2C1156758EDC}.Debug|Any CPU.ActiveCfg = Debug|Any CPU
		{A5A58469-1835-4D31-8A73-2C1156758EDC}.Debug|Any CPU.Build.0 = Debug|Any CPU
		{A5A58469-1835-4D31-8A73-2C1156758EDC}.Release|Any CPU.ActiveCfg = Release|Any CPU
		{A5A58469-1835-4D31-8A73-2C1156758EDC}.Release|Any CPU.Build.0 = Release|Any CPU
	EndGlobalSection
	GlobalSection(SolutionProperties) = preSolution
		HideSolutionNode = FALSE
	EndGlobalSection
EndGlobal
