
Microsoft Visual Studio Solution File, Format Version 9.00
# Visual Studio 2005
Project("{FAE04EC0-301F-11D3-BF4B-00C04F79EFBC}") = "Messages", "Messages\Messages.csproj", "{54DD21D6-0E27-4C86-BE8C-3A1D1C8BDB12}"
EndProject
Project("{FAE04EC0-301F-11D3-BF4B-00C04F79EFBC}") = "Client", "Client\Client.csproj", "{C1F100D1-356F-4380-BCCD-E9337E62313C}"
EndProject
Project("{FAE04EC0-301F-11D3-BF4B-00C04F79EFBC}") = "Server", "Server\Server.csproj", "{3FD3C5A2-EA0D-488A-B37D-265E4AAF5787}"
EndProject
Global
	GlobalSection(SolutionConfigurationPlatforms) = preSolution
		Debug|Any CPU = Debug|Any CPU
		Release|Any CPU = Release|Any CPU
	EndGlobalSection
	GlobalSection(ProjectConfigurationPlatforms) = postSolution
		{54DD21D6-0E27-4C86-BE8C-3A1D1C8BDB12}.Debug|Any CPU.ActiveCfg = Debug|Any CPU
		{54DD21D6-0E27-4C86-BE8C-3A1D1C8BDB12}.Debug|Any CPU.Build.0 = Debug|Any CPU
		{54DD21D6-0E27-4C86-BE8C-3A1D1C8BDB12}.Release|Any CPU.ActiveCfg = Release|Any CPU
		{54DD21D6-0E27-4C86-BE8C-3A1D1C8BDB12}.Release|Any CPU.Build.0 = Release|Any CPU
		{C1F100D1-356F-4380-BCCD-E9337E62313C}.Debug|Any CPU.ActiveCfg = Debug|Any CPU
		{C1F100D1-356F-4380-BCCD-E9337E62313C}.Debug|Any CPU.Build.0 = Debug|Any CPU
		{C1F100D1-356F-4380-BCCD-E9337E62313C}.Release|Any CPU.ActiveCfg = Release|Any CPU
		{C1F100D1-356F-4380-BCCD-E9337E62313C}.Release|Any CPU.Build.0 = Release|Any CPU
		{3FD3C5A2-EA0D-488A-B37D-265E4AAF5787}.Debug|Any CPU.ActiveCfg = Debug|Any CPU
		{3FD3C5A2-EA0D-488A-B37D-265E4AAF5787}.Debug|Any CPU.Build.0 = Debug|Any CPU
		{3FD3C5A2-EA0D-488A-B37D-265E4AAF5787}.Release|Any CPU.ActiveCfg = Release|Any CPU
		{3FD3C5A2-EA0D-488A-B37D-265E4AAF5787}.Release|Any CPU.Build.0 = Release|Any CPU
	EndGlobalSection
	GlobalSection(SolutionProperties) = preSolution
		HideSolutionNode = FALSE
	EndGlobalSection
EndGlobal
