Microsoft Visual Studio Solution File, Format Version 12.00
# Visual Studio Version 16
VisualStudioVersion = 16.0.29613.14
MinimumVisualStudioVersion = 10.0.40219.1
Project("{2150E333-8FDC-42A3-9474-1A3956D46DE8}") = "Tests", "Tests", "{2904B75F-8F07-4C07-BABC-BC42533B3E75}"
EndProject
Project("{FAE04EC0-301F-11D3-BF4B-00C04F79EFBC}") = "NServiceBus.Core", "NServiceBus.Core\NServiceBus.Core.csproj", "{DD48B2D0-E996-412D-9157-821ED8B17A9D}"
	ProjectSection(ProjectDependencies) = postProject
		{FBB725A2-A1B1-4134-9329-E4EBD5E636F1} = {FBB725A2-A1B1-4134-9329-E4EBD5E636F1}
	EndProjectSection
EndProject
Project("{2150E333-8FDC-42A3-9474-1A3956D46DE8}") = ".nuget", ".nuget", "{ACCDE2E1-3F56-47BA-8CFF-199931BAC6B0}"
	ProjectSection(SolutionItems) = preProject
		.nuget\packages.config = .nuget\packages.config
	EndProjectSection
EndProject
Project("{FAE04EC0-301F-11D3-BF4B-00C04F79EFBC}") = "NServiceBus.TransportTests", "NServiceBus.TransportTests\NServiceBus.TransportTests.csproj", "{7EF57153-179F-449A-9C81-BD049B1B5613}"
EndProject
Project("{2150E333-8FDC-42A3-9474-1A3956D46DE8}") = "Testing", "Testing", "{F2D3D789-78D6-42B1-AB4B-DE241C298943}"
EndProject
Project("{2150E333-8FDC-42A3-9474-1A3956D46DE8}") = "Analyzer", "Analyzer", "{C1F9D6A2-50F7-48A9-B3F7-451E208891C1}"
EndProject
Project("{9A19103F-16F7-4668-BE54-9A1E7A4F7556}") = "NServiceBus.Core.Analyzer", "NServiceBus.Core.Analyzer\NServiceBus.Core.Analyzer.csproj", "{FBB725A2-A1B1-4134-9329-E4EBD5E636F1}"
EndProject
Project("{9A19103F-16F7-4668-BE54-9A1E7A4F7556}") = "NServiceBus.Core.Analyzer.Tests", "NServiceBus.Core.Analyzer.Tests\NServiceBus.Core.Analyzer.Tests.csproj", "{6FE0097B-49B1-4052-976C-551056FABEC6}"
EndProject
Project("{9A19103F-16F7-4668-BE54-9A1E7A4F7556}") = "NServiceBus.Core.Tests", "NServiceBus.Core.Tests\NServiceBus.Core.Tests.csproj", "{D681FC17-DB80-4036-BE52-8D482D9104F1}"
EndProject
Project("{9A19103F-16F7-4668-BE54-9A1E7A4F7556}") = "NServiceBus.Core.x86.Tests", "NServiceBus.Core.Tests.x86\NServiceBus.Core.x86.Tests.csproj", "{95DF2C2D-B118-4454-9215-0345ECFE48FD}"
EndProject
Project("{9A19103F-16F7-4668-BE54-9A1E7A4F7556}") = "NServiceBus.Msmq.AcceptanceTests", "NServiceBus.Msmq.AcceptanceTests\NServiceBus.Msmq.AcceptanceTests.csproj", "{0D36CDB8-2D2B-4A62-B2D0-745D87D4642D}"
EndProject
Project("{9A19103F-16F7-4668-BE54-9A1E7A4F7556}") = "NServiceBus.AcceptanceTesting", "NServiceBus.AcceptanceTesting\NServiceBus.AcceptanceTesting.csproj", "{05EE6885-BAB9-442B-8E25-840E4A3AC6C1}"
EndProject
Project("{9A19103F-16F7-4668-BE54-9A1E7A4F7556}") = "NServiceBus.Testing.Fakes", "NServiceBus.Testing.Fakes\NServiceBus.Testing.Fakes.csproj", "{5E982EEB-8980-4546-9C05-8275B66BA245}"
EndProject
Project("{9A19103F-16F7-4668-BE54-9A1E7A4F7556}") = "NServiceBus.AcceptanceTests", "NServiceBus.AcceptanceTests\NServiceBus.AcceptanceTests.csproj", "{560D30DC-DFB4-4E74-B6C7-BF4FFE12C75E}"
EndProject
Project("{9A19103F-16F7-4668-BE54-9A1E7A4F7556}") = "NServiceBus.ContainerTests", "NServiceBus.ContainerTests\NServiceBus.ContainerTests.csproj", "{2A9B193A-31A8-4E7D-B1CF-BAC3B472A67B}"
EndProject
Global
	GlobalSection(SolutionConfigurationPlatforms) = preSolution
		Debug|Any CPU = Debug|Any CPU
		Debug|Mixed Platforms = Debug|Mixed Platforms
		Debug|x86 = Debug|x86
		Release|Any CPU = Release|Any CPU
		Release|Mixed Platforms = Release|Mixed Platforms
		Release|x86 = Release|x86
	EndGlobalSection
	GlobalSection(ProjectConfigurationPlatforms) = postSolution
		{DD48B2D0-E996-412D-9157-821ED8B17A9D}.Debug|Any CPU.ActiveCfg = Debug|Any CPU
		{DD48B2D0-E996-412D-9157-821ED8B17A9D}.Debug|Any CPU.Build.0 = Debug|Any CPU
		{DD48B2D0-E996-412D-9157-821ED8B17A9D}.Debug|Mixed Platforms.ActiveCfg = Debug|Any CPU
		{DD48B2D0-E996-412D-9157-821ED8B17A9D}.Debug|Mixed Platforms.Build.0 = Debug|Any CPU
		{DD48B2D0-E996-412D-9157-821ED8B17A9D}.Debug|x86.ActiveCfg = Debug|Any CPU
		{DD48B2D0-E996-412D-9157-821ED8B17A9D}.Debug|x86.Build.0 = Debug|Any CPU
		{DD48B2D0-E996-412D-9157-821ED8B17A9D}.Release|Any CPU.ActiveCfg = Release|Any CPU
		{DD48B2D0-E996-412D-9157-821ED8B17A9D}.Release|Any CPU.Build.0 = Release|Any CPU
		{DD48B2D0-E996-412D-9157-821ED8B17A9D}.Release|Mixed Platforms.ActiveCfg = Release|Any CPU
		{DD48B2D0-E996-412D-9157-821ED8B17A9D}.Release|Mixed Platforms.Build.0 = Release|Any CPU
		{DD48B2D0-E996-412D-9157-821ED8B17A9D}.Release|x86.ActiveCfg = Release|Any CPU
		{DD48B2D0-E996-412D-9157-821ED8B17A9D}.Release|x86.Build.0 = Release|Any CPU
		{7EF57153-179F-449A-9C81-BD049B1B5613}.Debug|Any CPU.ActiveCfg = Debug|Any CPU
		{7EF57153-179F-449A-9C81-BD049B1B5613}.Debug|Any CPU.Build.0 = Debug|Any CPU
		{7EF57153-179F-449A-9C81-BD049B1B5613}.Debug|Mixed Platforms.ActiveCfg = Debug|Any CPU
		{7EF57153-179F-449A-9C81-BD049B1B5613}.Debug|Mixed Platforms.Build.0 = Debug|Any CPU
		{7EF57153-179F-449A-9C81-BD049B1B5613}.Debug|x86.ActiveCfg = Debug|Any CPU
		{7EF57153-179F-449A-9C81-BD049B1B5613}.Debug|x86.Build.0 = Debug|Any CPU
		{7EF57153-179F-449A-9C81-BD049B1B5613}.Release|Any CPU.ActiveCfg = Release|Any CPU
		{7EF57153-179F-449A-9C81-BD049B1B5613}.Release|Any CPU.Build.0 = Release|Any CPU
		{7EF57153-179F-449A-9C81-BD049B1B5613}.Release|Mixed Platforms.ActiveCfg = Release|Any CPU
		{7EF57153-179F-449A-9C81-BD049B1B5613}.Release|Mixed Platforms.Build.0 = Release|Any CPU
		{7EF57153-179F-449A-9C81-BD049B1B5613}.Release|x86.ActiveCfg = Release|Any CPU
		{7EF57153-179F-449A-9C81-BD049B1B5613}.Release|x86.Build.0 = Release|Any CPU
		{FBB725A2-A1B1-4134-9329-E4EBD5E636F1}.Debug|Any CPU.ActiveCfg = Debug|Any CPU
		{FBB725A2-A1B1-4134-9329-E4EBD5E636F1}.Debug|Any CPU.Build.0 = Debug|Any CPU
		{FBB725A2-A1B1-4134-9329-E4EBD5E636F1}.Debug|Mixed Platforms.ActiveCfg = Debug|Any CPU
		{FBB725A2-A1B1-4134-9329-E4EBD5E636F1}.Debug|Mixed Platforms.Build.0 = Debug|Any CPU
		{FBB725A2-A1B1-4134-9329-E4EBD5E636F1}.Debug|x86.ActiveCfg = Debug|Any CPU
		{FBB725A2-A1B1-4134-9329-E4EBD5E636F1}.Debug|x86.Build.0 = Debug|Any CPU
		{FBB725A2-A1B1-4134-9329-E4EBD5E636F1}.Release|Any CPU.ActiveCfg = Release|Any CPU
		{FBB725A2-A1B1-4134-9329-E4EBD5E636F1}.Release|Any CPU.Build.0 = Release|Any CPU
		{FBB725A2-A1B1-4134-9329-E4EBD5E636F1}.Release|Mixed Platforms.ActiveCfg = Release|Any CPU
		{FBB725A2-A1B1-4134-9329-E4EBD5E636F1}.Release|Mixed Platforms.Build.0 = Release|Any CPU
		{FBB725A2-A1B1-4134-9329-E4EBD5E636F1}.Release|x86.ActiveCfg = Release|Any CPU
		{FBB725A2-A1B1-4134-9329-E4EBD5E636F1}.Release|x86.Build.0 = Release|Any CPU
		{6FE0097B-49B1-4052-976C-551056FABEC6}.Debug|Any CPU.ActiveCfg = Debug|Any CPU
		{6FE0097B-49B1-4052-976C-551056FABEC6}.Debug|Any CPU.Build.0 = Debug|Any CPU
		{6FE0097B-49B1-4052-976C-551056FABEC6}.Debug|Mixed Platforms.ActiveCfg = Debug|Any CPU
		{6FE0097B-49B1-4052-976C-551056FABEC6}.Debug|Mixed Platforms.Build.0 = Debug|Any CPU
		{6FE0097B-49B1-4052-976C-551056FABEC6}.Debug|x86.ActiveCfg = Debug|Any CPU
		{6FE0097B-49B1-4052-976C-551056FABEC6}.Debug|x86.Build.0 = Debug|Any CPU
		{6FE0097B-49B1-4052-976C-551056FABEC6}.Release|Any CPU.ActiveCfg = Release|Any CPU
		{6FE0097B-49B1-4052-976C-551056FABEC6}.Release|Any CPU.Build.0 = Release|Any CPU
		{6FE0097B-49B1-4052-976C-551056FABEC6}.Release|Mixed Platforms.ActiveCfg = Release|Any CPU
		{6FE0097B-49B1-4052-976C-551056FABEC6}.Release|Mixed Platforms.Build.0 = Release|Any CPU
		{6FE0097B-49B1-4052-976C-551056FABEC6}.Release|x86.ActiveCfg = Release|Any CPU
		{6FE0097B-49B1-4052-976C-551056FABEC6}.Release|x86.Build.0 = Release|Any CPU
		{D681FC17-DB80-4036-BE52-8D482D9104F1}.Debug|Any CPU.ActiveCfg = Debug|Any CPU
		{D681FC17-DB80-4036-BE52-8D482D9104F1}.Debug|Any CPU.Build.0 = Debug|Any CPU
		{D681FC17-DB80-4036-BE52-8D482D9104F1}.Debug|Mixed Platforms.ActiveCfg = Debug|Any CPU
		{D681FC17-DB80-4036-BE52-8D482D9104F1}.Debug|Mixed Platforms.Build.0 = Debug|Any CPU
		{D681FC17-DB80-4036-BE52-8D482D9104F1}.Debug|x86.ActiveCfg = Debug|Any CPU
		{D681FC17-DB80-4036-BE52-8D482D9104F1}.Debug|x86.Build.0 = Debug|Any CPU
		{D681FC17-DB80-4036-BE52-8D482D9104F1}.Release|Any CPU.ActiveCfg = Release|Any CPU
		{D681FC17-DB80-4036-BE52-8D482D9104F1}.Release|Any CPU.Build.0 = Release|Any CPU
		{D681FC17-DB80-4036-BE52-8D482D9104F1}.Release|Mixed Platforms.ActiveCfg = Release|Any CPU
		{D681FC17-DB80-4036-BE52-8D482D9104F1}.Release|Mixed Platforms.Build.0 = Release|Any CPU
		{D681FC17-DB80-4036-BE52-8D482D9104F1}.Release|x86.ActiveCfg = Release|Any CPU
		{D681FC17-DB80-4036-BE52-8D482D9104F1}.Release|x86.Build.0 = Release|Any CPU
		{95DF2C2D-B118-4454-9215-0345ECFE48FD}.Debug|Any CPU.ActiveCfg = Debug|Any CPU
		{95DF2C2D-B118-4454-9215-0345ECFE48FD}.Debug|Any CPU.Build.0 = Debug|Any CPU
		{95DF2C2D-B118-4454-9215-0345ECFE48FD}.Debug|Mixed Platforms.ActiveCfg = Debug|Any CPU
		{95DF2C2D-B118-4454-9215-0345ECFE48FD}.Debug|Mixed Platforms.Build.0 = Debug|Any CPU
		{95DF2C2D-B118-4454-9215-0345ECFE48FD}.Debug|x86.ActiveCfg = Debug|Any CPU
		{95DF2C2D-B118-4454-9215-0345ECFE48FD}.Debug|x86.Build.0 = Debug|Any CPU
		{95DF2C2D-B118-4454-9215-0345ECFE48FD}.Release|Any CPU.ActiveCfg = Release|Any CPU
		{95DF2C2D-B118-4454-9215-0345ECFE48FD}.Release|Any CPU.Build.0 = Release|Any CPU
		{95DF2C2D-B118-4454-9215-0345ECFE48FD}.Release|Mixed Platforms.ActiveCfg = Release|Any CPU
		{95DF2C2D-B118-4454-9215-0345ECFE48FD}.Release|Mixed Platforms.Build.0 = Release|Any CPU
		{95DF2C2D-B118-4454-9215-0345ECFE48FD}.Release|x86.ActiveCfg = Release|Any CPU
		{95DF2C2D-B118-4454-9215-0345ECFE48FD}.Release|x86.Build.0 = Release|Any CPU
		{0D36CDB8-2D2B-4A62-B2D0-745D87D4642D}.Debug|Any CPU.ActiveCfg = Debug|Any CPU
		{0D36CDB8-2D2B-4A62-B2D0-745D87D4642D}.Debug|Any CPU.Build.0 = Debug|Any CPU
		{0D36CDB8-2D2B-4A62-B2D0-745D87D4642D}.Debug|Mixed Platforms.ActiveCfg = Debug|Any CPU
		{0D36CDB8-2D2B-4A62-B2D0-745D87D4642D}.Debug|Mixed Platforms.Build.0 = Debug|Any CPU
		{0D36CDB8-2D2B-4A62-B2D0-745D87D4642D}.Debug|x86.ActiveCfg = Debug|Any CPU
		{0D36CDB8-2D2B-4A62-B2D0-745D87D4642D}.Debug|x86.Build.0 = Debug|Any CPU
		{0D36CDB8-2D2B-4A62-B2D0-745D87D4642D}.Release|Any CPU.ActiveCfg = Release|Any CPU
		{0D36CDB8-2D2B-4A62-B2D0-745D87D4642D}.Release|Any CPU.Build.0 = Release|Any CPU
		{0D36CDB8-2D2B-4A62-B2D0-745D87D4642D}.Release|Mixed Platforms.ActiveCfg = Release|Any CPU
		{0D36CDB8-2D2B-4A62-B2D0-745D87D4642D}.Release|Mixed Platforms.Build.0 = Release|Any CPU
		{0D36CDB8-2D2B-4A62-B2D0-745D87D4642D}.Release|x86.ActiveCfg = Release|Any CPU
		{0D36CDB8-2D2B-4A62-B2D0-745D87D4642D}.Release|x86.Build.0 = Release|Any CPU
		{05EE6885-BAB9-442B-8E25-840E4A3AC6C1}.Debug|Any CPU.ActiveCfg = Debug|Any CPU
		{05EE6885-BAB9-442B-8E25-840E4A3AC6C1}.Debug|Any CPU.Build.0 = Debug|Any CPU
		{05EE6885-BAB9-442B-8E25-840E4A3AC6C1}.Debug|Mixed Platforms.ActiveCfg = Debug|Any CPU
		{05EE6885-BAB9-442B-8E25-840E4A3AC6C1}.Debug|Mixed Platforms.Build.0 = Debug|Any CPU
		{05EE6885-BAB9-442B-8E25-840E4A3AC6C1}.Debug|x86.ActiveCfg = Debug|Any CPU
		{05EE6885-BAB9-442B-8E25-840E4A3AC6C1}.Debug|x86.Build.0 = Debug|Any CPU
		{05EE6885-BAB9-442B-8E25-840E4A3AC6C1}.Release|Any CPU.ActiveCfg = Release|Any CPU
		{05EE6885-BAB9-442B-8E25-840E4A3AC6C1}.Release|Any CPU.Build.0 = Release|Any CPU
		{05EE6885-BAB9-442B-8E25-840E4A3AC6C1}.Release|Mixed Platforms.ActiveCfg = Release|Any CPU
		{05EE6885-BAB9-442B-8E25-840E4A3AC6C1}.Release|Mixed Platforms.Build.0 = Release|Any CPU
		{05EE6885-BAB9-442B-8E25-840E4A3AC6C1}.Release|x86.ActiveCfg = Release|Any CPU
		{05EE6885-BAB9-442B-8E25-840E4A3AC6C1}.Release|x86.Build.0 = Release|Any CPU
		{5E982EEB-8980-4546-9C05-8275B66BA245}.Debug|Any CPU.ActiveCfg = Debug|Any CPU
		{5E982EEB-8980-4546-9C05-8275B66BA245}.Debug|Any CPU.Build.0 = Debug|Any CPU
		{5E982EEB-8980-4546-9C05-8275B66BA245}.Debug|Mixed Platforms.ActiveCfg = Debug|Any CPU
		{5E982EEB-8980-4546-9C05-8275B66BA245}.Debug|Mixed Platforms.Build.0 = Debug|Any CPU
		{5E982EEB-8980-4546-9C05-8275B66BA245}.Debug|x86.ActiveCfg = Debug|Any CPU
		{5E982EEB-8980-4546-9C05-8275B66BA245}.Debug|x86.Build.0 = Debug|Any CPU
		{5E982EEB-8980-4546-9C05-8275B66BA245}.Release|Any CPU.ActiveCfg = Release|Any CPU
		{5E982EEB-8980-4546-9C05-8275B66BA245}.Release|Any CPU.Build.0 = Release|Any CPU
		{5E982EEB-8980-4546-9C05-8275B66BA245}.Release|Mixed Platforms.ActiveCfg = Release|Any CPU
		{5E982EEB-8980-4546-9C05-8275B66BA245}.Release|Mixed Platforms.Build.0 = Release|Any CPU
		{5E982EEB-8980-4546-9C05-8275B66BA245}.Release|x86.ActiveCfg = Release|Any CPU
		{5E982EEB-8980-4546-9C05-8275B66BA245}.Release|x86.Build.0 = Release|Any CPU
		{560D30DC-DFB4-4E74-B6C7-BF4FFE12C75E}.Debug|Any CPU.ActiveCfg = Debug|Any CPU
		{560D30DC-DFB4-4E74-B6C7-BF4FFE12C75E}.Debug|Any CPU.Build.0 = Debug|Any CPU
		{560D30DC-DFB4-4E74-B6C7-BF4FFE12C75E}.Debug|Mixed Platforms.ActiveCfg = Debug|Any CPU
		{560D30DC-DFB4-4E74-B6C7-BF4FFE12C75E}.Debug|Mixed Platforms.Build.0 = Debug|Any CPU
		{560D30DC-DFB4-4E74-B6C7-BF4FFE12C75E}.Debug|x86.ActiveCfg = Debug|Any CPU
		{560D30DC-DFB4-4E74-B6C7-BF4FFE12C75E}.Debug|x86.Build.0 = Debug|Any CPU
		{560D30DC-DFB4-4E74-B6C7-BF4FFE12C75E}.Release|Any CPU.ActiveCfg = Release|Any CPU
		{560D30DC-DFB4-4E74-B6C7-BF4FFE12C75E}.Release|Any CPU.Build.0 = Release|Any CPU
		{560D30DC-DFB4-4E74-B6C7-BF4FFE12C75E}.Release|Mixed Platforms.ActiveCfg = Release|Any CPU
		{560D30DC-DFB4-4E74-B6C7-BF4FFE12C75E}.Release|Mixed Platforms.Build.0 = Release|Any CPU
		{560D30DC-DFB4-4E74-B6C7-BF4FFE12C75E}.Release|x86.ActiveCfg = Release|Any CPU
		{560D30DC-DFB4-4E74-B6C7-BF4FFE12C75E}.Release|x86.Build.0 = Release|Any CPU
		{2A9B193A-31A8-4E7D-B1CF-BAC3B472A67B}.Debug|Any CPU.ActiveCfg = Debug|Any CPU
		{2A9B193A-31A8-4E7D-B1CF-BAC3B472A67B}.Debug|Any CPU.Build.0 = Debug|Any CPU
		{2A9B193A-31A8-4E7D-B1CF-BAC3B472A67B}.Debug|Mixed Platforms.ActiveCfg = Debug|Any CPU
		{2A9B193A-31A8-4E7D-B1CF-BAC3B472A67B}.Debug|Mixed Platforms.Build.0 = Debug|Any CPU
		{2A9B193A-31A8-4E7D-B1CF-BAC3B472A67B}.Debug|x86.ActiveCfg = Debug|Any CPU
		{2A9B193A-31A8-4E7D-B1CF-BAC3B472A67B}.Debug|x86.Build.0 = Debug|Any CPU
		{2A9B193A-31A8-4E7D-B1CF-BAC3B472A67B}.Release|Any CPU.ActiveCfg = Release|Any CPU
		{2A9B193A-31A8-4E7D-B1CF-BAC3B472A67B}.Release|Any CPU.Build.0 = Release|Any CPU
		{2A9B193A-31A8-4E7D-B1CF-BAC3B472A67B}.Release|Mixed Platforms.ActiveCfg = Release|Any CPU
		{2A9B193A-31A8-4E7D-B1CF-BAC3B472A67B}.Release|Mixed Platforms.Build.0 = Release|Any CPU
		{2A9B193A-31A8-4E7D-B1CF-BAC3B472A67B}.Release|x86.ActiveCfg = Release|Any CPU
		{2A9B193A-31A8-4E7D-B1CF-BAC3B472A67B}.Release|x86.Build.0 = Release|Any CPU
	EndGlobalSection
	GlobalSection(SolutionProperties) = preSolution
		HideSolutionNode = FALSE
	EndGlobalSection
	GlobalSection(NestedProjects) = preSolution
		{7EF57153-179F-449A-9C81-BD049B1B5613} = {2904B75F-8F07-4C07-BABC-BC42533B3E75}
		{FBB725A2-A1B1-4134-9329-E4EBD5E636F1} = {C1F9D6A2-50F7-48A9-B3F7-451E208891C1}
		{6FE0097B-49B1-4052-976C-551056FABEC6} = {2904B75F-8F07-4C07-BABC-BC42533B3E75}
		{D681FC17-DB80-4036-BE52-8D482D9104F1} = {2904B75F-8F07-4C07-BABC-BC42533B3E75}
		{95DF2C2D-B118-4454-9215-0345ECFE48FD} = {2904B75F-8F07-4C07-BABC-BC42533B3E75}
		{0D36CDB8-2D2B-4A62-B2D0-745D87D4642D} = {2904B75F-8F07-4C07-BABC-BC42533B3E75}
		{05EE6885-BAB9-442B-8E25-840E4A3AC6C1} = {F2D3D789-78D6-42B1-AB4B-DE241C298943}
		{5E982EEB-8980-4546-9C05-8275B66BA245} = {F2D3D789-78D6-42B1-AB4B-DE241C298943}
		{560D30DC-DFB4-4E74-B6C7-BF4FFE12C75E} = {2904B75F-8F07-4C07-BABC-BC42533B3E75}
		{2A9B193A-31A8-4E7D-B1CF-BAC3B472A67B} = {2904B75F-8F07-4C07-BABC-BC42533B3E75}
	EndGlobalSection
	GlobalSection(ExtensibilityGlobals) = postSolution
		SolutionGuid = {5D7716EE-A940-4A70-AAEC-6EA5DFC3AA92}
	EndGlobalSection
EndGlobal
