Microsoft Visual Studio Solution File, Format Version 12.00
# Visual Studio 14
VisualStudioVersion = 14.0.24720.0
MinimumVisualStudioVersion = 10.0.40219.1
Project("{FAE04EC0-301F-11D3-BF4B-00C04F79EFBC}") = "NServiceBus.ContainerTests", "NServiceBus.ContainerTests\NServiceBus.ContainerTests.csproj", "{0A282BF4-0957-4074-8D5E-C2FB8634A3AA}"
EndProject
Project("{2150E333-8FDC-42A3-9474-1A3956D46DE8}") = "Tests", "Tests", "{2904B75F-8F07-4C07-BABC-BC42533B3E75}"
EndProject
Project("{FAE04EC0-301F-11D3-BF4B-00C04F79EFBC}") = "NServiceBus.Core", "NServiceBus.Core\NServiceBus.Core.csproj", "{DD48B2D0-E996-412D-9157-821ED8B17A9D}"
EndProject
Project("{FAE04EC0-301F-11D3-BF4B-00C04F79EFBC}") = "NServiceBus.Core.Tests", "NServiceBus.Core.Tests\NServiceBus.Core.Tests.csproj", "{2C8F181B-9BAF-4858-968B-1C16F5DDCFA7}"
EndProject
Project("{FAE04EC0-301F-11D3-BF4B-00C04F79EFBC}") = "NServiceBus.AcceptanceTesting", "NServiceBus.AcceptanceTesting\NServiceBus.AcceptanceTesting.csproj", "{758357F6-CD31-4337-80C4-BA377FC257AF}"
EndProject
Project("{FAE04EC0-301F-11D3-BF4B-00C04F79EFBC}") = "NServiceBus.AcceptanceTests", "NServiceBus.AcceptanceTests\NServiceBus.AcceptanceTests.csproj", "{6A9E04E7-6229-4A3E-B94A-DA168E962B5A}"
EndProject
Project("{FAE04EC0-301F-11D3-BF4B-00C04F79EFBC}") = "NServiceBus.Core.x86.Tests", "NServiceBus.Core.Tests.x86\NServiceBus.Core.x86.Tests.csproj", "{389628F6-2FB4-4AFF-BACC-16726C44FFA4}"
EndProject
Project("{2150E333-8FDC-42A3-9474-1A3956D46DE8}") = ".nuget", ".nuget", "{ACCDE2E1-3F56-47BA-8CFF-199931BAC6B0}"
	ProjectSection(SolutionItems) = preProject
		.nuget\packages.config = .nuget\packages.config
	EndProjectSection
EndProject
Project("{FAE04EC0-301F-11D3-BF4B-00C04F79EFBC}") = "NServiceBus.Msmq.AcceptanceTests", "NServiceBus.Msmq.AcceptanceTests\NServiceBus.Msmq.AcceptanceTests.csproj", "{B83EB057-56C7-4296-B0C7-E41F4F70CB02}"
EndProject
Project("{FAE04EC0-301F-11D3-BF4B-00C04F79EFBC}") = "NServiceBus.Testing.Fakes", "NServiceBus.Testing.Fakes\NServiceBus.Testing.Fakes.csproj", "{80105366-8EF9-494D-A296-E100E82224CF}"
EndProject
Project("{FAE04EC0-301F-11D3-BF4B-00C04F79EFBC}") = "NServiceBus.TransportTests", "NServiceBus.TransportTests\NServiceBus.TransportTests.csproj", "{7EF57153-179F-449A-9C81-BD049B1B5613}"
EndProject
Project("{FAE04EC0-301F-11D3-BF4B-00C04F79EFBC}") = "NServiceBus.CentralizedRouting", "NServiceBus.CentralizedRouting\NServiceBus.CentralizedRouting.csproj", "{B9BD896F-2EB9-4A04-8713-70EB79FBFC3A}"
EndProject
Project("{2150E333-8FDC-42A3-9474-1A3956D46DE8}") = "Demo", "Demo", "{3195099F-DB77-47A1-B295-565E6183ACF9}"
EndProject
Project("{FAE04EC0-301F-11D3-BF4B-00C04F79EFBC}") = "Contracts", "Contracts\Contracts.csproj", "{AE8AF7F5-26C7-4510-956A-D8A4401F4FDF}"
EndProject
Project("{FAE04EC0-301F-11D3-BF4B-00C04F79EFBC}") = "EndpointA", "EndpointA\EndpointA.csproj", "{2861AA2A-E1D6-4F66-AF32-A2F1C9656AF4}"
EndProject
Project("{D954291E-2A0B-460D-934E-DC6B0785DB48}") = "EndpointB", "EndpointB\EndpointB.shproj", "{FC8E81CA-93C8-40D6-936C-8C661950544C}"
EndProject
Project("{FAE04EC0-301F-11D3-BF4B-00C04F79EFBC}") = "EndpointB_1", "EndpointB_1\EndpointB_1.csproj", "{9D43421F-A590-4433-89EC-08322D5E4C5F}"
EndProject
Project("{FAE04EC0-301F-11D3-BF4B-00C04F79EFBC}") = "EndpointB_2", "EndpointB_2\EndpointB_2.csproj", "{5284CA88-05E9-406E-8EB0-11C822FAA262}"
EndProject
Global
	GlobalSection(SharedMSBuildProjectFiles) = preSolution
		EndpointB\EndpointB.projitems*{fc8e81ca-93c8-40d6-936c-8c661950544c}*SharedItemsImports = 13
		EndpointB\EndpointB.projitems*{9d43421f-a590-4433-89ec-08322d5e4c5f}*SharedItemsImports = 4
		EndpointB\EndpointB.projitems*{5284ca88-05e9-406e-8eb0-11c822faa262}*SharedItemsImports = 4
	EndGlobalSection
	GlobalSection(SolutionConfigurationPlatforms) = preSolution
		Debug|Any CPU = Debug|Any CPU
		Debug|Mixed Platforms = Debug|Mixed Platforms
		Debug|x86 = Debug|x86
		Release|Any CPU = Release|Any CPU
		Release|Mixed Platforms = Release|Mixed Platforms
		Release|x86 = Release|x86
	EndGlobalSection
	GlobalSection(ProjectConfigurationPlatforms) = postSolution
		{0A282BF4-0957-4074-8D5E-C2FB8634A3AA}.Debug|Any CPU.ActiveCfg = Debug|Any CPU
		{0A282BF4-0957-4074-8D5E-C2FB8634A3AA}.Debug|Any CPU.Build.0 = Debug|Any CPU
		{0A282BF4-0957-4074-8D5E-C2FB8634A3AA}.Debug|Mixed Platforms.ActiveCfg = Debug|Any CPU
		{0A282BF4-0957-4074-8D5E-C2FB8634A3AA}.Debug|Mixed Platforms.Build.0 = Debug|Any CPU
		{0A282BF4-0957-4074-8D5E-C2FB8634A3AA}.Debug|x86.ActiveCfg = Debug|Any CPU
		{0A282BF4-0957-4074-8D5E-C2FB8634A3AA}.Release|Any CPU.ActiveCfg = Release|Any CPU
		{0A282BF4-0957-4074-8D5E-C2FB8634A3AA}.Release|Any CPU.Build.0 = Release|Any CPU
		{0A282BF4-0957-4074-8D5E-C2FB8634A3AA}.Release|Mixed Platforms.ActiveCfg = Release|Any CPU
		{0A282BF4-0957-4074-8D5E-C2FB8634A3AA}.Release|Mixed Platforms.Build.0 = Release|Any CPU
		{0A282BF4-0957-4074-8D5E-C2FB8634A3AA}.Release|x86.ActiveCfg = Release|Any CPU
		{DD48B2D0-E996-412D-9157-821ED8B17A9D}.Debug|Any CPU.ActiveCfg = Debug|Any CPU
		{DD48B2D0-E996-412D-9157-821ED8B17A9D}.Debug|Any CPU.Build.0 = Debug|Any CPU
		{DD48B2D0-E996-412D-9157-821ED8B17A9D}.Debug|Mixed Platforms.ActiveCfg = Debug|Any CPU
		{DD48B2D0-E996-412D-9157-821ED8B17A9D}.Debug|Mixed Platforms.Build.0 = Debug|Any CPU
		{DD48B2D0-E996-412D-9157-821ED8B17A9D}.Debug|x86.ActiveCfg = Debug|Any CPU
		{DD48B2D0-E996-412D-9157-821ED8B17A9D}.Debug|x86.Build.0 = Debug|Any CPU
		{DD48B2D0-E996-412D-9157-821ED8B17A9D}.Release|Any CPU.ActiveCfg = Release|Any CPU
		{DD48B2D0-E996-412D-9157-821ED8B17A9D}.Release|Any CPU.Build.0 = Release|Any CPU
		{DD48B2D0-E996-412D-9157-821ED8B17A9D}.Release|Mixed Platforms.ActiveCfg = Release|Any CPU
		{DD48B2D0-E996-412D-9157-821ED8B17A9D}.Release|Mixed Platforms.Build.0 = Release|Any CPU
		{DD48B2D0-E996-412D-9157-821ED8B17A9D}.Release|x86.ActiveCfg = Release|Any CPU
		{DD48B2D0-E996-412D-9157-821ED8B17A9D}.Release|x86.Build.0 = Release|Any CPU
		{2C8F181B-9BAF-4858-968B-1C16F5DDCFA7}.Debug|Any CPU.ActiveCfg = Debug|Any CPU
		{2C8F181B-9BAF-4858-968B-1C16F5DDCFA7}.Debug|Any CPU.Build.0 = Debug|Any CPU
		{2C8F181B-9BAF-4858-968B-1C16F5DDCFA7}.Debug|Mixed Platforms.ActiveCfg = Debug|Any CPU
		{2C8F181B-9BAF-4858-968B-1C16F5DDCFA7}.Debug|Mixed Platforms.Build.0 = Debug|Any CPU
		{2C8F181B-9BAF-4858-968B-1C16F5DDCFA7}.Debug|x86.ActiveCfg = Debug|Any CPU
		{2C8F181B-9BAF-4858-968B-1C16F5DDCFA7}.Release|Any CPU.ActiveCfg = Release|Any CPU
		{2C8F181B-9BAF-4858-968B-1C16F5DDCFA7}.Release|Any CPU.Build.0 = Release|Any CPU
		{2C8F181B-9BAF-4858-968B-1C16F5DDCFA7}.Release|Mixed Platforms.ActiveCfg = Release|Any CPU
		{2C8F181B-9BAF-4858-968B-1C16F5DDCFA7}.Release|Mixed Platforms.Build.0 = Release|Any CPU
		{2C8F181B-9BAF-4858-968B-1C16F5DDCFA7}.Release|x86.ActiveCfg = Release|Any CPU
		{758357F6-CD31-4337-80C4-BA377FC257AF}.Debug|Any CPU.ActiveCfg = Debug|Any CPU
		{758357F6-CD31-4337-80C4-BA377FC257AF}.Debug|Any CPU.Build.0 = Debug|Any CPU
		{758357F6-CD31-4337-80C4-BA377FC257AF}.Debug|Mixed Platforms.ActiveCfg = Debug|Any CPU
		{758357F6-CD31-4337-80C4-BA377FC257AF}.Debug|Mixed Platforms.Build.0 = Debug|Any CPU
		{758357F6-CD31-4337-80C4-BA377FC257AF}.Debug|x86.ActiveCfg = Debug|Any CPU
		{758357F6-CD31-4337-80C4-BA377FC257AF}.Release|Any CPU.ActiveCfg = Release|Any CPU
		{758357F6-CD31-4337-80C4-BA377FC257AF}.Release|Any CPU.Build.0 = Release|Any CPU
		{758357F6-CD31-4337-80C4-BA377FC257AF}.Release|Mixed Platforms.ActiveCfg = Release|Any CPU
		{758357F6-CD31-4337-80C4-BA377FC257AF}.Release|Mixed Platforms.Build.0 = Release|Any CPU
		{758357F6-CD31-4337-80C4-BA377FC257AF}.Release|x86.ActiveCfg = Release|Any CPU
		{6A9E04E7-6229-4A3E-B94A-DA168E962B5A}.Debug|Any CPU.ActiveCfg = Debug|Any CPU
		{6A9E04E7-6229-4A3E-B94A-DA168E962B5A}.Debug|Any CPU.Build.0 = Debug|Any CPU
		{6A9E04E7-6229-4A3E-B94A-DA168E962B5A}.Debug|Mixed Platforms.ActiveCfg = Debug|Any CPU
		{6A9E04E7-6229-4A3E-B94A-DA168E962B5A}.Debug|Mixed Platforms.Build.0 = Debug|Any CPU
		{6A9E04E7-6229-4A3E-B94A-DA168E962B5A}.Debug|x86.ActiveCfg = Debug|Any CPU
		{6A9E04E7-6229-4A3E-B94A-DA168E962B5A}.Release|Any CPU.ActiveCfg = Release|Any CPU
		{6A9E04E7-6229-4A3E-B94A-DA168E962B5A}.Release|Any CPU.Build.0 = Release|Any CPU
		{6A9E04E7-6229-4A3E-B94A-DA168E962B5A}.Release|Mixed Platforms.ActiveCfg = Release|Any CPU
		{6A9E04E7-6229-4A3E-B94A-DA168E962B5A}.Release|Mixed Platforms.Build.0 = Release|Any CPU
		{6A9E04E7-6229-4A3E-B94A-DA168E962B5A}.Release|x86.ActiveCfg = Release|Any CPU
		{389628F6-2FB4-4AFF-BACC-16726C44FFA4}.Debug|Any CPU.ActiveCfg = Debug|Any CPU
		{389628F6-2FB4-4AFF-BACC-16726C44FFA4}.Debug|Any CPU.Build.0 = Debug|Any CPU
		{389628F6-2FB4-4AFF-BACC-16726C44FFA4}.Debug|Mixed Platforms.ActiveCfg = Debug|Any CPU
		{389628F6-2FB4-4AFF-BACC-16726C44FFA4}.Debug|Mixed Platforms.Build.0 = Debug|Any CPU
		{389628F6-2FB4-4AFF-BACC-16726C44FFA4}.Debug|x86.ActiveCfg = Debug|Any CPU
		{389628F6-2FB4-4AFF-BACC-16726C44FFA4}.Release|Any CPU.ActiveCfg = Release|Any CPU
		{389628F6-2FB4-4AFF-BACC-16726C44FFA4}.Release|Any CPU.Build.0 = Release|Any CPU
		{389628F6-2FB4-4AFF-BACC-16726C44FFA4}.Release|Mixed Platforms.ActiveCfg = Release|Any CPU
		{389628F6-2FB4-4AFF-BACC-16726C44FFA4}.Release|Mixed Platforms.Build.0 = Release|Any CPU
		{389628F6-2FB4-4AFF-BACC-16726C44FFA4}.Release|x86.ActiveCfg = Release|Any CPU
		{B83EB057-56C7-4296-B0C7-E41F4F70CB02}.Debug|Any CPU.ActiveCfg = Debug|Any CPU
		{B83EB057-56C7-4296-B0C7-E41F4F70CB02}.Debug|Any CPU.Build.0 = Debug|Any CPU
		{B83EB057-56C7-4296-B0C7-E41F4F70CB02}.Debug|Mixed Platforms.ActiveCfg = Debug|Any CPU
		{B83EB057-56C7-4296-B0C7-E41F4F70CB02}.Debug|Mixed Platforms.Build.0 = Debug|Any CPU
		{B83EB057-56C7-4296-B0C7-E41F4F70CB02}.Debug|x86.ActiveCfg = Debug|Any CPU
		{B83EB057-56C7-4296-B0C7-E41F4F70CB02}.Debug|x86.Build.0 = Debug|Any CPU
		{B83EB057-56C7-4296-B0C7-E41F4F70CB02}.Release|Any CPU.ActiveCfg = Release|Any CPU
		{B83EB057-56C7-4296-B0C7-E41F4F70CB02}.Release|Any CPU.Build.0 = Release|Any CPU
		{B83EB057-56C7-4296-B0C7-E41F4F70CB02}.Release|Mixed Platforms.ActiveCfg = Release|Any CPU
		{B83EB057-56C7-4296-B0C7-E41F4F70CB02}.Release|Mixed Platforms.Build.0 = Release|Any CPU
		{B83EB057-56C7-4296-B0C7-E41F4F70CB02}.Release|x86.ActiveCfg = Release|Any CPU
		{B83EB057-56C7-4296-B0C7-E41F4F70CB02}.Release|x86.Build.0 = Release|Any CPU
		{80105366-8EF9-494D-A296-E100E82224CF}.Debug|Any CPU.ActiveCfg = Debug|Any CPU
		{80105366-8EF9-494D-A296-E100E82224CF}.Debug|Any CPU.Build.0 = Debug|Any CPU
		{80105366-8EF9-494D-A296-E100E82224CF}.Debug|Mixed Platforms.ActiveCfg = Debug|Any CPU
		{80105366-8EF9-494D-A296-E100E82224CF}.Debug|Mixed Platforms.Build.0 = Debug|Any CPU
		{80105366-8EF9-494D-A296-E100E82224CF}.Debug|x86.ActiveCfg = Debug|Any CPU
		{80105366-8EF9-494D-A296-E100E82224CF}.Debug|x86.Build.0 = Debug|Any CPU
		{80105366-8EF9-494D-A296-E100E82224CF}.Release|Any CPU.ActiveCfg = Release|Any CPU
		{80105366-8EF9-494D-A296-E100E82224CF}.Release|Any CPU.Build.0 = Release|Any CPU
		{80105366-8EF9-494D-A296-E100E82224CF}.Release|Mixed Platforms.ActiveCfg = Release|Any CPU
		{80105366-8EF9-494D-A296-E100E82224CF}.Release|Mixed Platforms.Build.0 = Release|Any CPU
		{80105366-8EF9-494D-A296-E100E82224CF}.Release|x86.ActiveCfg = Release|Any CPU
		{80105366-8EF9-494D-A296-E100E82224CF}.Release|x86.Build.0 = Release|Any CPU
		{7EF57153-179F-449A-9C81-BD049B1B5613}.Debug|Any CPU.ActiveCfg = Debug|Any CPU
		{7EF57153-179F-449A-9C81-BD049B1B5613}.Debug|Any CPU.Build.0 = Debug|Any CPU
		{7EF57153-179F-449A-9C81-BD049B1B5613}.Debug|Mixed Platforms.ActiveCfg = Debug|Any CPU
		{7EF57153-179F-449A-9C81-BD049B1B5613}.Debug|Mixed Platforms.Build.0 = Debug|Any CPU
		{7EF57153-179F-449A-9C81-BD049B1B5613}.Debug|x86.ActiveCfg = Debug|Any CPU
		{7EF57153-179F-449A-9C81-BD049B1B5613}.Debug|x86.Build.0 = Debug|Any CPU
		{7EF57153-179F-449A-9C81-BD049B1B5613}.Release|Any CPU.ActiveCfg = Release|Any CPU
		{7EF57153-179F-449A-9C81-BD049B1B5613}.Release|Any CPU.Build.0 = Release|Any CPU
		{7EF57153-179F-449A-9C81-BD049B1B5613}.Release|Mixed Platforms.ActiveCfg = Release|Any CPU
		{7EF57153-179F-449A-9C81-BD049B1B5613}.Release|Mixed Platforms.Build.0 = Release|Any CPU
		{7EF57153-179F-449A-9C81-BD049B1B5613}.Release|x86.ActiveCfg = Release|Any CPU
		{7EF57153-179F-449A-9C81-BD049B1B5613}.Release|x86.Build.0 = Release|Any CPU
		{B9BD896F-2EB9-4A04-8713-70EB79FBFC3A}.Debug|Any CPU.ActiveCfg = Debug|Any CPU
		{B9BD896F-2EB9-4A04-8713-70EB79FBFC3A}.Debug|Any CPU.Build.0 = Debug|Any CPU
		{B9BD896F-2EB9-4A04-8713-70EB79FBFC3A}.Debug|Mixed Platforms.ActiveCfg = Debug|Any CPU
		{B9BD896F-2EB9-4A04-8713-70EB79FBFC3A}.Debug|Mixed Platforms.Build.0 = Debug|Any CPU
		{B9BD896F-2EB9-4A04-8713-70EB79FBFC3A}.Debug|x86.ActiveCfg = Debug|Any CPU
		{B9BD896F-2EB9-4A04-8713-70EB79FBFC3A}.Debug|x86.Build.0 = Debug|Any CPU
		{B9BD896F-2EB9-4A04-8713-70EB79FBFC3A}.Release|Any CPU.ActiveCfg = Release|Any CPU
		{B9BD896F-2EB9-4A04-8713-70EB79FBFC3A}.Release|Any CPU.Build.0 = Release|Any CPU
		{B9BD896F-2EB9-4A04-8713-70EB79FBFC3A}.Release|Mixed Platforms.ActiveCfg = Release|Any CPU
		{B9BD896F-2EB9-4A04-8713-70EB79FBFC3A}.Release|Mixed Platforms.Build.0 = Release|Any CPU
		{B9BD896F-2EB9-4A04-8713-70EB79FBFC3A}.Release|x86.ActiveCfg = Release|Any CPU
		{B9BD896F-2EB9-4A04-8713-70EB79FBFC3A}.Release|x86.Build.0 = Release|Any CPU
		{AE8AF7F5-26C7-4510-956A-D8A4401F4FDF}.Debug|Any CPU.ActiveCfg = Debug|Any CPU
		{AE8AF7F5-26C7-4510-956A-D8A4401F4FDF}.Debug|Any CPU.Build.0 = Debug|Any CPU
		{AE8AF7F5-26C7-4510-956A-D8A4401F4FDF}.Debug|Mixed Platforms.ActiveCfg = Debug|Any CPU
		{AE8AF7F5-26C7-4510-956A-D8A4401F4FDF}.Debug|Mixed Platforms.Build.0 = Debug|Any CPU
		{AE8AF7F5-26C7-4510-956A-D8A4401F4FDF}.Debug|x86.ActiveCfg = Debug|Any CPU
		{AE8AF7F5-26C7-4510-956A-D8A4401F4FDF}.Debug|x86.Build.0 = Debug|Any CPU
		{AE8AF7F5-26C7-4510-956A-D8A4401F4FDF}.Release|Any CPU.ActiveCfg = Release|Any CPU
		{AE8AF7F5-26C7-4510-956A-D8A4401F4FDF}.Release|Any CPU.Build.0 = Release|Any CPU
		{AE8AF7F5-26C7-4510-956A-D8A4401F4FDF}.Release|Mixed Platforms.ActiveCfg = Release|Any CPU
		{AE8AF7F5-26C7-4510-956A-D8A4401F4FDF}.Release|Mixed Platforms.Build.0 = Release|Any CPU
		{AE8AF7F5-26C7-4510-956A-D8A4401F4FDF}.Release|x86.ActiveCfg = Release|Any CPU
		{AE8AF7F5-26C7-4510-956A-D8A4401F4FDF}.Release|x86.Build.0 = Release|Any CPU
		{2861AA2A-E1D6-4F66-AF32-A2F1C9656AF4}.Debug|Any CPU.ActiveCfg = Debug|Any CPU
		{2861AA2A-E1D6-4F66-AF32-A2F1C9656AF4}.Debug|Any CPU.Build.0 = Debug|Any CPU
		{2861AA2A-E1D6-4F66-AF32-A2F1C9656AF4}.Debug|Mixed Platforms.ActiveCfg = Debug|Any CPU
		{2861AA2A-E1D6-4F66-AF32-A2F1C9656AF4}.Debug|Mixed Platforms.Build.0 = Debug|Any CPU
		{2861AA2A-E1D6-4F66-AF32-A2F1C9656AF4}.Debug|x86.ActiveCfg = Debug|Any CPU
		{2861AA2A-E1D6-4F66-AF32-A2F1C9656AF4}.Debug|x86.Build.0 = Debug|Any CPU
		{2861AA2A-E1D6-4F66-AF32-A2F1C9656AF4}.Release|Any CPU.ActiveCfg = Release|Any CPU
		{2861AA2A-E1D6-4F66-AF32-A2F1C9656AF4}.Release|Any CPU.Build.0 = Release|Any CPU
		{2861AA2A-E1D6-4F66-AF32-A2F1C9656AF4}.Release|Mixed Platforms.ActiveCfg = Release|Any CPU
		{2861AA2A-E1D6-4F66-AF32-A2F1C9656AF4}.Release|Mixed Platforms.Build.0 = Release|Any CPU
		{2861AA2A-E1D6-4F66-AF32-A2F1C9656AF4}.Release|x86.ActiveCfg = Release|Any CPU
		{2861AA2A-E1D6-4F66-AF32-A2F1C9656AF4}.Release|x86.Build.0 = Release|Any CPU
		{9D43421F-A590-4433-89EC-08322D5E4C5F}.Debug|Any CPU.ActiveCfg = Debug|Any CPU
		{9D43421F-A590-4433-89EC-08322D5E4C5F}.Debug|Any CPU.Build.0 = Debug|Any CPU
		{9D43421F-A590-4433-89EC-08322D5E4C5F}.Debug|Mixed Platforms.ActiveCfg = Debug|Any CPU
		{9D43421F-A590-4433-89EC-08322D5E4C5F}.Debug|Mixed Platforms.Build.0 = Debug|Any CPU
		{9D43421F-A590-4433-89EC-08322D5E4C5F}.Debug|x86.ActiveCfg = Debug|Any CPU
		{9D43421F-A590-4433-89EC-08322D5E4C5F}.Debug|x86.Build.0 = Debug|Any CPU
		{9D43421F-A590-4433-89EC-08322D5E4C5F}.Release|Any CPU.ActiveCfg = Release|Any CPU
		{9D43421F-A590-4433-89EC-08322D5E4C5F}.Release|Any CPU.Build.0 = Release|Any CPU
		{9D43421F-A590-4433-89EC-08322D5E4C5F}.Release|Mixed Platforms.ActiveCfg = Release|Any CPU
		{9D43421F-A590-4433-89EC-08322D5E4C5F}.Release|Mixed Platforms.Build.0 = Release|Any CPU
		{9D43421F-A590-4433-89EC-08322D5E4C5F}.Release|x86.ActiveCfg = Release|Any CPU
		{9D43421F-A590-4433-89EC-08322D5E4C5F}.Release|x86.Build.0 = Release|Any CPU
		{5284CA88-05E9-406E-8EB0-11C822FAA262}.Debug|Any CPU.ActiveCfg = Debug|Any CPU
		{5284CA88-05E9-406E-8EB0-11C822FAA262}.Debug|Any CPU.Build.0 = Debug|Any CPU
		{5284CA88-05E9-406E-8EB0-11C822FAA262}.Debug|Mixed Platforms.ActiveCfg = Debug|Any CPU
		{5284CA88-05E9-406E-8EB0-11C822FAA262}.Debug|Mixed Platforms.Build.0 = Debug|Any CPU
		{5284CA88-05E9-406E-8EB0-11C822FAA262}.Debug|x86.ActiveCfg = Debug|Any CPU
		{5284CA88-05E9-406E-8EB0-11C822FAA262}.Debug|x86.Build.0 = Debug|Any CPU
		{5284CA88-05E9-406E-8EB0-11C822FAA262}.Release|Any CPU.ActiveCfg = Release|Any CPU
		{5284CA88-05E9-406E-8EB0-11C822FAA262}.Release|Any CPU.Build.0 = Release|Any CPU
		{5284CA88-05E9-406E-8EB0-11C822FAA262}.Release|Mixed Platforms.ActiveCfg = Release|Any CPU
		{5284CA88-05E9-406E-8EB0-11C822FAA262}.Release|Mixed Platforms.Build.0 = Release|Any CPU
		{5284CA88-05E9-406E-8EB0-11C822FAA262}.Release|x86.ActiveCfg = Release|Any CPU
		{5284CA88-05E9-406E-8EB0-11C822FAA262}.Release|x86.Build.0 = Release|Any CPU
	EndGlobalSection
	GlobalSection(SolutionProperties) = preSolution
		HideSolutionNode = FALSE
	EndGlobalSection
	GlobalSection(NestedProjects) = preSolution
		{0A282BF4-0957-4074-8D5E-C2FB8634A3AA} = {2904B75F-8F07-4C07-BABC-BC42533B3E75}
		{758357F6-CD31-4337-80C4-BA377FC257AF} = {2904B75F-8F07-4C07-BABC-BC42533B3E75}
		{80105366-8EF9-494D-A296-E100E82224CF} = {2904B75F-8F07-4C07-BABC-BC42533B3E75}
		{7EF57153-179F-449A-9C81-BD049B1B5613} = {2904B75F-8F07-4C07-BABC-BC42533B3E75}
		{AE8AF7F5-26C7-4510-956A-D8A4401F4FDF} = {3195099F-DB77-47A1-B295-565E6183ACF9}
		{2861AA2A-E1D6-4F66-AF32-A2F1C9656AF4} = {3195099F-DB77-47A1-B295-565E6183ACF9}
		{FC8E81CA-93C8-40D6-936C-8C661950544C} = {3195099F-DB77-47A1-B295-565E6183ACF9}
		{9D43421F-A590-4433-89EC-08322D5E4C5F} = {3195099F-DB77-47A1-B295-565E6183ACF9}
		{5284CA88-05E9-406E-8EB0-11C822FAA262} = {3195099F-DB77-47A1-B295-565E6183ACF9}
	EndGlobalSection
EndGlobal
